
Microsoft Visual Studio Solution File, Format Version 12.00
# Visual Studio 15
VisualStudioVersion = 15.0.26403.7
MinimumVisualStudioVersion = 10.0.40219.1
Project("{8BC9CEB8-8B4A-11D0-8D11-00A0C91BC942}") = "GPGX", "GPGX\GPGX.vcxproj", "{63E4B9AF-E8E7-4130-A6C1-E0FE46636A16}"
EndProject
Project("{8BC9CEB8-8B4A-11D0-8D11-00A0C91BC942}") = "GPGX-RT", "GPGX-RT\GPGX-RT.vcxproj", "{6B00B3F2-9932-4E0B-A3D4-F969EFA5B217}"
EndProject
Project("{FAE04EC0-301F-11D3-BF4B-00C04F79EFBC}") = "GPGC-RT.Test", "GPGC-RT.Test\GPGC-RT.Test.csproj", "{C75C49BD-DCF1-4697-9D76-BEA6DCB20CB9}"
EndProject
Project("{8BC9CEB8-8B4A-11D0-8D11-00A0C91BC942}") = "GPGX_RT", "GPGX_RT\GPGX_RT.vcxproj", "{4D74B543-8081-4FF4-ABC8-BDA99D01456E}"
EndProject
Project("{8BC9CEB8-8B4A-11D0-8D11-00A0C91BC942}") = "Angle", "Angle\Angle.vcxproj", "{512489CB-1D1F-41E4-BD2F-9B120BEF1D46}"
EndProject
Project("{FAE04EC0-301F-11D3-BF4B-00C04F79EFBC}") = "AngleApp", "AngleApp\AngleApp.csproj", "{EEE0E765-6889-435B-BC95-C9521EFEA5BB}"
EndProject
Global
	GlobalSection(SolutionConfigurationPlatforms) = preSolution
		Debug|Any CPU = Debug|Any CPU
		Debug|ARM = Debug|ARM
		Debug|x64 = Debug|x64
		Debug|x86 = Debug|x86
		Release|Any CPU = Release|Any CPU
		Release|ARM = Release|ARM
		Release|x64 = Release|x64
		Release|x86 = Release|x86
	EndGlobalSection
	GlobalSection(ProjectConfigurationPlatforms) = postSolution
		{63E4B9AF-E8E7-4130-A6C1-E0FE46636A16}.Debug|Any CPU.ActiveCfg = Debug|Win32
		{63E4B9AF-E8E7-4130-A6C1-E0FE46636A16}.Debug|ARM.ActiveCfg = Debug|ARM
		{63E4B9AF-E8E7-4130-A6C1-E0FE46636A16}.Debug|ARM.Build.0 = Debug|ARM
		{63E4B9AF-E8E7-4130-A6C1-E0FE46636A16}.Debug|x64.ActiveCfg = Debug|x64
		{63E4B9AF-E8E7-4130-A6C1-E0FE46636A16}.Debug|x64.Build.0 = Debug|x64
		{63E4B9AF-E8E7-4130-A6C1-E0FE46636A16}.Debug|x86.ActiveCfg = Debug|Win32
		{63E4B9AF-E8E7-4130-A6C1-E0FE46636A16}.Debug|x86.Build.0 = Debug|Win32
		{63E4B9AF-E8E7-4130-A6C1-E0FE46636A16}.Release|Any CPU.ActiveCfg = Release|Win32
		{63E4B9AF-E8E7-4130-A6C1-E0FE46636A16}.Release|ARM.ActiveCfg = Release|ARM
		{63E4B9AF-E8E7-4130-A6C1-E0FE46636A16}.Release|ARM.Build.0 = Release|ARM
		{63E4B9AF-E8E7-4130-A6C1-E0FE46636A16}.Release|x64.ActiveCfg = Release|x64
		{63E4B9AF-E8E7-4130-A6C1-E0FE46636A16}.Release|x64.Build.0 = Release|x64
		{63E4B9AF-E8E7-4130-A6C1-E0FE46636A16}.Release|x86.ActiveCfg = Release|Win32
		{63E4B9AF-E8E7-4130-A6C1-E0FE46636A16}.Release|x86.Build.0 = Release|Win32
		{6B00B3F2-9932-4E0B-A3D4-F969EFA5B217}.Debug|Any CPU.ActiveCfg = Debug|Win32
		{6B00B3F2-9932-4E0B-A3D4-F969EFA5B217}.Debug|ARM.ActiveCfg = Debug|ARM
		{6B00B3F2-9932-4E0B-A3D4-F969EFA5B217}.Debug|ARM.Build.0 = Debug|ARM
		{6B00B3F2-9932-4E0B-A3D4-F969EFA5B217}.Debug|x64.ActiveCfg = Debug|x64
		{6B00B3F2-9932-4E0B-A3D4-F969EFA5B217}.Debug|x64.Build.0 = Debug|x64
		{6B00B3F2-9932-4E0B-A3D4-F969EFA5B217}.Debug|x86.ActiveCfg = Debug|Win32
		{6B00B3F2-9932-4E0B-A3D4-F969EFA5B217}.Debug|x86.Build.0 = Debug|Win32
		{6B00B3F2-9932-4E0B-A3D4-F969EFA5B217}.Release|Any CPU.ActiveCfg = Release|Win32
		{6B00B3F2-9932-4E0B-A3D4-F969EFA5B217}.Release|ARM.ActiveCfg = Release|ARM
		{6B00B3F2-9932-4E0B-A3D4-F969EFA5B217}.Release|ARM.Build.0 = Release|ARM
		{6B00B3F2-9932-4E0B-A3D4-F969EFA5B217}.Release|x64.ActiveCfg = Release|x64
		{6B00B3F2-9932-4E0B-A3D4-F969EFA5B217}.Release|x64.Build.0 = Release|x64
		{6B00B3F2-9932-4E0B-A3D4-F969EFA5B217}.Release|x86.ActiveCfg = Release|Win32
		{6B00B3F2-9932-4E0B-A3D4-F969EFA5B217}.Release|x86.Build.0 = Release|Win32
		{C75C49BD-DCF1-4697-9D76-BEA6DCB20CB9}.Debug|Any CPU.ActiveCfg = Debug|x86
		{C75C49BD-DCF1-4697-9D76-BEA6DCB20CB9}.Debug|ARM.ActiveCfg = Debug|ARM
		{C75C49BD-DCF1-4697-9D76-BEA6DCB20CB9}.Debug|ARM.Build.0 = Debug|ARM
		{C75C49BD-DCF1-4697-9D76-BEA6DCB20CB9}.Debug|ARM.Deploy.0 = Debug|ARM
		{C75C49BD-DCF1-4697-9D76-BEA6DCB20CB9}.Debug|x64.ActiveCfg = Debug|x64
		{C75C49BD-DCF1-4697-9D76-BEA6DCB20CB9}.Debug|x64.Build.0 = Debug|x64
		{C75C49BD-DCF1-4697-9D76-BEA6DCB20CB9}.Debug|x64.Deploy.0 = Debug|x64
		{C75C49BD-DCF1-4697-9D76-BEA6DCB20CB9}.Debug|x86.ActiveCfg = Debug|x86
		{C75C49BD-DCF1-4697-9D76-BEA6DCB20CB9}.Debug|x86.Build.0 = Debug|x86
		{C75C49BD-DCF1-4697-9D76-BEA6DCB20CB9}.Debug|x86.Deploy.0 = Debug|x86
		{C75C49BD-DCF1-4697-9D76-BEA6DCB20CB9}.Release|Any CPU.ActiveCfg = Release|x86
		{C75C49BD-DCF1-4697-9D76-BEA6DCB20CB9}.Release|ARM.ActiveCfg = Release|ARM
		{C75C49BD-DCF1-4697-9D76-BEA6DCB20CB9}.Release|ARM.Build.0 = Release|ARM
		{C75C49BD-DCF1-4697-9D76-BEA6DCB20CB9}.Release|ARM.Deploy.0 = Release|ARM
		{C75C49BD-DCF1-4697-9D76-BEA6DCB20CB9}.Release|x64.ActiveCfg = Release|x64
		{C75C49BD-DCF1-4697-9D76-BEA6DCB20CB9}.Release|x64.Build.0 = Release|x64
		{C75C49BD-DCF1-4697-9D76-BEA6DCB20CB9}.Release|x64.Deploy.0 = Release|x64
		{C75C49BD-DCF1-4697-9D76-BEA6DCB20CB9}.Release|x86.ActiveCfg = Release|x86
		{C75C49BD-DCF1-4697-9D76-BEA6DCB20CB9}.Release|x86.Build.0 = Release|x86
		{C75C49BD-DCF1-4697-9D76-BEA6DCB20CB9}.Release|x86.Deploy.0 = Release|x86
		{4D74B543-8081-4FF4-ABC8-BDA99D01456E}.Debug|Any CPU.ActiveCfg = Debug|Win32
		{4D74B543-8081-4FF4-ABC8-BDA99D01456E}.Debug|ARM.ActiveCfg = Debug|ARM
		{4D74B543-8081-4FF4-ABC8-BDA99D01456E}.Debug|ARM.Build.0 = Debug|ARM
		{4D74B543-8081-4FF4-ABC8-BDA99D01456E}.Debug|x64.ActiveCfg = Debug|x64
		{4D74B543-8081-4FF4-ABC8-BDA99D01456E}.Debug|x64.Build.0 = Debug|x64
		{4D74B543-8081-4FF4-ABC8-BDA99D01456E}.Debug|x86.ActiveCfg = Debug|Win32
		{4D74B543-8081-4FF4-ABC8-BDA99D01456E}.Debug|x86.Build.0 = Debug|Win32
		{4D74B543-8081-4FF4-ABC8-BDA99D01456E}.Release|Any CPU.ActiveCfg = Release|Win32
		{4D74B543-8081-4FF4-ABC8-BDA99D01456E}.Release|ARM.ActiveCfg = Release|ARM
		{4D74B543-8081-4FF4-ABC8-BDA99D01456E}.Release|ARM.Build.0 = Release|ARM
		{4D74B543-8081-4FF4-ABC8-BDA99D01456E}.Release|x64.ActiveCfg = Release|x64
		{4D74B543-8081-4FF4-ABC8-BDA99D01456E}.Release|x64.Build.0 = Release|x64
		{4D74B543-8081-4FF4-ABC8-BDA99D01456E}.Release|x86.ActiveCfg = Release|Win32
		{4D74B543-8081-4FF4-ABC8-BDA99D01456E}.Release|x86.Build.0 = Release|Win32
		{512489CB-1D1F-41E4-BD2F-9B120BEF1D46}.Debug|Any CPU.ActiveCfg = Debug|Win32
		{512489CB-1D1F-41E4-BD2F-9B120BEF1D46}.Debug|ARM.ActiveCfg = Debug|ARM
		{512489CB-1D1F-41E4-BD2F-9B120BEF1D46}.Debug|ARM.Build.0 = Debug|ARM
		{512489CB-1D1F-41E4-BD2F-9B120BEF1D46}.Debug|x64.ActiveCfg = Debug|x64
		{512489CB-1D1F-41E4-BD2F-9B120BEF1D46}.Debug|x64.Build.0 = Debug|x64
		{512489CB-1D1F-41E4-BD2F-9B120BEF1D46}.Debug|x86.ActiveCfg = Debug|Win32
		{512489CB-1D1F-41E4-BD2F-9B120BEF1D46}.Debug|x86.Build.0 = Debug|Win32
		{512489CB-1D1F-41E4-BD2F-9B120BEF1D46}.Release|Any CPU.ActiveCfg = Release|Win32
		{512489CB-1D1F-41E4-BD2F-9B120BEF1D46}.Release|ARM.ActiveCfg = Release|ARM
		{512489CB-1D1F-41E4-BD2F-9B120BEF1D46}.Release|ARM.Build.0 = Release|ARM
		{512489CB-1D1F-41E4-BD2F-9B120BEF1D46}.Release|x64.ActiveCfg = Release|x64
		{512489CB-1D1F-41E4-BD2F-9B120BEF1D46}.Release|x64.Build.0 = Release|x64
		{512489CB-1D1F-41E4-BD2F-9B120BEF1D46}.Release|x86.ActiveCfg = Release|Win32
		{512489CB-1D1F-41E4-BD2F-9B120BEF1D46}.Release|x86.Build.0 = Release|Win32
		{EEE0E765-6889-435B-BC95-C9521EFEA5BB}.Debug|Any CPU.ActiveCfg = Debug|x86
		{EEE0E765-6889-435B-BC95-C9521EFEA5BB}.Debug|ARM.ActiveCfg = Debug|ARM
		{EEE0E765-6889-435B-BC95-C9521EFEA5BB}.Debug|ARM.Build.0 = Debug|ARM
		{EEE0E765-6889-435B-BC95-C9521EFEA5BB}.Debug|ARM.Deploy.0 = Debug|ARM
		{EEE0E765-6889-435B-BC95-C9521EFEA5BB}.Debug|x64.ActiveCfg = Debug|x64
		{EEE0E765-6889-435B-BC95-C9521EFEA5BB}.Debug|x64.Build.0 = Debug|x64
		{EEE0E765-6889-435B-BC95-C9521EFEA5BB}.Debug|x64.Deploy.0 = Debug|x64
		{EEE0E765-6889-435B-BC95-C9521EFEA5BB}.Debug|x86.ActiveCfg = Debug|x86
		{EEE0E765-6889-435B-BC95-C9521EFEA5BB}.Debug|x86.Build.0 = Debug|x86
		{EEE0E765-6889-435B-BC95-C9521EFEA5BB}.Debug|x86.Deploy.0 = Debug|x86
		{EEE0E765-6889-435B-BC95-C9521EFEA5BB}.Release|Any CPU.ActiveCfg = Release|x86
		{EEE0E765-6889-435B-BC95-C9521EFEA5BB}.Release|ARM.ActiveCfg = Release|ARM
		{EEE0E765-6889-435B-BC95-C9521EFEA5BB}.Release|ARM.Build.0 = Release|ARM
		{EEE0E765-6889-435B-BC95-C9521EFEA5BB}.Release|ARM.Deploy.0 = Release|ARM
		{EEE0E765-6889-435B-BC95-C9521EFEA5BB}.Release|x64.ActiveCfg = Release|x64
		{EEE0E765-6889-435B-BC95-C9521EFEA5BB}.Release|x64.Build.0 = Release|x64
		{EEE0E765-6889-435B-BC95-C9521EFEA5BB}.Release|x64.Deploy.0 = Release|x64
		{EEE0E765-6889-435B-BC95-C9521EFEA5BB}.Release|x86.ActiveCfg = Release|x86
		{EEE0E765-6889-435B-BC95-C9521EFEA5BB}.Release|x86.Build.0 = Release|x86
		{EEE0E765-6889-435B-BC95-C9521EFEA5BB}.Release|x86.Deploy.0 = Release|x86
	EndGlobalSection
	GlobalSection(SolutionProperties) = preSolution
		HideSolutionNode = FALSE
	EndGlobalSection
EndGlobal
