
Microsoft Visual Studio Solution File, Format Version 12.00
# Visual Studio 15
VisualStudioVersion = 15.0.27130.2027
MinimumVisualStudioVersion = 10.0.40219.1
Project("{2150E333-8FDC-42A3-9474-1A3956D46DE8}") = "Cores", "Cores", "{2E23AE05-7906-4836-8902-B95250E0B238}"
EndProject
Project("{FAE04EC0-301F-11D3-BF4B-00C04F79EFBC}") = "RetriX.UWP", "RetriX.UWP\RetriX.UWP.csproj", "{17975A5B-67F5-494F-937D-9132AC78BD35}"
EndProject
Project("{9A19103F-16F7-4668-BE54-9A1E7A4F7556}") = "RetriX.Shared", "RetriX.Shared\RetriX.Shared.csproj", "{58B82D57-A956-4492-96FB-3E82FA82798A}"
EndProject
Project("{8BC9CEB8-8B4A-11D0-8D11-00A0C91BC942}") = "BeetlePSX", "BeetlePSX\BeetlePSX.vcxproj", "{1448CCE7-B3E5-45AC-B4DA-7C08CDA78620}"
EndProject
Project("{9A19103F-16F7-4668-BE54-9A1E7A4F7556}") = "RetriX.Shared.Test", "RetriX.Shared.Test\RetriX.Shared.Test.csproj", "{61261F4E-4C66-402B-89BE-1D854C65A7FF}"
EndProject
Project("{FAE04EC0-301F-11D3-BF4B-00C04F79EFBC}") = "RetriX.UWP.Unsafe", "RetriX.UWP.Unsafe\RetriX.UWP.Unsafe.csproj", "{0D8D76F1-1383-437C-9482-BBD3C9723768}"
EndProject
Project("{9A19103F-16F7-4668-BE54-9A1E7A4F7556}") = "BeetlePSX.LibRetriX", "BeetlePSX.LibRetriX\BeetlePSX.LibRetriX.csproj", "{54C8EC8C-1C03-4FA8-9140-086A59B8109B}"
EndProject
Project("{8BC9CEB8-8B4A-11D0-8D11-00A0C91BC942}") = "Retrix.UWP.Native", "Retrix.UWP.Native\Retrix.UWP.Native.vcxproj", "{AA168014-F150-4A65-93F9-121DA3EB0A01}"
EndProject
Global
	GlobalSection(SolutionConfigurationPlatforms) = preSolution
		Debug|Any CPU = Debug|Any CPU
		Debug|ARM = Debug|ARM
		Debug|x64 = Debug|x64
		Debug|x86 = Debug|x86
		Release|Any CPU = Release|Any CPU
		Release|ARM = Release|ARM
		Release|x64 = Release|x64
		Release|x86 = Release|x86
	EndGlobalSection
	GlobalSection(ProjectConfigurationPlatforms) = postSolution
		{17975A5B-67F5-494F-937D-9132AC78BD35}.Debug|Any CPU.ActiveCfg = Debug|x86
		{17975A5B-67F5-494F-937D-9132AC78BD35}.Debug|ARM.ActiveCfg = Debug|ARM
		{17975A5B-67F5-494F-937D-9132AC78BD35}.Debug|ARM.Build.0 = Debug|ARM
		{17975A5B-67F5-494F-937D-9132AC78BD35}.Debug|ARM.Deploy.0 = Debug|ARM
		{17975A5B-67F5-494F-937D-9132AC78BD35}.Debug|x64.ActiveCfg = Debug|x64
		{17975A5B-67F5-494F-937D-9132AC78BD35}.Debug|x64.Build.0 = Debug|x64
		{17975A5B-67F5-494F-937D-9132AC78BD35}.Debug|x64.Deploy.0 = Debug|x64
		{17975A5B-67F5-494F-937D-9132AC78BD35}.Debug|x86.ActiveCfg = Debug|x86
		{17975A5B-67F5-494F-937D-9132AC78BD35}.Debug|x86.Build.0 = Debug|x86
		{17975A5B-67F5-494F-937D-9132AC78BD35}.Debug|x86.Deploy.0 = Debug|x86
		{17975A5B-67F5-494F-937D-9132AC78BD35}.Release|Any CPU.ActiveCfg = Release|x86
		{17975A5B-67F5-494F-937D-9132AC78BD35}.Release|ARM.ActiveCfg = Release|ARM
		{17975A5B-67F5-494F-937D-9132AC78BD35}.Release|ARM.Build.0 = Release|ARM
		{17975A5B-67F5-494F-937D-9132AC78BD35}.Release|ARM.Deploy.0 = Release|ARM
		{17975A5B-67F5-494F-937D-9132AC78BD35}.Release|x64.ActiveCfg = Release|x64
		{17975A5B-67F5-494F-937D-9132AC78BD35}.Release|x64.Build.0 = Release|x64
		{17975A5B-67F5-494F-937D-9132AC78BD35}.Release|x64.Deploy.0 = Release|x64
		{17975A5B-67F5-494F-937D-9132AC78BD35}.Release|x86.ActiveCfg = Release|x86
		{17975A5B-67F5-494F-937D-9132AC78BD35}.Release|x86.Build.0 = Release|x86
		{17975A5B-67F5-494F-937D-9132AC78BD35}.Release|x86.Deploy.0 = Release|x86
		{58B82D57-A956-4492-96FB-3E82FA82798A}.Debug|Any CPU.ActiveCfg = Debug|Any CPU
		{58B82D57-A956-4492-96FB-3E82FA82798A}.Debug|Any CPU.Build.0 = Debug|Any CPU
		{58B82D57-A956-4492-96FB-3E82FA82798A}.Debug|ARM.ActiveCfg = Debug|Any CPU
		{58B82D57-A956-4492-96FB-3E82FA82798A}.Debug|ARM.Build.0 = Debug|Any CPU
		{58B82D57-A956-4492-96FB-3E82FA82798A}.Debug|x64.ActiveCfg = Debug|Any CPU
		{58B82D57-A956-4492-96FB-3E82FA82798A}.Debug|x64.Build.0 = Debug|Any CPU
		{58B82D57-A956-4492-96FB-3E82FA82798A}.Debug|x86.ActiveCfg = Debug|Any CPU
		{58B82D57-A956-4492-96FB-3E82FA82798A}.Debug|x86.Build.0 = Debug|Any CPU
		{58B82D57-A956-4492-96FB-3E82FA82798A}.Release|Any CPU.ActiveCfg = Release|Any CPU
		{58B82D57-A956-4492-96FB-3E82FA82798A}.Release|Any CPU.Build.0 = Release|Any CPU
		{58B82D57-A956-4492-96FB-3E82FA82798A}.Release|ARM.ActiveCfg = Release|Any CPU
		{58B82D57-A956-4492-96FB-3E82FA82798A}.Release|ARM.Build.0 = Release|Any CPU
		{58B82D57-A956-4492-96FB-3E82FA82798A}.Release|x64.ActiveCfg = Release|Any CPU
		{58B82D57-A956-4492-96FB-3E82FA82798A}.Release|x64.Build.0 = Release|Any CPU
		{58B82D57-A956-4492-96FB-3E82FA82798A}.Release|x86.ActiveCfg = Release|Any CPU
		{58B82D57-A956-4492-96FB-3E82FA82798A}.Release|x86.Build.0 = Release|Any CPU
		{1448CCE7-B3E5-45AC-B4DA-7C08CDA78620}.Debug|Any CPU.ActiveCfg = Debug|Win32
		{1448CCE7-B3E5-45AC-B4DA-7C08CDA78620}.Debug|ARM.ActiveCfg = Debug|ARM
		{1448CCE7-B3E5-45AC-B4DA-7C08CDA78620}.Debug|ARM.Build.0 = Debug|ARM
		{1448CCE7-B3E5-45AC-B4DA-7C08CDA78620}.Debug|x64.ActiveCfg = Debug|x64
		{1448CCE7-B3E5-45AC-B4DA-7C08CDA78620}.Debug|x64.Build.0 = Debug|x64
		{1448CCE7-B3E5-45AC-B4DA-7C08CDA78620}.Debug|x86.ActiveCfg = Debug|Win32
		{1448CCE7-B3E5-45AC-B4DA-7C08CDA78620}.Debug|x86.Build.0 = Debug|Win32
		{1448CCE7-B3E5-45AC-B4DA-7C08CDA78620}.Release|Any CPU.ActiveCfg = Release|Win32
		{1448CCE7-B3E5-45AC-B4DA-7C08CDA78620}.Release|ARM.ActiveCfg = Release|ARM
		{1448CCE7-B3E5-45AC-B4DA-7C08CDA78620}.Release|ARM.Build.0 = Release|ARM
		{1448CCE7-B3E5-45AC-B4DA-7C08CDA78620}.Release|x64.ActiveCfg = Release|x64
		{1448CCE7-B3E5-45AC-B4DA-7C08CDA78620}.Release|x64.Build.0 = Release|x64
		{1448CCE7-B3E5-45AC-B4DA-7C08CDA78620}.Release|x86.ActiveCfg = Release|Win32
		{1448CCE7-B3E5-45AC-B4DA-7C08CDA78620}.Release|x86.Build.0 = Release|Win32
		{61261F4E-4C66-402B-89BE-1D854C65A7FF}.Debug|Any CPU.ActiveCfg = Debug|Any CPU
		{61261F4E-4C66-402B-89BE-1D854C65A7FF}.Debug|Any CPU.Build.0 = Debug|Any CPU
		{61261F4E-4C66-402B-89BE-1D854C65A7FF}.Debug|ARM.ActiveCfg = Debug|Any CPU
		{61261F4E-4C66-402B-89BE-1D854C65A7FF}.Debug|ARM.Build.0 = Debug|Any CPU
		{61261F4E-4C66-402B-89BE-1D854C65A7FF}.Debug|x64.ActiveCfg = Debug|Any CPU
		{61261F4E-4C66-402B-89BE-1D854C65A7FF}.Debug|x64.Build.0 = Debug|Any CPU
		{61261F4E-4C66-402B-89BE-1D854C65A7FF}.Debug|x86.ActiveCfg = Debug|Any CPU
		{61261F4E-4C66-402B-89BE-1D854C65A7FF}.Debug|x86.Build.0 = Debug|Any CPU
		{61261F4E-4C66-402B-89BE-1D854C65A7FF}.Release|Any CPU.ActiveCfg = Release|Any CPU
		{61261F4E-4C66-402B-89BE-1D854C65A7FF}.Release|Any CPU.Build.0 = Release|Any CPU
		{61261F4E-4C66-402B-89BE-1D854C65A7FF}.Release|ARM.ActiveCfg = Release|Any CPU
		{61261F4E-4C66-402B-89BE-1D854C65A7FF}.Release|ARM.Build.0 = Release|Any CPU
		{61261F4E-4C66-402B-89BE-1D854C65A7FF}.Release|x64.ActiveCfg = Release|Any CPU
		{61261F4E-4C66-402B-89BE-1D854C65A7FF}.Release|x64.Build.0 = Release|Any CPU
		{61261F4E-4C66-402B-89BE-1D854C65A7FF}.Release|x86.ActiveCfg = Release|Any CPU
		{61261F4E-4C66-402B-89BE-1D854C65A7FF}.Release|x86.Build.0 = Release|Any CPU
		{0D8D76F1-1383-437C-9482-BBD3C9723768}.Debug|Any CPU.ActiveCfg = Debug|Any CPU
		{0D8D76F1-1383-437C-9482-BBD3C9723768}.Debug|Any CPU.Build.0 = Debug|Any CPU
		{0D8D76F1-1383-437C-9482-BBD3C9723768}.Debug|ARM.ActiveCfg = Debug|ARM
		{0D8D76F1-1383-437C-9482-BBD3C9723768}.Debug|ARM.Build.0 = Debug|ARM
		{0D8D76F1-1383-437C-9482-BBD3C9723768}.Debug|x64.ActiveCfg = Debug|x64
		{0D8D76F1-1383-437C-9482-BBD3C9723768}.Debug|x64.Build.0 = Debug|x64
		{0D8D76F1-1383-437C-9482-BBD3C9723768}.Debug|x86.ActiveCfg = Debug|x86
		{0D8D76F1-1383-437C-9482-BBD3C9723768}.Debug|x86.Build.0 = Debug|x86
		{0D8D76F1-1383-437C-9482-BBD3C9723768}.Release|Any CPU.ActiveCfg = Release|Any CPU
		{0D8D76F1-1383-437C-9482-BBD3C9723768}.Release|Any CPU.Build.0 = Release|Any CPU
		{0D8D76F1-1383-437C-9482-BBD3C9723768}.Release|ARM.ActiveCfg = Release|ARM
		{0D8D76F1-1383-437C-9482-BBD3C9723768}.Release|ARM.Build.0 = Release|ARM
		{0D8D76F1-1383-437C-9482-BBD3C9723768}.Release|x64.ActiveCfg = Release|x64
		{0D8D76F1-1383-437C-9482-BBD3C9723768}.Release|x64.Build.0 = Release|x64
		{0D8D76F1-1383-437C-9482-BBD3C9723768}.Release|x86.ActiveCfg = Release|x86
		{0D8D76F1-1383-437C-9482-BBD3C9723768}.Release|x86.Build.0 = Release|x86
		{54C8EC8C-1C03-4FA8-9140-086A59B8109B}.Debug|Any CPU.ActiveCfg = Debug|Any CPU
		{54C8EC8C-1C03-4FA8-9140-086A59B8109B}.Debug|Any CPU.Build.0 = Debug|Any CPU
		{54C8EC8C-1C03-4FA8-9140-086A59B8109B}.Debug|ARM.ActiveCfg = Debug|Any CPU
		{54C8EC8C-1C03-4FA8-9140-086A59B8109B}.Debug|ARM.Build.0 = Debug|Any CPU
		{54C8EC8C-1C03-4FA8-9140-086A59B8109B}.Debug|x64.ActiveCfg = Debug|Any CPU
		{54C8EC8C-1C03-4FA8-9140-086A59B8109B}.Debug|x64.Build.0 = Debug|Any CPU
		{54C8EC8C-1C03-4FA8-9140-086A59B8109B}.Debug|x86.ActiveCfg = Debug|Any CPU
		{54C8EC8C-1C03-4FA8-9140-086A59B8109B}.Debug|x86.Build.0 = Debug|Any CPU
		{54C8EC8C-1C03-4FA8-9140-086A59B8109B}.Release|Any CPU.ActiveCfg = Release|Any CPU
		{54C8EC8C-1C03-4FA8-9140-086A59B8109B}.Release|Any CPU.Build.0 = Release|Any CPU
		{54C8EC8C-1C03-4FA8-9140-086A59B8109B}.Release|ARM.ActiveCfg = Release|Any CPU
		{54C8EC8C-1C03-4FA8-9140-086A59B8109B}.Release|ARM.Build.0 = Release|Any CPU
		{54C8EC8C-1C03-4FA8-9140-086A59B8109B}.Release|x64.ActiveCfg = Release|Any CPU
		{54C8EC8C-1C03-4FA8-9140-086A59B8109B}.Release|x64.Build.0 = Release|Any CPU
		{54C8EC8C-1C03-4FA8-9140-086A59B8109B}.Release|x86.ActiveCfg = Release|Any CPU
		{54C8EC8C-1C03-4FA8-9140-086A59B8109B}.Release|x86.Build.0 = Release|Any CPU
		{AA168014-F150-4A65-93F9-121DA3EB0A01}.Debug|Any CPU.ActiveCfg = Debug|Win32
		{AA168014-F150-4A65-93F9-121DA3EB0A01}.Debug|ARM.ActiveCfg = Debug|ARM
		{AA168014-F150-4A65-93F9-121DA3EB0A01}.Debug|ARM.Build.0 = Debug|ARM
		{AA168014-F150-4A65-93F9-121DA3EB0A01}.Debug|x64.ActiveCfg = Debug|x64
		{AA168014-F150-4A65-93F9-121DA3EB0A01}.Debug|x64.Build.0 = Debug|x64
		{AA168014-F150-4A65-93F9-121DA3EB0A01}.Debug|x86.ActiveCfg = Debug|Win32
		{AA168014-F150-4A65-93F9-121DA3EB0A01}.Debug|x86.Build.0 = Debug|Win32
		{AA168014-F150-4A65-93F9-121DA3EB0A01}.Release|Any CPU.ActiveCfg = Release|Win32
		{AA168014-F150-4A65-93F9-121DA3EB0A01}.Release|ARM.ActiveCfg = Release|ARM
		{AA168014-F150-4A65-93F9-121DA3EB0A01}.Release|ARM.Build.0 = Release|ARM
		{AA168014-F150-4A65-93F9-121DA3EB0A01}.Release|x64.ActiveCfg = Release|x64
		{AA168014-F150-4A65-93F9-121DA3EB0A01}.Release|x64.Build.0 = Release|x64
		{AA168014-F150-4A65-93F9-121DA3EB0A01}.Release|x86.ActiveCfg = Release|Win32
		{AA168014-F150-4A65-93F9-121DA3EB0A01}.Release|x86.Build.0 = Release|Win32
	EndGlobalSection
	GlobalSection(SolutionProperties) = preSolution
		HideSolutionNode = FALSE
	EndGlobalSection
	GlobalSection(NestedProjects) = preSolution
		{1448CCE7-B3E5-45AC-B4DA-7C08CDA78620} = {2E23AE05-7906-4836-8902-B95250E0B238}
		{54C8EC8C-1C03-4FA8-9140-086A59B8109B} = {2E23AE05-7906-4836-8902-B95250E0B238}
	EndGlobalSection
	GlobalSection(ExtensibilityGlobals) = postSolution
		SolutionGuid = {1F70E1C5-5C4E-4792-9108-D1BF76C09C3F}
	EndGlobalSection
EndGlobal
