
Microsoft Visual Studio Solution File, Format Version 12.00
# Visual Studio 15
VisualStudioVersion = 15.0.27130.2027
MinimumVisualStudioVersion = 10.0.40219.1
Project("{8BC9CEB8-8B4A-11D0-8D11-00A0C91BC942}") = "GPGX", "GPGX\GPGX.vcxproj", "{63E4B9AF-E8E7-4130-A6C1-E0FE46636A16}"
EndProject
Project("{8BC9CEB8-8B4A-11D0-8D11-00A0C91BC942}") = "Snes9X", "Snes9X\Snes9X.vcxproj", "{E141E8D9-450D-40B5-B92A-36FA165E5005}"
EndProject
Project("{8BC9CEB8-8B4A-11D0-8D11-00A0C91BC942}") = "VBAM", "VBAM\VBAM.vcxproj", "{333702E3-70FF-42B7-9A1C-4E47192EC13E}"
EndProject
Project("{2150E333-8FDC-42A3-9474-1A3956D46DE8}") = "Cores", "Cores", "{2E23AE05-7906-4836-8902-B95250E0B238}"
EndProject
Project("{8BC9CEB8-8B4A-11D0-8D11-00A0C91BC942}") = "Nestopia", "Nestopia\Nestopia.vcxproj", "{025DCDF6-0267-4873-8DDA-CB10E9A0B677}"
EndProject
Project("{8BC9CEB8-8B4A-11D0-8D11-00A0C91BC942}") = "FCEUMM", "FCEUMM\FCEUMM.vcxproj", "{5CFA4E87-5E7C-49EB-BDA6-52F31B40E1AA}"
EndProject
Project("{8BC9CEB8-8B4A-11D0-8D11-00A0C91BC942}") = "Gambatte", "Gambatte\Gambatte.vcxproj", "{C2B6847A-DEEF-47BD-8FCE-2D58F207D457}"
EndProject
Project("{FAE04EC0-301F-11D3-BF4B-00C04F79EFBC}") = "RetriX.UWP", "RetriX.UWP\RetriX.UWP.csproj", "{17975A5B-67F5-494F-937D-9132AC78BD35}"
EndProject
Project("{9A19103F-16F7-4668-BE54-9A1E7A4F7556}") = "RetriX.Shared", "RetriX.Shared\RetriX.Shared.csproj", "{58B82D57-A956-4492-96FB-3E82FA82798A}"
EndProject
Project("{8BC9CEB8-8B4A-11D0-8D11-00A0C91BC942}") = "BeetlePSX", "BeetlePSX\BeetlePSX.vcxproj", "{1448CCE7-B3E5-45AC-B4DA-7C08CDA78620}"
EndProject
Project("{8BC9CEB8-8B4A-11D0-8D11-00A0C91BC942}") = "Yabause", "Yabause\Yabause.vcxproj", "{9C03810D-90A4-4758-9F9E-24570C197418}"
EndProject
Project("{8BC9CEB8-8B4A-11D0-8D11-00A0C91BC942}") = "MelonDS", "MelonDS\MelonDS.vcxproj", "{472E94A2-8046-4AFC-80F1-BD196E6B7172}"
EndProject
Project("{8BC9CEB8-8B4A-11D0-8D11-00A0C91BC942}") = "ParallelN64", "ParallelN64\ParallelN64.vcxproj", "{86FFA003-17D6-4475-8B2B-1CB5B228C881}"
EndProject
Project("{8BC9CEB8-8B4A-11D0-8D11-00A0C91BC942}") = "BeetleWswan", "BeetleWswan\BeetleWswan.vcxproj", "{289D747A-B454-4B8A-9A4E-C857CC8F900A}"
EndProject
Project("{8BC9CEB8-8B4A-11D0-8D11-00A0C91BC942}") = "BeetleNGP", "BeetleNGP\BeetleNGP.vcxproj", "{8D7F0687-53BE-4DCA-BD12-5DF9199D2A82}"
EndProject
Project("{8BC9CEB8-8B4A-11D0-8D11-00A0C91BC942}") = "BeetlePCEFast", "BeetlePCEFast\BeetlePCEFast.vcxproj", "{181FCC20-947E-43E7-8B6F-A5E398BA908D}"
EndProject
Project("{8BC9CEB8-8B4A-11D0-8D11-00A0C91BC942}") = "BeetleSaturn", "BeetleSaturn\BeetleSaturn.vcxproj", "{21304977-4E0D-41B1-BBA9-C716C9BDE052}"
EndProject
Project("{8BC9CEB8-8B4A-11D0-8D11-00A0C91BC942}") = "BeetlePCFX", "BeetlePCFX\BeetlePCFX.vcxproj", "{9CB2D5C0-F782-44CB-9F00-278B643E40A3}"
EndProject
Project("{8BC9CEB8-8B4A-11D0-8D11-00A0C91BC942}") = "FBAlpha", "FBAlpha\FBAlpha.vcxproj", "{A030F979-93FE-4398-A91B-961A6A462573}"
EndProject
Project("{9A19103F-16F7-4668-BE54-9A1E7A4F7556}") = "RetriX.Shared.Test", "RetriX.Shared.Test\RetriX.Shared.Test.csproj", "{61261F4E-4C66-402B-89BE-1D854C65A7FF}"
EndProject
Project("{2150E333-8FDC-42A3-9474-1A3956D46DE8}") = "LibRetriX", "LibRetriX", "{23A762F6-CDBD-480A-A91B-5551C3E7F434}"
EndProject
Project("{9A19103F-16F7-4668-BE54-9A1E7A4F7556}") = "LibRetriX.Primitives", "LibRetriX\LibRetriX.Primitives\LibRetriX.Primitives.csproj", "{4FC73E3B-43F0-4830-8DFD-7D32A97D5029}"
EndProject
Project("{9A19103F-16F7-4668-BE54-9A1E7A4F7556}") = "LibRetriX.RetroBindings", "LibRetriX\LibRetriX.RetroBindings\LibRetriX.RetroBindings.csproj", "{779DB671-5E45-416F-8780-FA09CDAEE18F}"
EndProject
Project("{D954291E-2A0B-460D-934E-DC6B0785DB48}") = "LibRetriX.RetroBindings.Static", "LibRetriX\LibRetriX.RetroBindings.Static\LibRetriX.RetroBindings.Static.shproj", "{3F31CF6F-C2DF-489A-9C2A-0B9958D0C143}"
EndProject
Project("{9A19103F-16F7-4668-BE54-9A1E7A4F7556}") = "GPGX.LibRetriX", "GPGX.LibRetriX\GPGX.LibRetriX.csproj", "{11582216-FB0E-4C91-BDA6-DD04BD1F3681}"
EndProject
Project("{9A19103F-16F7-4668-BE54-9A1E7A4F7556}") = "LibRetriX.Test.Base", "LibRetriX\LibRetriX.Test.Base\LibRetriX.Test.Base.csproj", "{1BD40E0B-9903-473B-8343-4EBDF6A1868A}"
EndProject
Project("{FAE04EC0-301F-11D3-BF4B-00C04F79EFBC}") = "LibRetriX.Test.UWP", "LibRetriX\LibRetriX.Test.UWP\LibRetriX.Test.UWP.csproj", "{12DE3993-821A-400F-A154-13CA8AA21BB5}"
EndProject
Project("{FAE04EC0-301F-11D3-BF4B-00C04F79EFBC}") = "RetriX.UWP.Unsafe", "RetriX.UWP.Unsafe\RetriX.UWP.Unsafe.csproj", "{0D8D76F1-1383-437C-9482-BBD3C9723768}"
EndProject
Project("{9A19103F-16F7-4668-BE54-9A1E7A4F7556}") = "BeetleNGP.LibRetriX", "BeetleNGP.LibRetriX\BeetleNGP.LibRetriX.csproj", "{A9ED76C1-034B-41C6-805C-9176C0128E41}"
EndProject
Project("{9A19103F-16F7-4668-BE54-9A1E7A4F7556}") = "BeetlePCEFast.LibRetriX", "BeetlePCEFast.LibRetriX\BeetlePCEFast.LibRetriX.csproj", "{D5004EEC-FAA3-453F-846E-04400574D165}"
EndProject
Project("{9A19103F-16F7-4668-BE54-9A1E7A4F7556}") = "BeetlePCFX.LibRetriX", "BeetlePCFX.LibRetriX\BeetlePCFX.LibRetriX.csproj", "{C177DD85-D6CD-47DF-BE35-C9B832F030AB}"
EndProject
Project("{9A19103F-16F7-4668-BE54-9A1E7A4F7556}") = "BeetlePSX.LibRetriX", "BeetlePSX.LibRetriX\BeetlePSX.LibRetriX.csproj", "{54C8EC8C-1C03-4FA8-9140-086A59B8109B}"
EndProject
Project("{9A19103F-16F7-4668-BE54-9A1E7A4F7556}") = "BeetleSaturn.LibRetriX", "BeetleSaturn.LibRetriX\BeetleSaturn.LibRetriX.csproj", "{90861BD1-16F1-4986-AA37-94B135E0FC46}"
EndProject
Project("{9A19103F-16F7-4668-BE54-9A1E7A4F7556}") = "BeetleWswan.LibRetriX", "BeetleWswan.LibRetriX\BeetleWswan.LibRetriX.csproj", "{2317C404-6E11-4110-B79D-E87524BB7B12}"
EndProject
Project("{9A19103F-16F7-4668-BE54-9A1E7A4F7556}") = "FBAlpha.LibRetriX", "FBAlpha.LibRetriX\FBAlpha.LibRetriX.csproj", "{3CD5F011-0B1C-4F25-8527-0C8CB754F2FA}"
EndProject
Project("{9A19103F-16F7-4668-BE54-9A1E7A4F7556}") = "FCEUMM.LibRetriX", "FCEUMM.LibRetriX\FCEUMM.LibRetriX.csproj", "{FE413FFE-C2FA-47FE-B4EE-21C8FBA50ADD}"
EndProject
Project("{9A19103F-16F7-4668-BE54-9A1E7A4F7556}") = "Gambatte.LibRetriX", "Gambatte.LibRetriX\Gambatte.LibRetriX.csproj", "{D44D2222-F2BD-431A-B7E2-23CA93EEDCF5}"
EndProject
Project("{9A19103F-16F7-4668-BE54-9A1E7A4F7556}") = "MelonDS.LibRetriX", "MelonDS.LibRetriX\MelonDS.LibRetriX.csproj", "{9DEE7739-FCF6-447C-B0A6-8B00B60E7160}"
EndProject
Project("{9A19103F-16F7-4668-BE54-9A1E7A4F7556}") = "Nestopia.LibRetriX", "Nestopia.LibRetriX\Nestopia.LibRetriX.csproj", "{62CC9FE5-9440-4AE2-B57F-8F8789CF2266}"
EndProject
Project("{9A19103F-16F7-4668-BE54-9A1E7A4F7556}") = "ParallelN64.LibRetriX", "ParallelN64.LibRetriX\ParallelN64.LibRetriX.csproj", "{C1E87C7F-476B-4542-A5D6-8E99790E2300}"
EndProject
Project("{9A19103F-16F7-4668-BE54-9A1E7A4F7556}") = "Snes9X.LibRetriX", "Snes9X.LibRetriX\Snes9X.LibRetriX.csproj", "{DDFC2C2D-9FB8-43DD-BB29-F751D291F33E}"
EndProject
Project("{9A19103F-16F7-4668-BE54-9A1E7A4F7556}") = "VBAM.LibRetriX", "VBAM.LibRetriX\VBAM.LibRetriX.csproj", "{5C407CAB-14A1-469E-BCE2-7ED26E2FA5BC}"
EndProject
Project("{9A19103F-16F7-4668-BE54-9A1E7A4F7556}") = "Yabause.LibRetriX", "Yabause.LibRetriX\Yabause.LibRetriX.csproj", "{8CB06B21-915E-4C8E-9B2C-552BCEECE00F}"
EndProject
Project("{8BC9CEB8-8B4A-11D0-8D11-00A0C91BC942}") = "Retrix.UWP.Native", "Retrix.UWP.Native\Retrix.UWP.Native.vcxproj", "{AA168014-F150-4A65-93F9-121DA3EB0A01}"
EndProject
Project("{FAE04EC0-301F-11D3-BF4B-00C04F79EFBC}") = "LibRetriX.Unsafe", "LibRetriX.Unsafe\LibRetriX.Unsafe.csproj", "{91AAFBE6-E59B-44CE-8BF6-7DE51010FF3F}"
EndProject
Global
	GlobalSection(SharedMSBuildProjectFiles) = preSolution
		LibRetriX\LibRetriX.RetroBindings.Static\LibRetriX.RetroBindings.Static.projitems*{3f31cf6f-c2df-489a-9c2a-0b9958d0c143}*SharedItemsImports = 13
	EndGlobalSection
	GlobalSection(SolutionConfigurationPlatforms) = preSolution
		Debug|Any CPU = Debug|Any CPU
		Debug|ARM = Debug|ARM
		Debug|x64 = Debug|x64
		Debug|x86 = Debug|x86
		Release|Any CPU = Release|Any CPU
		Release|ARM = Release|ARM
		Release|x64 = Release|x64
		Release|x86 = Release|x86
	EndGlobalSection
	GlobalSection(ProjectConfigurationPlatforms) = postSolution
		{63E4B9AF-E8E7-4130-A6C1-E0FE46636A16}.Debug|Any CPU.ActiveCfg = Debug|Win32
		{63E4B9AF-E8E7-4130-A6C1-E0FE46636A16}.Debug|ARM.ActiveCfg = Debug|ARM
		{63E4B9AF-E8E7-4130-A6C1-E0FE46636A16}.Debug|ARM.Build.0 = Debug|ARM
		{63E4B9AF-E8E7-4130-A6C1-E0FE46636A16}.Debug|x64.ActiveCfg = Debug|x64
		{63E4B9AF-E8E7-4130-A6C1-E0FE46636A16}.Debug|x64.Build.0 = Debug|x64
		{63E4B9AF-E8E7-4130-A6C1-E0FE46636A16}.Debug|x86.ActiveCfg = Debug|Win32
		{63E4B9AF-E8E7-4130-A6C1-E0FE46636A16}.Debug|x86.Build.0 = Debug|Win32
		{63E4B9AF-E8E7-4130-A6C1-E0FE46636A16}.Release|Any CPU.ActiveCfg = Release|Win32
		{63E4B9AF-E8E7-4130-A6C1-E0FE46636A16}.Release|ARM.ActiveCfg = Release|ARM
		{63E4B9AF-E8E7-4130-A6C1-E0FE46636A16}.Release|ARM.Build.0 = Release|ARM
		{63E4B9AF-E8E7-4130-A6C1-E0FE46636A16}.Release|x64.ActiveCfg = Release|x64
		{63E4B9AF-E8E7-4130-A6C1-E0FE46636A16}.Release|x64.Build.0 = Release|x64
		{63E4B9AF-E8E7-4130-A6C1-E0FE46636A16}.Release|x86.ActiveCfg = Release|Win32
		{63E4B9AF-E8E7-4130-A6C1-E0FE46636A16}.Release|x86.Build.0 = Release|Win32
		{E141E8D9-450D-40B5-B92A-36FA165E5005}.Debug|Any CPU.ActiveCfg = Debug|Win32
		{E141E8D9-450D-40B5-B92A-36FA165E5005}.Debug|ARM.ActiveCfg = Debug|ARM
		{E141E8D9-450D-40B5-B92A-36FA165E5005}.Debug|ARM.Build.0 = Debug|ARM
		{E141E8D9-450D-40B5-B92A-36FA165E5005}.Debug|x64.ActiveCfg = Debug|x64
		{E141E8D9-450D-40B5-B92A-36FA165E5005}.Debug|x64.Build.0 = Debug|x64
		{E141E8D9-450D-40B5-B92A-36FA165E5005}.Debug|x86.ActiveCfg = Debug|Win32
		{E141E8D9-450D-40B5-B92A-36FA165E5005}.Debug|x86.Build.0 = Debug|Win32
		{E141E8D9-450D-40B5-B92A-36FA165E5005}.Release|Any CPU.ActiveCfg = Release|Win32
		{E141E8D9-450D-40B5-B92A-36FA165E5005}.Release|ARM.ActiveCfg = Release|ARM
		{E141E8D9-450D-40B5-B92A-36FA165E5005}.Release|ARM.Build.0 = Release|ARM
		{E141E8D9-450D-40B5-B92A-36FA165E5005}.Release|x64.ActiveCfg = Release|x64
		{E141E8D9-450D-40B5-B92A-36FA165E5005}.Release|x64.Build.0 = Release|x64
		{E141E8D9-450D-40B5-B92A-36FA165E5005}.Release|x86.ActiveCfg = Release|Win32
		{E141E8D9-450D-40B5-B92A-36FA165E5005}.Release|x86.Build.0 = Release|Win32
		{333702E3-70FF-42B7-9A1C-4E47192EC13E}.Debug|Any CPU.ActiveCfg = Debug|Win32
		{333702E3-70FF-42B7-9A1C-4E47192EC13E}.Debug|ARM.ActiveCfg = Debug|ARM
		{333702E3-70FF-42B7-9A1C-4E47192EC13E}.Debug|ARM.Build.0 = Debug|ARM
		{333702E3-70FF-42B7-9A1C-4E47192EC13E}.Debug|x64.ActiveCfg = Debug|x64
		{333702E3-70FF-42B7-9A1C-4E47192EC13E}.Debug|x64.Build.0 = Debug|x64
		{333702E3-70FF-42B7-9A1C-4E47192EC13E}.Debug|x86.ActiveCfg = Debug|Win32
		{333702E3-70FF-42B7-9A1C-4E47192EC13E}.Debug|x86.Build.0 = Debug|Win32
		{333702E3-70FF-42B7-9A1C-4E47192EC13E}.Release|Any CPU.ActiveCfg = Release|Win32
		{333702E3-70FF-42B7-9A1C-4E47192EC13E}.Release|ARM.ActiveCfg = Release|ARM
		{333702E3-70FF-42B7-9A1C-4E47192EC13E}.Release|ARM.Build.0 = Release|ARM
		{333702E3-70FF-42B7-9A1C-4E47192EC13E}.Release|x64.ActiveCfg = Release|x64
		{333702E3-70FF-42B7-9A1C-4E47192EC13E}.Release|x64.Build.0 = Release|x64
		{333702E3-70FF-42B7-9A1C-4E47192EC13E}.Release|x86.ActiveCfg = Release|Win32
		{333702E3-70FF-42B7-9A1C-4E47192EC13E}.Release|x86.Build.0 = Release|Win32
		{025DCDF6-0267-4873-8DDA-CB10E9A0B677}.Debug|Any CPU.ActiveCfg = Debug|Win32
		{025DCDF6-0267-4873-8DDA-CB10E9A0B677}.Debug|ARM.ActiveCfg = Debug|ARM
		{025DCDF6-0267-4873-8DDA-CB10E9A0B677}.Debug|ARM.Build.0 = Debug|ARM
		{025DCDF6-0267-4873-8DDA-CB10E9A0B677}.Debug|x64.ActiveCfg = Debug|x64
		{025DCDF6-0267-4873-8DDA-CB10E9A0B677}.Debug|x64.Build.0 = Debug|x64
		{025DCDF6-0267-4873-8DDA-CB10E9A0B677}.Debug|x86.ActiveCfg = Debug|Win32
		{025DCDF6-0267-4873-8DDA-CB10E9A0B677}.Debug|x86.Build.0 = Debug|Win32
		{025DCDF6-0267-4873-8DDA-CB10E9A0B677}.Release|Any CPU.ActiveCfg = Release|Win32
		{025DCDF6-0267-4873-8DDA-CB10E9A0B677}.Release|ARM.ActiveCfg = Release|ARM
		{025DCDF6-0267-4873-8DDA-CB10E9A0B677}.Release|ARM.Build.0 = Release|ARM
		{025DCDF6-0267-4873-8DDA-CB10E9A0B677}.Release|x64.ActiveCfg = Release|x64
		{025DCDF6-0267-4873-8DDA-CB10E9A0B677}.Release|x64.Build.0 = Release|x64
		{025DCDF6-0267-4873-8DDA-CB10E9A0B677}.Release|x86.ActiveCfg = Release|Win32
		{025DCDF6-0267-4873-8DDA-CB10E9A0B677}.Release|x86.Build.0 = Release|Win32
		{5CFA4E87-5E7C-49EB-BDA6-52F31B40E1AA}.Debug|Any CPU.ActiveCfg = Debug|Win32
		{5CFA4E87-5E7C-49EB-BDA6-52F31B40E1AA}.Debug|ARM.ActiveCfg = Debug|ARM
		{5CFA4E87-5E7C-49EB-BDA6-52F31B40E1AA}.Debug|ARM.Build.0 = Debug|ARM
		{5CFA4E87-5E7C-49EB-BDA6-52F31B40E1AA}.Debug|x64.ActiveCfg = Debug|x64
		{5CFA4E87-5E7C-49EB-BDA6-52F31B40E1AA}.Debug|x64.Build.0 = Debug|x64
		{5CFA4E87-5E7C-49EB-BDA6-52F31B40E1AA}.Debug|x86.ActiveCfg = Debug|Win32
		{5CFA4E87-5E7C-49EB-BDA6-52F31B40E1AA}.Debug|x86.Build.0 = Debug|Win32
		{5CFA4E87-5E7C-49EB-BDA6-52F31B40E1AA}.Release|Any CPU.ActiveCfg = Release|Win32
		{5CFA4E87-5E7C-49EB-BDA6-52F31B40E1AA}.Release|ARM.ActiveCfg = Release|ARM
		{5CFA4E87-5E7C-49EB-BDA6-52F31B40E1AA}.Release|ARM.Build.0 = Release|ARM
		{5CFA4E87-5E7C-49EB-BDA6-52F31B40E1AA}.Release|x64.ActiveCfg = Release|x64
		{5CFA4E87-5E7C-49EB-BDA6-52F31B40E1AA}.Release|x64.Build.0 = Release|x64
		{5CFA4E87-5E7C-49EB-BDA6-52F31B40E1AA}.Release|x86.ActiveCfg = Release|Win32
		{5CFA4E87-5E7C-49EB-BDA6-52F31B40E1AA}.Release|x86.Build.0 = Release|Win32
		{C2B6847A-DEEF-47BD-8FCE-2D58F207D457}.Debug|Any CPU.ActiveCfg = Debug|Win32
		{C2B6847A-DEEF-47BD-8FCE-2D58F207D457}.Debug|ARM.ActiveCfg = Debug|ARM
		{C2B6847A-DEEF-47BD-8FCE-2D58F207D457}.Debug|ARM.Build.0 = Debug|ARM
		{C2B6847A-DEEF-47BD-8FCE-2D58F207D457}.Debug|x64.ActiveCfg = Debug|x64
		{C2B6847A-DEEF-47BD-8FCE-2D58F207D457}.Debug|x64.Build.0 = Debug|x64
		{C2B6847A-DEEF-47BD-8FCE-2D58F207D457}.Debug|x86.ActiveCfg = Debug|Win32
		{C2B6847A-DEEF-47BD-8FCE-2D58F207D457}.Debug|x86.Build.0 = Debug|Win32
		{C2B6847A-DEEF-47BD-8FCE-2D58F207D457}.Release|Any CPU.ActiveCfg = Release|Win32
		{C2B6847A-DEEF-47BD-8FCE-2D58F207D457}.Release|ARM.ActiveCfg = Release|ARM
		{C2B6847A-DEEF-47BD-8FCE-2D58F207D457}.Release|ARM.Build.0 = Release|ARM
		{C2B6847A-DEEF-47BD-8FCE-2D58F207D457}.Release|x64.ActiveCfg = Release|x64
		{C2B6847A-DEEF-47BD-8FCE-2D58F207D457}.Release|x64.Build.0 = Release|x64
		{C2B6847A-DEEF-47BD-8FCE-2D58F207D457}.Release|x86.ActiveCfg = Release|Win32
		{C2B6847A-DEEF-47BD-8FCE-2D58F207D457}.Release|x86.Build.0 = Release|Win32
		{17975A5B-67F5-494F-937D-9132AC78BD35}.Debug|Any CPU.ActiveCfg = Debug|x86
		{17975A5B-67F5-494F-937D-9132AC78BD35}.Debug|ARM.ActiveCfg = Debug|ARM
		{17975A5B-67F5-494F-937D-9132AC78BD35}.Debug|ARM.Build.0 = Debug|ARM
		{17975A5B-67F5-494F-937D-9132AC78BD35}.Debug|ARM.Deploy.0 = Debug|ARM
		{17975A5B-67F5-494F-937D-9132AC78BD35}.Debug|x64.ActiveCfg = Debug|x64
		{17975A5B-67F5-494F-937D-9132AC78BD35}.Debug|x64.Build.0 = Debug|x64
		{17975A5B-67F5-494F-937D-9132AC78BD35}.Debug|x64.Deploy.0 = Debug|x64
		{17975A5B-67F5-494F-937D-9132AC78BD35}.Debug|x86.ActiveCfg = Debug|x86
		{17975A5B-67F5-494F-937D-9132AC78BD35}.Debug|x86.Build.0 = Debug|x86
		{17975A5B-67F5-494F-937D-9132AC78BD35}.Debug|x86.Deploy.0 = Debug|x86
		{17975A5B-67F5-494F-937D-9132AC78BD35}.Release|Any CPU.ActiveCfg = Release|x86
		{17975A5B-67F5-494F-937D-9132AC78BD35}.Release|ARM.ActiveCfg = Release|ARM
		{17975A5B-67F5-494F-937D-9132AC78BD35}.Release|ARM.Build.0 = Release|ARM
		{17975A5B-67F5-494F-937D-9132AC78BD35}.Release|ARM.Deploy.0 = Release|ARM
		{17975A5B-67F5-494F-937D-9132AC78BD35}.Release|x64.ActiveCfg = Release|x64
		{17975A5B-67F5-494F-937D-9132AC78BD35}.Release|x64.Build.0 = Release|x64
		{17975A5B-67F5-494F-937D-9132AC78BD35}.Release|x64.Deploy.0 = Release|x64
		{17975A5B-67F5-494F-937D-9132AC78BD35}.Release|x86.ActiveCfg = Release|x86
		{17975A5B-67F5-494F-937D-9132AC78BD35}.Release|x86.Build.0 = Release|x86
		{17975A5B-67F5-494F-937D-9132AC78BD35}.Release|x86.Deploy.0 = Release|x86
		{58B82D57-A956-4492-96FB-3E82FA82798A}.Debug|Any CPU.ActiveCfg = Debug|Any CPU
		{58B82D57-A956-4492-96FB-3E82FA82798A}.Debug|Any CPU.Build.0 = Debug|Any CPU
		{58B82D57-A956-4492-96FB-3E82FA82798A}.Debug|ARM.ActiveCfg = Debug|Any CPU
		{58B82D57-A956-4492-96FB-3E82FA82798A}.Debug|ARM.Build.0 = Debug|Any CPU
		{58B82D57-A956-4492-96FB-3E82FA82798A}.Debug|x64.ActiveCfg = Debug|Any CPU
		{58B82D57-A956-4492-96FB-3E82FA82798A}.Debug|x64.Build.0 = Debug|Any CPU
		{58B82D57-A956-4492-96FB-3E82FA82798A}.Debug|x86.ActiveCfg = Debug|Any CPU
		{58B82D57-A956-4492-96FB-3E82FA82798A}.Debug|x86.Build.0 = Debug|Any CPU
		{58B82D57-A956-4492-96FB-3E82FA82798A}.Release|Any CPU.ActiveCfg = Release|Any CPU
		{58B82D57-A956-4492-96FB-3E82FA82798A}.Release|Any CPU.Build.0 = Release|Any CPU
		{58B82D57-A956-4492-96FB-3E82FA82798A}.Release|ARM.ActiveCfg = Release|Any CPU
		{58B82D57-A956-4492-96FB-3E82FA82798A}.Release|ARM.Build.0 = Release|Any CPU
		{58B82D57-A956-4492-96FB-3E82FA82798A}.Release|x64.ActiveCfg = Release|Any CPU
		{58B82D57-A956-4492-96FB-3E82FA82798A}.Release|x64.Build.0 = Release|Any CPU
		{58B82D57-A956-4492-96FB-3E82FA82798A}.Release|x86.ActiveCfg = Release|Any CPU
		{58B82D57-A956-4492-96FB-3E82FA82798A}.Release|x86.Build.0 = Release|Any CPU
		{1448CCE7-B3E5-45AC-B4DA-7C08CDA78620}.Debug|Any CPU.ActiveCfg = Debug|Win32
		{1448CCE7-B3E5-45AC-B4DA-7C08CDA78620}.Debug|ARM.ActiveCfg = Debug|ARM
		{1448CCE7-B3E5-45AC-B4DA-7C08CDA78620}.Debug|ARM.Build.0 = Debug|ARM
		{1448CCE7-B3E5-45AC-B4DA-7C08CDA78620}.Debug|x64.ActiveCfg = Debug|x64
		{1448CCE7-B3E5-45AC-B4DA-7C08CDA78620}.Debug|x64.Build.0 = Debug|x64
		{1448CCE7-B3E5-45AC-B4DA-7C08CDA78620}.Debug|x86.ActiveCfg = Debug|Win32
		{1448CCE7-B3E5-45AC-B4DA-7C08CDA78620}.Debug|x86.Build.0 = Debug|Win32
		{1448CCE7-B3E5-45AC-B4DA-7C08CDA78620}.Release|Any CPU.ActiveCfg = Release|Win32
		{1448CCE7-B3E5-45AC-B4DA-7C08CDA78620}.Release|ARM.ActiveCfg = Release|ARM
		{1448CCE7-B3E5-45AC-B4DA-7C08CDA78620}.Release|ARM.Build.0 = Release|ARM
		{1448CCE7-B3E5-45AC-B4DA-7C08CDA78620}.Release|x64.ActiveCfg = Release|x64
		{1448CCE7-B3E5-45AC-B4DA-7C08CDA78620}.Release|x64.Build.0 = Release|x64
		{1448CCE7-B3E5-45AC-B4DA-7C08CDA78620}.Release|x86.ActiveCfg = Release|Win32
		{1448CCE7-B3E5-45AC-B4DA-7C08CDA78620}.Release|x86.Build.0 = Release|Win32
		{9C03810D-90A4-4758-9F9E-24570C197418}.Debug|Any CPU.ActiveCfg = Debug|Win32
		{9C03810D-90A4-4758-9F9E-24570C197418}.Debug|ARM.ActiveCfg = Debug|ARM
		{9C03810D-90A4-4758-9F9E-24570C197418}.Debug|ARM.Build.0 = Debug|ARM
		{9C03810D-90A4-4758-9F9E-24570C197418}.Debug|x64.ActiveCfg = Debug|x64
		{9C03810D-90A4-4758-9F9E-24570C197418}.Debug|x64.Build.0 = Debug|x64
		{9C03810D-90A4-4758-9F9E-24570C197418}.Debug|x86.ActiveCfg = Debug|Win32
		{9C03810D-90A4-4758-9F9E-24570C197418}.Debug|x86.Build.0 = Debug|Win32
		{9C03810D-90A4-4758-9F9E-24570C197418}.Release|Any CPU.ActiveCfg = Release|Win32
		{9C03810D-90A4-4758-9F9E-24570C197418}.Release|ARM.ActiveCfg = Release|ARM
		{9C03810D-90A4-4758-9F9E-24570C197418}.Release|ARM.Build.0 = Release|ARM
		{9C03810D-90A4-4758-9F9E-24570C197418}.Release|x64.ActiveCfg = Release|x64
		{9C03810D-90A4-4758-9F9E-24570C197418}.Release|x64.Build.0 = Release|x64
		{9C03810D-90A4-4758-9F9E-24570C197418}.Release|x86.ActiveCfg = Release|Win32
		{9C03810D-90A4-4758-9F9E-24570C197418}.Release|x86.Build.0 = Release|Win32
		{472E94A2-8046-4AFC-80F1-BD196E6B7172}.Debug|Any CPU.ActiveCfg = Debug|Win32
		{472E94A2-8046-4AFC-80F1-BD196E6B7172}.Debug|ARM.ActiveCfg = Debug|ARM
		{472E94A2-8046-4AFC-80F1-BD196E6B7172}.Debug|ARM.Build.0 = Debug|ARM
		{472E94A2-8046-4AFC-80F1-BD196E6B7172}.Debug|x64.ActiveCfg = Debug|x64
		{472E94A2-8046-4AFC-80F1-BD196E6B7172}.Debug|x64.Build.0 = Debug|x64
		{472E94A2-8046-4AFC-80F1-BD196E6B7172}.Debug|x86.ActiveCfg = Debug|Win32
		{472E94A2-8046-4AFC-80F1-BD196E6B7172}.Debug|x86.Build.0 = Debug|Win32
		{472E94A2-8046-4AFC-80F1-BD196E6B7172}.Release|Any CPU.ActiveCfg = Release|Win32
		{472E94A2-8046-4AFC-80F1-BD196E6B7172}.Release|ARM.ActiveCfg = Release|ARM
		{472E94A2-8046-4AFC-80F1-BD196E6B7172}.Release|ARM.Build.0 = Release|ARM
		{472E94A2-8046-4AFC-80F1-BD196E6B7172}.Release|x64.ActiveCfg = Release|x64
		{472E94A2-8046-4AFC-80F1-BD196E6B7172}.Release|x64.Build.0 = Release|x64
		{472E94A2-8046-4AFC-80F1-BD196E6B7172}.Release|x86.ActiveCfg = Release|Win32
		{472E94A2-8046-4AFC-80F1-BD196E6B7172}.Release|x86.Build.0 = Release|Win32
		{86FFA003-17D6-4475-8B2B-1CB5B228C881}.Debug|Any CPU.ActiveCfg = Debug|Win32
		{86FFA003-17D6-4475-8B2B-1CB5B228C881}.Debug|ARM.ActiveCfg = Debug|ARM
		{86FFA003-17D6-4475-8B2B-1CB5B228C881}.Debug|ARM.Build.0 = Debug|ARM
		{86FFA003-17D6-4475-8B2B-1CB5B228C881}.Debug|x64.ActiveCfg = Debug|x64
		{86FFA003-17D6-4475-8B2B-1CB5B228C881}.Debug|x64.Build.0 = Debug|x64
		{86FFA003-17D6-4475-8B2B-1CB5B228C881}.Debug|x86.ActiveCfg = Debug|Win32
		{86FFA003-17D6-4475-8B2B-1CB5B228C881}.Debug|x86.Build.0 = Debug|Win32
		{86FFA003-17D6-4475-8B2B-1CB5B228C881}.Release|Any CPU.ActiveCfg = Release|Win32
		{86FFA003-17D6-4475-8B2B-1CB5B228C881}.Release|ARM.ActiveCfg = Release|ARM
		{86FFA003-17D6-4475-8B2B-1CB5B228C881}.Release|ARM.Build.0 = Release|ARM
		{86FFA003-17D6-4475-8B2B-1CB5B228C881}.Release|x64.ActiveCfg = Release|x64
		{86FFA003-17D6-4475-8B2B-1CB5B228C881}.Release|x64.Build.0 = Release|x64
		{86FFA003-17D6-4475-8B2B-1CB5B228C881}.Release|x86.ActiveCfg = Release|Win32
		{86FFA003-17D6-4475-8B2B-1CB5B228C881}.Release|x86.Build.0 = Release|Win32
		{289D747A-B454-4B8A-9A4E-C857CC8F900A}.Debug|Any CPU.ActiveCfg = Debug|Win32
		{289D747A-B454-4B8A-9A4E-C857CC8F900A}.Debug|ARM.ActiveCfg = Debug|ARM
		{289D747A-B454-4B8A-9A4E-C857CC8F900A}.Debug|ARM.Build.0 = Debug|ARM
		{289D747A-B454-4B8A-9A4E-C857CC8F900A}.Debug|x64.ActiveCfg = Debug|x64
		{289D747A-B454-4B8A-9A4E-C857CC8F900A}.Debug|x64.Build.0 = Debug|x64
		{289D747A-B454-4B8A-9A4E-C857CC8F900A}.Debug|x86.ActiveCfg = Debug|Win32
		{289D747A-B454-4B8A-9A4E-C857CC8F900A}.Debug|x86.Build.0 = Debug|Win32
		{289D747A-B454-4B8A-9A4E-C857CC8F900A}.Release|Any CPU.ActiveCfg = Release|Win32
		{289D747A-B454-4B8A-9A4E-C857CC8F900A}.Release|ARM.ActiveCfg = Release|ARM
		{289D747A-B454-4B8A-9A4E-C857CC8F900A}.Release|ARM.Build.0 = Release|ARM
		{289D747A-B454-4B8A-9A4E-C857CC8F900A}.Release|x64.ActiveCfg = Release|x64
		{289D747A-B454-4B8A-9A4E-C857CC8F900A}.Release|x64.Build.0 = Release|x64
		{289D747A-B454-4B8A-9A4E-C857CC8F900A}.Release|x86.ActiveCfg = Release|Win32
		{289D747A-B454-4B8A-9A4E-C857CC8F900A}.Release|x86.Build.0 = Release|Win32
		{8D7F0687-53BE-4DCA-BD12-5DF9199D2A82}.Debug|Any CPU.ActiveCfg = Debug|Win32
		{8D7F0687-53BE-4DCA-BD12-5DF9199D2A82}.Debug|ARM.ActiveCfg = Debug|ARM
		{8D7F0687-53BE-4DCA-BD12-5DF9199D2A82}.Debug|ARM.Build.0 = Debug|ARM
		{8D7F0687-53BE-4DCA-BD12-5DF9199D2A82}.Debug|x64.ActiveCfg = Debug|x64
		{8D7F0687-53BE-4DCA-BD12-5DF9199D2A82}.Debug|x64.Build.0 = Debug|x64
		{8D7F0687-53BE-4DCA-BD12-5DF9199D2A82}.Debug|x86.ActiveCfg = Debug|Win32
		{8D7F0687-53BE-4DCA-BD12-5DF9199D2A82}.Debug|x86.Build.0 = Debug|Win32
		{8D7F0687-53BE-4DCA-BD12-5DF9199D2A82}.Release|Any CPU.ActiveCfg = Release|Win32
		{8D7F0687-53BE-4DCA-BD12-5DF9199D2A82}.Release|ARM.ActiveCfg = Release|ARM
		{8D7F0687-53BE-4DCA-BD12-5DF9199D2A82}.Release|ARM.Build.0 = Release|ARM
		{8D7F0687-53BE-4DCA-BD12-5DF9199D2A82}.Release|x64.ActiveCfg = Release|x64
		{8D7F0687-53BE-4DCA-BD12-5DF9199D2A82}.Release|x64.Build.0 = Release|x64
		{8D7F0687-53BE-4DCA-BD12-5DF9199D2A82}.Release|x86.ActiveCfg = Release|Win32
		{8D7F0687-53BE-4DCA-BD12-5DF9199D2A82}.Release|x86.Build.0 = Release|Win32
		{181FCC20-947E-43E7-8B6F-A5E398BA908D}.Debug|Any CPU.ActiveCfg = Debug|Win32
		{181FCC20-947E-43E7-8B6F-A5E398BA908D}.Debug|ARM.ActiveCfg = Debug|ARM
		{181FCC20-947E-43E7-8B6F-A5E398BA908D}.Debug|ARM.Build.0 = Debug|ARM
		{181FCC20-947E-43E7-8B6F-A5E398BA908D}.Debug|x64.ActiveCfg = Debug|x64
		{181FCC20-947E-43E7-8B6F-A5E398BA908D}.Debug|x64.Build.0 = Debug|x64
		{181FCC20-947E-43E7-8B6F-A5E398BA908D}.Debug|x86.ActiveCfg = Debug|Win32
		{181FCC20-947E-43E7-8B6F-A5E398BA908D}.Debug|x86.Build.0 = Debug|Win32
		{181FCC20-947E-43E7-8B6F-A5E398BA908D}.Release|Any CPU.ActiveCfg = Release|Win32
		{181FCC20-947E-43E7-8B6F-A5E398BA908D}.Release|ARM.ActiveCfg = Release|ARM
		{181FCC20-947E-43E7-8B6F-A5E398BA908D}.Release|ARM.Build.0 = Release|ARM
		{181FCC20-947E-43E7-8B6F-A5E398BA908D}.Release|x64.ActiveCfg = Release|x64
		{181FCC20-947E-43E7-8B6F-A5E398BA908D}.Release|x64.Build.0 = Release|x64
		{181FCC20-947E-43E7-8B6F-A5E398BA908D}.Release|x86.ActiveCfg = Release|Win32
		{181FCC20-947E-43E7-8B6F-A5E398BA908D}.Release|x86.Build.0 = Release|Win32
		{21304977-4E0D-41B1-BBA9-C716C9BDE052}.Debug|Any CPU.ActiveCfg = Debug|Win32
		{21304977-4E0D-41B1-BBA9-C716C9BDE052}.Debug|ARM.ActiveCfg = Debug|ARM
		{21304977-4E0D-41B1-BBA9-C716C9BDE052}.Debug|ARM.Build.0 = Debug|ARM
		{21304977-4E0D-41B1-BBA9-C716C9BDE052}.Debug|x64.ActiveCfg = Debug|x64
		{21304977-4E0D-41B1-BBA9-C716C9BDE052}.Debug|x64.Build.0 = Debug|x64
		{21304977-4E0D-41B1-BBA9-C716C9BDE052}.Debug|x86.ActiveCfg = Debug|Win32
		{21304977-4E0D-41B1-BBA9-C716C9BDE052}.Debug|x86.Build.0 = Debug|Win32
		{21304977-4E0D-41B1-BBA9-C716C9BDE052}.Release|Any CPU.ActiveCfg = Release|Win32
		{21304977-4E0D-41B1-BBA9-C716C9BDE052}.Release|ARM.ActiveCfg = Release|ARM
		{21304977-4E0D-41B1-BBA9-C716C9BDE052}.Release|ARM.Build.0 = Release|ARM
		{21304977-4E0D-41B1-BBA9-C716C9BDE052}.Release|x64.ActiveCfg = Release|x64
		{21304977-4E0D-41B1-BBA9-C716C9BDE052}.Release|x64.Build.0 = Release|x64
		{21304977-4E0D-41B1-BBA9-C716C9BDE052}.Release|x86.ActiveCfg = Release|Win32
		{21304977-4E0D-41B1-BBA9-C716C9BDE052}.Release|x86.Build.0 = Release|Win32
		{9CB2D5C0-F782-44CB-9F00-278B643E40A3}.Debug|Any CPU.ActiveCfg = Debug|Win32
		{9CB2D5C0-F782-44CB-9F00-278B643E40A3}.Debug|ARM.ActiveCfg = Debug|ARM
		{9CB2D5C0-F782-44CB-9F00-278B643E40A3}.Debug|ARM.Build.0 = Debug|ARM
		{9CB2D5C0-F782-44CB-9F00-278B643E40A3}.Debug|x64.ActiveCfg = Debug|x64
		{9CB2D5C0-F782-44CB-9F00-278B643E40A3}.Debug|x64.Build.0 = Debug|x64
		{9CB2D5C0-F782-44CB-9F00-278B643E40A3}.Debug|x86.ActiveCfg = Debug|Win32
		{9CB2D5C0-F782-44CB-9F00-278B643E40A3}.Debug|x86.Build.0 = Debug|Win32
		{9CB2D5C0-F782-44CB-9F00-278B643E40A3}.Release|Any CPU.ActiveCfg = Release|Win32
		{9CB2D5C0-F782-44CB-9F00-278B643E40A3}.Release|ARM.ActiveCfg = Release|ARM
		{9CB2D5C0-F782-44CB-9F00-278B643E40A3}.Release|ARM.Build.0 = Release|ARM
		{9CB2D5C0-F782-44CB-9F00-278B643E40A3}.Release|x64.ActiveCfg = Release|x64
		{9CB2D5C0-F782-44CB-9F00-278B643E40A3}.Release|x64.Build.0 = Release|x64
		{9CB2D5C0-F782-44CB-9F00-278B643E40A3}.Release|x86.ActiveCfg = Release|Win32
		{9CB2D5C0-F782-44CB-9F00-278B643E40A3}.Release|x86.Build.0 = Release|Win32
		{A030F979-93FE-4398-A91B-961A6A462573}.Debug|Any CPU.ActiveCfg = Debug|Win32
		{A030F979-93FE-4398-A91B-961A6A462573}.Debug|ARM.ActiveCfg = Debug|ARM
		{A030F979-93FE-4398-A91B-961A6A462573}.Debug|ARM.Build.0 = Debug|ARM
		{A030F979-93FE-4398-A91B-961A6A462573}.Debug|x64.ActiveCfg = Debug|x64
		{A030F979-93FE-4398-A91B-961A6A462573}.Debug|x64.Build.0 = Debug|x64
		{A030F979-93FE-4398-A91B-961A6A462573}.Debug|x86.ActiveCfg = Debug|Win32
		{A030F979-93FE-4398-A91B-961A6A462573}.Debug|x86.Build.0 = Debug|Win32
		{A030F979-93FE-4398-A91B-961A6A462573}.Release|Any CPU.ActiveCfg = Release|Win32
		{A030F979-93FE-4398-A91B-961A6A462573}.Release|ARM.ActiveCfg = Release|ARM
		{A030F979-93FE-4398-A91B-961A6A462573}.Release|ARM.Build.0 = Release|ARM
		{A030F979-93FE-4398-A91B-961A6A462573}.Release|x64.ActiveCfg = Release|x64
		{A030F979-93FE-4398-A91B-961A6A462573}.Release|x64.Build.0 = Release|x64
		{A030F979-93FE-4398-A91B-961A6A462573}.Release|x86.ActiveCfg = Release|Win32
		{A030F979-93FE-4398-A91B-961A6A462573}.Release|x86.Build.0 = Release|Win32
		{61261F4E-4C66-402B-89BE-1D854C65A7FF}.Debug|Any CPU.ActiveCfg = Debug|Any CPU
		{61261F4E-4C66-402B-89BE-1D854C65A7FF}.Debug|Any CPU.Build.0 = Debug|Any CPU
		{61261F4E-4C66-402B-89BE-1D854C65A7FF}.Debug|ARM.ActiveCfg = Debug|Any CPU
		{61261F4E-4C66-402B-89BE-1D854C65A7FF}.Debug|ARM.Build.0 = Debug|Any CPU
		{61261F4E-4C66-402B-89BE-1D854C65A7FF}.Debug|x64.ActiveCfg = Debug|Any CPU
		{61261F4E-4C66-402B-89BE-1D854C65A7FF}.Debug|x64.Build.0 = Debug|Any CPU
		{61261F4E-4C66-402B-89BE-1D854C65A7FF}.Debug|x86.ActiveCfg = Debug|Any CPU
		{61261F4E-4C66-402B-89BE-1D854C65A7FF}.Debug|x86.Build.0 = Debug|Any CPU
		{61261F4E-4C66-402B-89BE-1D854C65A7FF}.Release|Any CPU.ActiveCfg = Release|Any CPU
		{61261F4E-4C66-402B-89BE-1D854C65A7FF}.Release|Any CPU.Build.0 = Release|Any CPU
		{61261F4E-4C66-402B-89BE-1D854C65A7FF}.Release|ARM.ActiveCfg = Release|Any CPU
		{61261F4E-4C66-402B-89BE-1D854C65A7FF}.Release|ARM.Build.0 = Release|Any CPU
		{61261F4E-4C66-402B-89BE-1D854C65A7FF}.Release|x64.ActiveCfg = Release|Any CPU
		{61261F4E-4C66-402B-89BE-1D854C65A7FF}.Release|x64.Build.0 = Release|Any CPU
		{61261F4E-4C66-402B-89BE-1D854C65A7FF}.Release|x86.ActiveCfg = Release|Any CPU
		{61261F4E-4C66-402B-89BE-1D854C65A7FF}.Release|x86.Build.0 = Release|Any CPU
		{4FC73E3B-43F0-4830-8DFD-7D32A97D5029}.Debug|Any CPU.ActiveCfg = Debug|Any CPU
		{4FC73E3B-43F0-4830-8DFD-7D32A97D5029}.Debug|Any CPU.Build.0 = Debug|Any CPU
		{4FC73E3B-43F0-4830-8DFD-7D32A97D5029}.Debug|ARM.ActiveCfg = Debug|Any CPU
		{4FC73E3B-43F0-4830-8DFD-7D32A97D5029}.Debug|ARM.Build.0 = Debug|Any CPU
		{4FC73E3B-43F0-4830-8DFD-7D32A97D5029}.Debug|x64.ActiveCfg = Debug|Any CPU
		{4FC73E3B-43F0-4830-8DFD-7D32A97D5029}.Debug|x64.Build.0 = Debug|Any CPU
		{4FC73E3B-43F0-4830-8DFD-7D32A97D5029}.Debug|x86.ActiveCfg = Debug|Any CPU
		{4FC73E3B-43F0-4830-8DFD-7D32A97D5029}.Debug|x86.Build.0 = Debug|Any CPU
		{4FC73E3B-43F0-4830-8DFD-7D32A97D5029}.Release|Any CPU.ActiveCfg = Release|Any CPU
		{4FC73E3B-43F0-4830-8DFD-7D32A97D5029}.Release|Any CPU.Build.0 = Release|Any CPU
		{4FC73E3B-43F0-4830-8DFD-7D32A97D5029}.Release|ARM.ActiveCfg = Release|Any CPU
		{4FC73E3B-43F0-4830-8DFD-7D32A97D5029}.Release|ARM.Build.0 = Release|Any CPU
		{4FC73E3B-43F0-4830-8DFD-7D32A97D5029}.Release|x64.ActiveCfg = Release|Any CPU
		{4FC73E3B-43F0-4830-8DFD-7D32A97D5029}.Release|x64.Build.0 = Release|Any CPU
		{4FC73E3B-43F0-4830-8DFD-7D32A97D5029}.Release|x86.ActiveCfg = Release|Any CPU
		{4FC73E3B-43F0-4830-8DFD-7D32A97D5029}.Release|x86.Build.0 = Release|Any CPU
		{779DB671-5E45-416F-8780-FA09CDAEE18F}.Debug|Any CPU.ActiveCfg = Debug|Any CPU
		{779DB671-5E45-416F-8780-FA09CDAEE18F}.Debug|Any CPU.Build.0 = Debug|Any CPU
		{779DB671-5E45-416F-8780-FA09CDAEE18F}.Debug|ARM.ActiveCfg = Debug|Any CPU
		{779DB671-5E45-416F-8780-FA09CDAEE18F}.Debug|ARM.Build.0 = Debug|Any CPU
		{779DB671-5E45-416F-8780-FA09CDAEE18F}.Debug|x64.ActiveCfg = Debug|Any CPU
		{779DB671-5E45-416F-8780-FA09CDAEE18F}.Debug|x64.Build.0 = Debug|Any CPU
		{779DB671-5E45-416F-8780-FA09CDAEE18F}.Debug|x86.ActiveCfg = Debug|Any CPU
		{779DB671-5E45-416F-8780-FA09CDAEE18F}.Debug|x86.Build.0 = Debug|Any CPU
		{779DB671-5E45-416F-8780-FA09CDAEE18F}.Release|Any CPU.ActiveCfg = Release|Any CPU
		{779DB671-5E45-416F-8780-FA09CDAEE18F}.Release|Any CPU.Build.0 = Release|Any CPU
		{779DB671-5E45-416F-8780-FA09CDAEE18F}.Release|ARM.ActiveCfg = Release|Any CPU
		{779DB671-5E45-416F-8780-FA09CDAEE18F}.Release|ARM.Build.0 = Release|Any CPU
		{779DB671-5E45-416F-8780-FA09CDAEE18F}.Release|x64.ActiveCfg = Release|Any CPU
		{779DB671-5E45-416F-8780-FA09CDAEE18F}.Release|x64.Build.0 = Release|Any CPU
		{779DB671-5E45-416F-8780-FA09CDAEE18F}.Release|x86.ActiveCfg = Release|Any CPU
		{779DB671-5E45-416F-8780-FA09CDAEE18F}.Release|x86.Build.0 = Release|Any CPU
		{11582216-FB0E-4C91-BDA6-DD04BD1F3681}.Debug|Any CPU.ActiveCfg = Debug|Any CPU
		{11582216-FB0E-4C91-BDA6-DD04BD1F3681}.Debug|Any CPU.Build.0 = Debug|Any CPU
		{11582216-FB0E-4C91-BDA6-DD04BD1F3681}.Debug|ARM.ActiveCfg = Debug|Any CPU
		{11582216-FB0E-4C91-BDA6-DD04BD1F3681}.Debug|ARM.Build.0 = Debug|Any CPU
		{11582216-FB0E-4C91-BDA6-DD04BD1F3681}.Debug|x64.ActiveCfg = Debug|Any CPU
		{11582216-FB0E-4C91-BDA6-DD04BD1F3681}.Debug|x64.Build.0 = Debug|Any CPU
		{11582216-FB0E-4C91-BDA6-DD04BD1F3681}.Debug|x86.ActiveCfg = Debug|Any CPU
		{11582216-FB0E-4C91-BDA6-DD04BD1F3681}.Debug|x86.Build.0 = Debug|Any CPU
		{11582216-FB0E-4C91-BDA6-DD04BD1F3681}.Release|Any CPU.ActiveCfg = Release|Any CPU
		{11582216-FB0E-4C91-BDA6-DD04BD1F3681}.Release|Any CPU.Build.0 = Release|Any CPU
		{11582216-FB0E-4C91-BDA6-DD04BD1F3681}.Release|ARM.ActiveCfg = Release|Any CPU
		{11582216-FB0E-4C91-BDA6-DD04BD1F3681}.Release|ARM.Build.0 = Release|Any CPU
		{11582216-FB0E-4C91-BDA6-DD04BD1F3681}.Release|x64.ActiveCfg = Release|Any CPU
		{11582216-FB0E-4C91-BDA6-DD04BD1F3681}.Release|x64.Build.0 = Release|Any CPU
		{11582216-FB0E-4C91-BDA6-DD04BD1F3681}.Release|x86.ActiveCfg = Release|Any CPU
		{11582216-FB0E-4C91-BDA6-DD04BD1F3681}.Release|x86.Build.0 = Release|Any CPU
		{1BD40E0B-9903-473B-8343-4EBDF6A1868A}.Debug|Any CPU.ActiveCfg = Debug|Any CPU
		{1BD40E0B-9903-473B-8343-4EBDF6A1868A}.Debug|Any CPU.Build.0 = Debug|Any CPU
		{1BD40E0B-9903-473B-8343-4EBDF6A1868A}.Debug|ARM.ActiveCfg = Debug|Any CPU
		{1BD40E0B-9903-473B-8343-4EBDF6A1868A}.Debug|ARM.Build.0 = Debug|Any CPU
		{1BD40E0B-9903-473B-8343-4EBDF6A1868A}.Debug|x64.ActiveCfg = Debug|Any CPU
		{1BD40E0B-9903-473B-8343-4EBDF6A1868A}.Debug|x64.Build.0 = Debug|Any CPU
		{1BD40E0B-9903-473B-8343-4EBDF6A1868A}.Debug|x86.ActiveCfg = Debug|Any CPU
		{1BD40E0B-9903-473B-8343-4EBDF6A1868A}.Debug|x86.Build.0 = Debug|Any CPU
		{1BD40E0B-9903-473B-8343-4EBDF6A1868A}.Release|Any CPU.ActiveCfg = Release|Any CPU
		{1BD40E0B-9903-473B-8343-4EBDF6A1868A}.Release|Any CPU.Build.0 = Release|Any CPU
		{1BD40E0B-9903-473B-8343-4EBDF6A1868A}.Release|ARM.ActiveCfg = Release|Any CPU
		{1BD40E0B-9903-473B-8343-4EBDF6A1868A}.Release|ARM.Build.0 = Release|Any CPU
		{1BD40E0B-9903-473B-8343-4EBDF6A1868A}.Release|x64.ActiveCfg = Release|Any CPU
		{1BD40E0B-9903-473B-8343-4EBDF6A1868A}.Release|x64.Build.0 = Release|Any CPU
		{1BD40E0B-9903-473B-8343-4EBDF6A1868A}.Release|x86.ActiveCfg = Release|Any CPU
		{1BD40E0B-9903-473B-8343-4EBDF6A1868A}.Release|x86.Build.0 = Release|Any CPU
		{12DE3993-821A-400F-A154-13CA8AA21BB5}.Debug|Any CPU.ActiveCfg = Debug|x86
		{12DE3993-821A-400F-A154-13CA8AA21BB5}.Debug|ARM.ActiveCfg = Debug|ARM
		{12DE3993-821A-400F-A154-13CA8AA21BB5}.Debug|ARM.Build.0 = Debug|ARM
		{12DE3993-821A-400F-A154-13CA8AA21BB5}.Debug|ARM.Deploy.0 = Debug|ARM
		{12DE3993-821A-400F-A154-13CA8AA21BB5}.Debug|x64.ActiveCfg = Debug|x64
		{12DE3993-821A-400F-A154-13CA8AA21BB5}.Debug|x64.Build.0 = Debug|x64
		{12DE3993-821A-400F-A154-13CA8AA21BB5}.Debug|x64.Deploy.0 = Debug|x64
		{12DE3993-821A-400F-A154-13CA8AA21BB5}.Debug|x86.ActiveCfg = Debug|x86
		{12DE3993-821A-400F-A154-13CA8AA21BB5}.Debug|x86.Build.0 = Debug|x86
		{12DE3993-821A-400F-A154-13CA8AA21BB5}.Debug|x86.Deploy.0 = Debug|x86
		{12DE3993-821A-400F-A154-13CA8AA21BB5}.Release|Any CPU.ActiveCfg = Release|x86
		{12DE3993-821A-400F-A154-13CA8AA21BB5}.Release|ARM.ActiveCfg = Release|ARM
		{12DE3993-821A-400F-A154-13CA8AA21BB5}.Release|ARM.Build.0 = Release|ARM
		{12DE3993-821A-400F-A154-13CA8AA21BB5}.Release|ARM.Deploy.0 = Release|ARM
		{12DE3993-821A-400F-A154-13CA8AA21BB5}.Release|x64.ActiveCfg = Release|x64
		{12DE3993-821A-400F-A154-13CA8AA21BB5}.Release|x64.Build.0 = Release|x64
		{12DE3993-821A-400F-A154-13CA8AA21BB5}.Release|x64.Deploy.0 = Release|x64
		{12DE3993-821A-400F-A154-13CA8AA21BB5}.Release|x86.ActiveCfg = Release|x86
		{12DE3993-821A-400F-A154-13CA8AA21BB5}.Release|x86.Build.0 = Release|x86
		{12DE3993-821A-400F-A154-13CA8AA21BB5}.Release|x86.Deploy.0 = Release|x86
		{0D8D76F1-1383-437C-9482-BBD3C9723768}.Debug|Any CPU.ActiveCfg = Debug|Any CPU
		{0D8D76F1-1383-437C-9482-BBD3C9723768}.Debug|Any CPU.Build.0 = Debug|Any CPU
		{0D8D76F1-1383-437C-9482-BBD3C9723768}.Debug|ARM.ActiveCfg = Debug|ARM
		{0D8D76F1-1383-437C-9482-BBD3C9723768}.Debug|ARM.Build.0 = Debug|ARM
		{0D8D76F1-1383-437C-9482-BBD3C9723768}.Debug|x64.ActiveCfg = Debug|x64
		{0D8D76F1-1383-437C-9482-BBD3C9723768}.Debug|x64.Build.0 = Debug|x64
		{0D8D76F1-1383-437C-9482-BBD3C9723768}.Debug|x86.ActiveCfg = Debug|x86
		{0D8D76F1-1383-437C-9482-BBD3C9723768}.Debug|x86.Build.0 = Debug|x86
		{0D8D76F1-1383-437C-9482-BBD3C9723768}.Release|Any CPU.ActiveCfg = Release|Any CPU
		{0D8D76F1-1383-437C-9482-BBD3C9723768}.Release|Any CPU.Build.0 = Release|Any CPU
		{0D8D76F1-1383-437C-9482-BBD3C9723768}.Release|ARM.ActiveCfg = Release|ARM
		{0D8D76F1-1383-437C-9482-BBD3C9723768}.Release|ARM.Build.0 = Release|ARM
		{0D8D76F1-1383-437C-9482-BBD3C9723768}.Release|x64.ActiveCfg = Release|x64
		{0D8D76F1-1383-437C-9482-BBD3C9723768}.Release|x64.Build.0 = Release|x64
		{0D8D76F1-1383-437C-9482-BBD3C9723768}.Release|x86.ActiveCfg = Release|x86
		{0D8D76F1-1383-437C-9482-BBD3C9723768}.Release|x86.Build.0 = Release|x86
		{A9ED76C1-034B-41C6-805C-9176C0128E41}.Debug|Any CPU.ActiveCfg = Debug|Any CPU
		{A9ED76C1-034B-41C6-805C-9176C0128E41}.Debug|Any CPU.Build.0 = Debug|Any CPU
		{A9ED76C1-034B-41C6-805C-9176C0128E41}.Debug|ARM.ActiveCfg = Debug|Any CPU
		{A9ED76C1-034B-41C6-805C-9176C0128E41}.Debug|ARM.Build.0 = Debug|Any CPU
		{A9ED76C1-034B-41C6-805C-9176C0128E41}.Debug|x64.ActiveCfg = Debug|Any CPU
		{A9ED76C1-034B-41C6-805C-9176C0128E41}.Debug|x64.Build.0 = Debug|Any CPU
		{A9ED76C1-034B-41C6-805C-9176C0128E41}.Debug|x86.ActiveCfg = Debug|Any CPU
		{A9ED76C1-034B-41C6-805C-9176C0128E41}.Debug|x86.Build.0 = Debug|Any CPU
		{A9ED76C1-034B-41C6-805C-9176C0128E41}.Release|Any CPU.ActiveCfg = Release|Any CPU
		{A9ED76C1-034B-41C6-805C-9176C0128E41}.Release|Any CPU.Build.0 = Release|Any CPU
		{A9ED76C1-034B-41C6-805C-9176C0128E41}.Release|ARM.ActiveCfg = Release|Any CPU
		{A9ED76C1-034B-41C6-805C-9176C0128E41}.Release|ARM.Build.0 = Release|Any CPU
		{A9ED76C1-034B-41C6-805C-9176C0128E41}.Release|x64.ActiveCfg = Release|Any CPU
		{A9ED76C1-034B-41C6-805C-9176C0128E41}.Release|x64.Build.0 = Release|Any CPU
		{A9ED76C1-034B-41C6-805C-9176C0128E41}.Release|x86.ActiveCfg = Release|Any CPU
		{A9ED76C1-034B-41C6-805C-9176C0128E41}.Release|x86.Build.0 = Release|Any CPU
		{D5004EEC-FAA3-453F-846E-04400574D165}.Debug|Any CPU.ActiveCfg = Debug|Any CPU
		{D5004EEC-FAA3-453F-846E-04400574D165}.Debug|Any CPU.Build.0 = Debug|Any CPU
		{D5004EEC-FAA3-453F-846E-04400574D165}.Debug|ARM.ActiveCfg = Debug|Any CPU
		{D5004EEC-FAA3-453F-846E-04400574D165}.Debug|ARM.Build.0 = Debug|Any CPU
		{D5004EEC-FAA3-453F-846E-04400574D165}.Debug|x64.ActiveCfg = Debug|Any CPU
		{D5004EEC-FAA3-453F-846E-04400574D165}.Debug|x64.Build.0 = Debug|Any CPU
		{D5004EEC-FAA3-453F-846E-04400574D165}.Debug|x86.ActiveCfg = Debug|Any CPU
		{D5004EEC-FAA3-453F-846E-04400574D165}.Debug|x86.Build.0 = Debug|Any CPU
		{D5004EEC-FAA3-453F-846E-04400574D165}.Release|Any CPU.ActiveCfg = Release|Any CPU
		{D5004EEC-FAA3-453F-846E-04400574D165}.Release|Any CPU.Build.0 = Release|Any CPU
		{D5004EEC-FAA3-453F-846E-04400574D165}.Release|ARM.ActiveCfg = Release|Any CPU
		{D5004EEC-FAA3-453F-846E-04400574D165}.Release|ARM.Build.0 = Release|Any CPU
		{D5004EEC-FAA3-453F-846E-04400574D165}.Release|x64.ActiveCfg = Release|Any CPU
		{D5004EEC-FAA3-453F-846E-04400574D165}.Release|x64.Build.0 = Release|Any CPU
		{D5004EEC-FAA3-453F-846E-04400574D165}.Release|x86.ActiveCfg = Release|Any CPU
		{D5004EEC-FAA3-453F-846E-04400574D165}.Release|x86.Build.0 = Release|Any CPU
		{C177DD85-D6CD-47DF-BE35-C9B832F030AB}.Debug|Any CPU.ActiveCfg = Debug|Any CPU
		{C177DD85-D6CD-47DF-BE35-C9B832F030AB}.Debug|Any CPU.Build.0 = Debug|Any CPU
		{C177DD85-D6CD-47DF-BE35-C9B832F030AB}.Debug|ARM.ActiveCfg = Debug|Any CPU
		{C177DD85-D6CD-47DF-BE35-C9B832F030AB}.Debug|ARM.Build.0 = Debug|Any CPU
		{C177DD85-D6CD-47DF-BE35-C9B832F030AB}.Debug|x64.ActiveCfg = Debug|Any CPU
		{C177DD85-D6CD-47DF-BE35-C9B832F030AB}.Debug|x64.Build.0 = Debug|Any CPU
		{C177DD85-D6CD-47DF-BE35-C9B832F030AB}.Debug|x86.ActiveCfg = Debug|Any CPU
		{C177DD85-D6CD-47DF-BE35-C9B832F030AB}.Debug|x86.Build.0 = Debug|Any CPU
		{C177DD85-D6CD-47DF-BE35-C9B832F030AB}.Release|Any CPU.ActiveCfg = Release|Any CPU
		{C177DD85-D6CD-47DF-BE35-C9B832F030AB}.Release|Any CPU.Build.0 = Release|Any CPU
		{C177DD85-D6CD-47DF-BE35-C9B832F030AB}.Release|ARM.ActiveCfg = Release|Any CPU
		{C177DD85-D6CD-47DF-BE35-C9B832F030AB}.Release|ARM.Build.0 = Release|Any CPU
		{C177DD85-D6CD-47DF-BE35-C9B832F030AB}.Release|x64.ActiveCfg = Release|Any CPU
		{C177DD85-D6CD-47DF-BE35-C9B832F030AB}.Release|x64.Build.0 = Release|Any CPU
		{C177DD85-D6CD-47DF-BE35-C9B832F030AB}.Release|x86.ActiveCfg = Release|Any CPU
		{C177DD85-D6CD-47DF-BE35-C9B832F030AB}.Release|x86.Build.0 = Release|Any CPU
		{54C8EC8C-1C03-4FA8-9140-086A59B8109B}.Debug|Any CPU.ActiveCfg = Debug|Any CPU
		{54C8EC8C-1C03-4FA8-9140-086A59B8109B}.Debug|Any CPU.Build.0 = Debug|Any CPU
		{54C8EC8C-1C03-4FA8-9140-086A59B8109B}.Debug|ARM.ActiveCfg = Debug|Any CPU
		{54C8EC8C-1C03-4FA8-9140-086A59B8109B}.Debug|ARM.Build.0 = Debug|Any CPU
		{54C8EC8C-1C03-4FA8-9140-086A59B8109B}.Debug|x64.ActiveCfg = Debug|Any CPU
		{54C8EC8C-1C03-4FA8-9140-086A59B8109B}.Debug|x64.Build.0 = Debug|Any CPU
		{54C8EC8C-1C03-4FA8-9140-086A59B8109B}.Debug|x86.ActiveCfg = Debug|Any CPU
		{54C8EC8C-1C03-4FA8-9140-086A59B8109B}.Debug|x86.Build.0 = Debug|Any CPU
		{54C8EC8C-1C03-4FA8-9140-086A59B8109B}.Release|Any CPU.ActiveCfg = Release|Any CPU
		{54C8EC8C-1C03-4FA8-9140-086A59B8109B}.Release|Any CPU.Build.0 = Release|Any CPU
		{54C8EC8C-1C03-4FA8-9140-086A59B8109B}.Release|ARM.ActiveCfg = Release|Any CPU
		{54C8EC8C-1C03-4FA8-9140-086A59B8109B}.Release|ARM.Build.0 = Release|Any CPU
		{54C8EC8C-1C03-4FA8-9140-086A59B8109B}.Release|x64.ActiveCfg = Release|Any CPU
		{54C8EC8C-1C03-4FA8-9140-086A59B8109B}.Release|x64.Build.0 = Release|Any CPU
		{54C8EC8C-1C03-4FA8-9140-086A59B8109B}.Release|x86.ActiveCfg = Release|Any CPU
		{54C8EC8C-1C03-4FA8-9140-086A59B8109B}.Release|x86.Build.0 = Release|Any CPU
		{90861BD1-16F1-4986-AA37-94B135E0FC46}.Debug|Any CPU.ActiveCfg = Debug|Any CPU
		{90861BD1-16F1-4986-AA37-94B135E0FC46}.Debug|Any CPU.Build.0 = Debug|Any CPU
		{90861BD1-16F1-4986-AA37-94B135E0FC46}.Debug|ARM.ActiveCfg = Debug|Any CPU
		{90861BD1-16F1-4986-AA37-94B135E0FC46}.Debug|ARM.Build.0 = Debug|Any CPU
		{90861BD1-16F1-4986-AA37-94B135E0FC46}.Debug|x64.ActiveCfg = Debug|Any CPU
		{90861BD1-16F1-4986-AA37-94B135E0FC46}.Debug|x64.Build.0 = Debug|Any CPU
		{90861BD1-16F1-4986-AA37-94B135E0FC46}.Debug|x86.ActiveCfg = Debug|Any CPU
		{90861BD1-16F1-4986-AA37-94B135E0FC46}.Debug|x86.Build.0 = Debug|Any CPU
		{90861BD1-16F1-4986-AA37-94B135E0FC46}.Release|Any CPU.ActiveCfg = Release|Any CPU
		{90861BD1-16F1-4986-AA37-94B135E0FC46}.Release|Any CPU.Build.0 = Release|Any CPU
		{90861BD1-16F1-4986-AA37-94B135E0FC46}.Release|ARM.ActiveCfg = Release|Any CPU
		{90861BD1-16F1-4986-AA37-94B135E0FC46}.Release|ARM.Build.0 = Release|Any CPU
		{90861BD1-16F1-4986-AA37-94B135E0FC46}.Release|x64.ActiveCfg = Release|Any CPU
		{90861BD1-16F1-4986-AA37-94B135E0FC46}.Release|x64.Build.0 = Release|Any CPU
		{90861BD1-16F1-4986-AA37-94B135E0FC46}.Release|x86.ActiveCfg = Release|Any CPU
		{90861BD1-16F1-4986-AA37-94B135E0FC46}.Release|x86.Build.0 = Release|Any CPU
		{2317C404-6E11-4110-B79D-E87524BB7B12}.Debug|Any CPU.ActiveCfg = Debug|Any CPU
		{2317C404-6E11-4110-B79D-E87524BB7B12}.Debug|Any CPU.Build.0 = Debug|Any CPU
		{2317C404-6E11-4110-B79D-E87524BB7B12}.Debug|ARM.ActiveCfg = Debug|Any CPU
		{2317C404-6E11-4110-B79D-E87524BB7B12}.Debug|ARM.Build.0 = Debug|Any CPU
		{2317C404-6E11-4110-B79D-E87524BB7B12}.Debug|x64.ActiveCfg = Debug|Any CPU
		{2317C404-6E11-4110-B79D-E87524BB7B12}.Debug|x64.Build.0 = Debug|Any CPU
		{2317C404-6E11-4110-B79D-E87524BB7B12}.Debug|x86.ActiveCfg = Debug|Any CPU
		{2317C404-6E11-4110-B79D-E87524BB7B12}.Debug|x86.Build.0 = Debug|Any CPU
		{2317C404-6E11-4110-B79D-E87524BB7B12}.Release|Any CPU.ActiveCfg = Release|Any CPU
		{2317C404-6E11-4110-B79D-E87524BB7B12}.Release|Any CPU.Build.0 = Release|Any CPU
		{2317C404-6E11-4110-B79D-E87524BB7B12}.Release|ARM.ActiveCfg = Release|Any CPU
		{2317C404-6E11-4110-B79D-E87524BB7B12}.Release|ARM.Build.0 = Release|Any CPU
		{2317C404-6E11-4110-B79D-E87524BB7B12}.Release|x64.ActiveCfg = Release|Any CPU
		{2317C404-6E11-4110-B79D-E87524BB7B12}.Release|x64.Build.0 = Release|Any CPU
		{2317C404-6E11-4110-B79D-E87524BB7B12}.Release|x86.ActiveCfg = Release|Any CPU
		{2317C404-6E11-4110-B79D-E87524BB7B12}.Release|x86.Build.0 = Release|Any CPU
		{3CD5F011-0B1C-4F25-8527-0C8CB754F2FA}.Debug|Any CPU.ActiveCfg = Debug|Any CPU
		{3CD5F011-0B1C-4F25-8527-0C8CB754F2FA}.Debug|Any CPU.Build.0 = Debug|Any CPU
		{3CD5F011-0B1C-4F25-8527-0C8CB754F2FA}.Debug|ARM.ActiveCfg = Debug|Any CPU
		{3CD5F011-0B1C-4F25-8527-0C8CB754F2FA}.Debug|ARM.Build.0 = Debug|Any CPU
		{3CD5F011-0B1C-4F25-8527-0C8CB754F2FA}.Debug|x64.ActiveCfg = Debug|Any CPU
		{3CD5F011-0B1C-4F25-8527-0C8CB754F2FA}.Debug|x64.Build.0 = Debug|Any CPU
		{3CD5F011-0B1C-4F25-8527-0C8CB754F2FA}.Debug|x86.ActiveCfg = Debug|Any CPU
		{3CD5F011-0B1C-4F25-8527-0C8CB754F2FA}.Debug|x86.Build.0 = Debug|Any CPU
		{3CD5F011-0B1C-4F25-8527-0C8CB754F2FA}.Release|Any CPU.ActiveCfg = Release|Any CPU
		{3CD5F011-0B1C-4F25-8527-0C8CB754F2FA}.Release|Any CPU.Build.0 = Release|Any CPU
		{3CD5F011-0B1C-4F25-8527-0C8CB754F2FA}.Release|ARM.ActiveCfg = Release|Any CPU
		{3CD5F011-0B1C-4F25-8527-0C8CB754F2FA}.Release|ARM.Build.0 = Release|Any CPU
		{3CD5F011-0B1C-4F25-8527-0C8CB754F2FA}.Release|x64.ActiveCfg = Release|Any CPU
		{3CD5F011-0B1C-4F25-8527-0C8CB754F2FA}.Release|x64.Build.0 = Release|Any CPU
		{3CD5F011-0B1C-4F25-8527-0C8CB754F2FA}.Release|x86.ActiveCfg = Release|Any CPU
		{3CD5F011-0B1C-4F25-8527-0C8CB754F2FA}.Release|x86.Build.0 = Release|Any CPU
		{FE413FFE-C2FA-47FE-B4EE-21C8FBA50ADD}.Debug|Any CPU.ActiveCfg = Debug|Any CPU
		{FE413FFE-C2FA-47FE-B4EE-21C8FBA50ADD}.Debug|Any CPU.Build.0 = Debug|Any CPU
		{FE413FFE-C2FA-47FE-B4EE-21C8FBA50ADD}.Debug|ARM.ActiveCfg = Debug|Any CPU
		{FE413FFE-C2FA-47FE-B4EE-21C8FBA50ADD}.Debug|ARM.Build.0 = Debug|Any CPU
		{FE413FFE-C2FA-47FE-B4EE-21C8FBA50ADD}.Debug|x64.ActiveCfg = Debug|Any CPU
		{FE413FFE-C2FA-47FE-B4EE-21C8FBA50ADD}.Debug|x64.Build.0 = Debug|Any CPU
		{FE413FFE-C2FA-47FE-B4EE-21C8FBA50ADD}.Debug|x86.ActiveCfg = Debug|Any CPU
		{FE413FFE-C2FA-47FE-B4EE-21C8FBA50ADD}.Debug|x86.Build.0 = Debug|Any CPU
		{FE413FFE-C2FA-47FE-B4EE-21C8FBA50ADD}.Release|Any CPU.ActiveCfg = Release|Any CPU
		{FE413FFE-C2FA-47FE-B4EE-21C8FBA50ADD}.Release|Any CPU.Build.0 = Release|Any CPU
		{FE413FFE-C2FA-47FE-B4EE-21C8FBA50ADD}.Release|ARM.ActiveCfg = Release|Any CPU
		{FE413FFE-C2FA-47FE-B4EE-21C8FBA50ADD}.Release|ARM.Build.0 = Release|Any CPU
		{FE413FFE-C2FA-47FE-B4EE-21C8FBA50ADD}.Release|x64.ActiveCfg = Release|Any CPU
		{FE413FFE-C2FA-47FE-B4EE-21C8FBA50ADD}.Release|x64.Build.0 = Release|Any CPU
		{FE413FFE-C2FA-47FE-B4EE-21C8FBA50ADD}.Release|x86.ActiveCfg = Release|Any CPU
		{FE413FFE-C2FA-47FE-B4EE-21C8FBA50ADD}.Release|x86.Build.0 = Release|Any CPU
		{D44D2222-F2BD-431A-B7E2-23CA93EEDCF5}.Debug|Any CPU.ActiveCfg = Debug|Any CPU
		{D44D2222-F2BD-431A-B7E2-23CA93EEDCF5}.Debug|Any CPU.Build.0 = Debug|Any CPU
		{D44D2222-F2BD-431A-B7E2-23CA93EEDCF5}.Debug|ARM.ActiveCfg = Debug|Any CPU
		{D44D2222-F2BD-431A-B7E2-23CA93EEDCF5}.Debug|ARM.Build.0 = Debug|Any CPU
		{D44D2222-F2BD-431A-B7E2-23CA93EEDCF5}.Debug|x64.ActiveCfg = Debug|Any CPU
		{D44D2222-F2BD-431A-B7E2-23CA93EEDCF5}.Debug|x64.Build.0 = Debug|Any CPU
		{D44D2222-F2BD-431A-B7E2-23CA93EEDCF5}.Debug|x86.ActiveCfg = Debug|Any CPU
		{D44D2222-F2BD-431A-B7E2-23CA93EEDCF5}.Debug|x86.Build.0 = Debug|Any CPU
		{D44D2222-F2BD-431A-B7E2-23CA93EEDCF5}.Release|Any CPU.ActiveCfg = Release|Any CPU
		{D44D2222-F2BD-431A-B7E2-23CA93EEDCF5}.Release|Any CPU.Build.0 = Release|Any CPU
		{D44D2222-F2BD-431A-B7E2-23CA93EEDCF5}.Release|ARM.ActiveCfg = Release|Any CPU
		{D44D2222-F2BD-431A-B7E2-23CA93EEDCF5}.Release|ARM.Build.0 = Release|Any CPU
		{D44D2222-F2BD-431A-B7E2-23CA93EEDCF5}.Release|x64.ActiveCfg = Release|Any CPU
		{D44D2222-F2BD-431A-B7E2-23CA93EEDCF5}.Release|x64.Build.0 = Release|Any CPU
		{D44D2222-F2BD-431A-B7E2-23CA93EEDCF5}.Release|x86.ActiveCfg = Release|Any CPU
		{D44D2222-F2BD-431A-B7E2-23CA93EEDCF5}.Release|x86.Build.0 = Release|Any CPU
		{9DEE7739-FCF6-447C-B0A6-8B00B60E7160}.Debug|Any CPU.ActiveCfg = Debug|Any CPU
		{9DEE7739-FCF6-447C-B0A6-8B00B60E7160}.Debug|Any CPU.Build.0 = Debug|Any CPU
		{9DEE7739-FCF6-447C-B0A6-8B00B60E7160}.Debug|ARM.ActiveCfg = Debug|Any CPU
		{9DEE7739-FCF6-447C-B0A6-8B00B60E7160}.Debug|ARM.Build.0 = Debug|Any CPU
		{9DEE7739-FCF6-447C-B0A6-8B00B60E7160}.Debug|x64.ActiveCfg = Debug|Any CPU
		{9DEE7739-FCF6-447C-B0A6-8B00B60E7160}.Debug|x64.Build.0 = Debug|Any CPU
		{9DEE7739-FCF6-447C-B0A6-8B00B60E7160}.Debug|x86.ActiveCfg = Debug|Any CPU
		{9DEE7739-FCF6-447C-B0A6-8B00B60E7160}.Debug|x86.Build.0 = Debug|Any CPU
		{9DEE7739-FCF6-447C-B0A6-8B00B60E7160}.Release|Any CPU.ActiveCfg = Release|Any CPU
		{9DEE7739-FCF6-447C-B0A6-8B00B60E7160}.Release|Any CPU.Build.0 = Release|Any CPU
		{9DEE7739-FCF6-447C-B0A6-8B00B60E7160}.Release|ARM.ActiveCfg = Release|Any CPU
		{9DEE7739-FCF6-447C-B0A6-8B00B60E7160}.Release|ARM.Build.0 = Release|Any CPU
		{9DEE7739-FCF6-447C-B0A6-8B00B60E7160}.Release|x64.ActiveCfg = Release|Any CPU
		{9DEE7739-FCF6-447C-B0A6-8B00B60E7160}.Release|x64.Build.0 = Release|Any CPU
		{9DEE7739-FCF6-447C-B0A6-8B00B60E7160}.Release|x86.ActiveCfg = Release|Any CPU
		{9DEE7739-FCF6-447C-B0A6-8B00B60E7160}.Release|x86.Build.0 = Release|Any CPU
		{62CC9FE5-9440-4AE2-B57F-8F8789CF2266}.Debug|Any CPU.ActiveCfg = Debug|Any CPU
		{62CC9FE5-9440-4AE2-B57F-8F8789CF2266}.Debug|Any CPU.Build.0 = Debug|Any CPU
		{62CC9FE5-9440-4AE2-B57F-8F8789CF2266}.Debug|ARM.ActiveCfg = Debug|Any CPU
		{62CC9FE5-9440-4AE2-B57F-8F8789CF2266}.Debug|ARM.Build.0 = Debug|Any CPU
		{62CC9FE5-9440-4AE2-B57F-8F8789CF2266}.Debug|x64.ActiveCfg = Debug|Any CPU
		{62CC9FE5-9440-4AE2-B57F-8F8789CF2266}.Debug|x64.Build.0 = Debug|Any CPU
		{62CC9FE5-9440-4AE2-B57F-8F8789CF2266}.Debug|x86.ActiveCfg = Debug|Any CPU
		{62CC9FE5-9440-4AE2-B57F-8F8789CF2266}.Debug|x86.Build.0 = Debug|Any CPU
		{62CC9FE5-9440-4AE2-B57F-8F8789CF2266}.Release|Any CPU.ActiveCfg = Release|Any CPU
		{62CC9FE5-9440-4AE2-B57F-8F8789CF2266}.Release|Any CPU.Build.0 = Release|Any CPU
		{62CC9FE5-9440-4AE2-B57F-8F8789CF2266}.Release|ARM.ActiveCfg = Release|Any CPU
		{62CC9FE5-9440-4AE2-B57F-8F8789CF2266}.Release|ARM.Build.0 = Release|Any CPU
		{62CC9FE5-9440-4AE2-B57F-8F8789CF2266}.Release|x64.ActiveCfg = Release|Any CPU
		{62CC9FE5-9440-4AE2-B57F-8F8789CF2266}.Release|x64.Build.0 = Release|Any CPU
		{62CC9FE5-9440-4AE2-B57F-8F8789CF2266}.Release|x86.ActiveCfg = Release|Any CPU
		{62CC9FE5-9440-4AE2-B57F-8F8789CF2266}.Release|x86.Build.0 = Release|Any CPU
		{C1E87C7F-476B-4542-A5D6-8E99790E2300}.Debug|Any CPU.ActiveCfg = Debug|Any CPU
		{C1E87C7F-476B-4542-A5D6-8E99790E2300}.Debug|Any CPU.Build.0 = Debug|Any CPU
		{C1E87C7F-476B-4542-A5D6-8E99790E2300}.Debug|ARM.ActiveCfg = Debug|Any CPU
		{C1E87C7F-476B-4542-A5D6-8E99790E2300}.Debug|ARM.Build.0 = Debug|Any CPU
		{C1E87C7F-476B-4542-A5D6-8E99790E2300}.Debug|x64.ActiveCfg = Debug|Any CPU
		{C1E87C7F-476B-4542-A5D6-8E99790E2300}.Debug|x64.Build.0 = Debug|Any CPU
		{C1E87C7F-476B-4542-A5D6-8E99790E2300}.Debug|x86.ActiveCfg = Debug|Any CPU
		{C1E87C7F-476B-4542-A5D6-8E99790E2300}.Debug|x86.Build.0 = Debug|Any CPU
		{C1E87C7F-476B-4542-A5D6-8E99790E2300}.Release|Any CPU.ActiveCfg = Release|Any CPU
		{C1E87C7F-476B-4542-A5D6-8E99790E2300}.Release|Any CPU.Build.0 = Release|Any CPU
		{C1E87C7F-476B-4542-A5D6-8E99790E2300}.Release|ARM.ActiveCfg = Release|Any CPU
		{C1E87C7F-476B-4542-A5D6-8E99790E2300}.Release|ARM.Build.0 = Release|Any CPU
		{C1E87C7F-476B-4542-A5D6-8E99790E2300}.Release|x64.ActiveCfg = Release|Any CPU
		{C1E87C7F-476B-4542-A5D6-8E99790E2300}.Release|x64.Build.0 = Release|Any CPU
		{C1E87C7F-476B-4542-A5D6-8E99790E2300}.Release|x86.ActiveCfg = Release|Any CPU
		{C1E87C7F-476B-4542-A5D6-8E99790E2300}.Release|x86.Build.0 = Release|Any CPU
		{DDFC2C2D-9FB8-43DD-BB29-F751D291F33E}.Debug|Any CPU.ActiveCfg = Debug|Any CPU
		{DDFC2C2D-9FB8-43DD-BB29-F751D291F33E}.Debug|Any CPU.Build.0 = Debug|Any CPU
		{DDFC2C2D-9FB8-43DD-BB29-F751D291F33E}.Debug|ARM.ActiveCfg = Debug|Any CPU
		{DDFC2C2D-9FB8-43DD-BB29-F751D291F33E}.Debug|ARM.Build.0 = Debug|Any CPU
		{DDFC2C2D-9FB8-43DD-BB29-F751D291F33E}.Debug|x64.ActiveCfg = Debug|Any CPU
		{DDFC2C2D-9FB8-43DD-BB29-F751D291F33E}.Debug|x64.Build.0 = Debug|Any CPU
		{DDFC2C2D-9FB8-43DD-BB29-F751D291F33E}.Debug|x86.ActiveCfg = Debug|Any CPU
		{DDFC2C2D-9FB8-43DD-BB29-F751D291F33E}.Debug|x86.Build.0 = Debug|Any CPU
		{DDFC2C2D-9FB8-43DD-BB29-F751D291F33E}.Release|Any CPU.ActiveCfg = Release|Any CPU
		{DDFC2C2D-9FB8-43DD-BB29-F751D291F33E}.Release|Any CPU.Build.0 = Release|Any CPU
		{DDFC2C2D-9FB8-43DD-BB29-F751D291F33E}.Release|ARM.ActiveCfg = Release|Any CPU
		{DDFC2C2D-9FB8-43DD-BB29-F751D291F33E}.Release|ARM.Build.0 = Release|Any CPU
		{DDFC2C2D-9FB8-43DD-BB29-F751D291F33E}.Release|x64.ActiveCfg = Release|Any CPU
		{DDFC2C2D-9FB8-43DD-BB29-F751D291F33E}.Release|x64.Build.0 = Release|Any CPU
		{DDFC2C2D-9FB8-43DD-BB29-F751D291F33E}.Release|x86.ActiveCfg = Release|Any CPU
		{DDFC2C2D-9FB8-43DD-BB29-F751D291F33E}.Release|x86.Build.0 = Release|Any CPU
		{5C407CAB-14A1-469E-BCE2-7ED26E2FA5BC}.Debug|Any CPU.ActiveCfg = Debug|Any CPU
		{5C407CAB-14A1-469E-BCE2-7ED26E2FA5BC}.Debug|Any CPU.Build.0 = Debug|Any CPU
		{5C407CAB-14A1-469E-BCE2-7ED26E2FA5BC}.Debug|ARM.ActiveCfg = Debug|Any CPU
		{5C407CAB-14A1-469E-BCE2-7ED26E2FA5BC}.Debug|ARM.Build.0 = Debug|Any CPU
		{5C407CAB-14A1-469E-BCE2-7ED26E2FA5BC}.Debug|x64.ActiveCfg = Debug|Any CPU
		{5C407CAB-14A1-469E-BCE2-7ED26E2FA5BC}.Debug|x64.Build.0 = Debug|Any CPU
		{5C407CAB-14A1-469E-BCE2-7ED26E2FA5BC}.Debug|x86.ActiveCfg = Debug|Any CPU
		{5C407CAB-14A1-469E-BCE2-7ED26E2FA5BC}.Debug|x86.Build.0 = Debug|Any CPU
		{5C407CAB-14A1-469E-BCE2-7ED26E2FA5BC}.Release|Any CPU.ActiveCfg = Release|Any CPU
		{5C407CAB-14A1-469E-BCE2-7ED26E2FA5BC}.Release|Any CPU.Build.0 = Release|Any CPU
		{5C407CAB-14A1-469E-BCE2-7ED26E2FA5BC}.Release|ARM.ActiveCfg = Release|Any CPU
		{5C407CAB-14A1-469E-BCE2-7ED26E2FA5BC}.Release|ARM.Build.0 = Release|Any CPU
		{5C407CAB-14A1-469E-BCE2-7ED26E2FA5BC}.Release|x64.ActiveCfg = Release|Any CPU
		{5C407CAB-14A1-469E-BCE2-7ED26E2FA5BC}.Release|x64.Build.0 = Release|Any CPU
		{5C407CAB-14A1-469E-BCE2-7ED26E2FA5BC}.Release|x86.ActiveCfg = Release|Any CPU
		{5C407CAB-14A1-469E-BCE2-7ED26E2FA5BC}.Release|x86.Build.0 = Release|Any CPU
		{8CB06B21-915E-4C8E-9B2C-552BCEECE00F}.Debug|Any CPU.ActiveCfg = Debug|Any CPU
		{8CB06B21-915E-4C8E-9B2C-552BCEECE00F}.Debug|Any CPU.Build.0 = Debug|Any CPU
		{8CB06B21-915E-4C8E-9B2C-552BCEECE00F}.Debug|ARM.ActiveCfg = Debug|Any CPU
		{8CB06B21-915E-4C8E-9B2C-552BCEECE00F}.Debug|ARM.Build.0 = Debug|Any CPU
		{8CB06B21-915E-4C8E-9B2C-552BCEECE00F}.Debug|x64.ActiveCfg = Debug|Any CPU
		{8CB06B21-915E-4C8E-9B2C-552BCEECE00F}.Debug|x64.Build.0 = Debug|Any CPU
		{8CB06B21-915E-4C8E-9B2C-552BCEECE00F}.Debug|x86.ActiveCfg = Debug|Any CPU
		{8CB06B21-915E-4C8E-9B2C-552BCEECE00F}.Debug|x86.Build.0 = Debug|Any CPU
		{8CB06B21-915E-4C8E-9B2C-552BCEECE00F}.Release|Any CPU.ActiveCfg = Release|Any CPU
		{8CB06B21-915E-4C8E-9B2C-552BCEECE00F}.Release|Any CPU.Build.0 = Release|Any CPU
		{8CB06B21-915E-4C8E-9B2C-552BCEECE00F}.Release|ARM.ActiveCfg = Release|Any CPU
		{8CB06B21-915E-4C8E-9B2C-552BCEECE00F}.Release|ARM.Build.0 = Release|Any CPU
		{8CB06B21-915E-4C8E-9B2C-552BCEECE00F}.Release|x64.ActiveCfg = Release|Any CPU
		{8CB06B21-915E-4C8E-9B2C-552BCEECE00F}.Release|x64.Build.0 = Release|Any CPU
		{8CB06B21-915E-4C8E-9B2C-552BCEECE00F}.Release|x86.ActiveCfg = Release|Any CPU
		{8CB06B21-915E-4C8E-9B2C-552BCEECE00F}.Release|x86.Build.0 = Release|Any CPU
		{AA168014-F150-4A65-93F9-121DA3EB0A01}.Debug|Any CPU.ActiveCfg = Debug|Win32
		{AA168014-F150-4A65-93F9-121DA3EB0A01}.Debug|ARM.ActiveCfg = Debug|ARM
		{AA168014-F150-4A65-93F9-121DA3EB0A01}.Debug|ARM.Build.0 = Debug|ARM
		{AA168014-F150-4A65-93F9-121DA3EB0A01}.Debug|x64.ActiveCfg = Debug|x64
		{AA168014-F150-4A65-93F9-121DA3EB0A01}.Debug|x64.Build.0 = Debug|x64
		{AA168014-F150-4A65-93F9-121DA3EB0A01}.Debug|x86.ActiveCfg = Debug|Win32
		{AA168014-F150-4A65-93F9-121DA3EB0A01}.Debug|x86.Build.0 = Debug|Win32
		{AA168014-F150-4A65-93F9-121DA3EB0A01}.Release|Any CPU.ActiveCfg = Release|Win32
		{AA168014-F150-4A65-93F9-121DA3EB0A01}.Release|ARM.ActiveCfg = Release|ARM
		{AA168014-F150-4A65-93F9-121DA3EB0A01}.Release|ARM.Build.0 = Release|ARM
		{AA168014-F150-4A65-93F9-121DA3EB0A01}.Release|x64.ActiveCfg = Release|x64
		{AA168014-F150-4A65-93F9-121DA3EB0A01}.Release|x64.Build.0 = Release|x64
		{AA168014-F150-4A65-93F9-121DA3EB0A01}.Release|x86.ActiveCfg = Release|Win32
		{AA168014-F150-4A65-93F9-121DA3EB0A01}.Release|x86.Build.0 = Release|Win32
		{91AAFBE6-E59B-44CE-8BF6-7DE51010FF3F}.Debug|Any CPU.ActiveCfg = Debug|Any CPU
		{91AAFBE6-E59B-44CE-8BF6-7DE51010FF3F}.Debug|Any CPU.Build.0 = Debug|Any CPU
		{91AAFBE6-E59B-44CE-8BF6-7DE51010FF3F}.Debug|ARM.ActiveCfg = Debug|Any CPU
		{91AAFBE6-E59B-44CE-8BF6-7DE51010FF3F}.Debug|ARM.Build.0 = Debug|Any CPU
		{91AAFBE6-E59B-44CE-8BF6-7DE51010FF3F}.Debug|x64.ActiveCfg = Debug|Any CPU
		{91AAFBE6-E59B-44CE-8BF6-7DE51010FF3F}.Debug|x64.Build.0 = Debug|Any CPU
		{91AAFBE6-E59B-44CE-8BF6-7DE51010FF3F}.Debug|x86.ActiveCfg = Debug|Any CPU
		{91AAFBE6-E59B-44CE-8BF6-7DE51010FF3F}.Debug|x86.Build.0 = Debug|Any CPU
		{91AAFBE6-E59B-44CE-8BF6-7DE51010FF3F}.Release|Any CPU.ActiveCfg = Release|Any CPU
		{91AAFBE6-E59B-44CE-8BF6-7DE51010FF3F}.Release|Any CPU.Build.0 = Release|Any CPU
		{91AAFBE6-E59B-44CE-8BF6-7DE51010FF3F}.Release|ARM.ActiveCfg = Release|Any CPU
		{91AAFBE6-E59B-44CE-8BF6-7DE51010FF3F}.Release|ARM.Build.0 = Release|Any CPU
		{91AAFBE6-E59B-44CE-8BF6-7DE51010FF3F}.Release|x64.ActiveCfg = Release|Any CPU
		{91AAFBE6-E59B-44CE-8BF6-7DE51010FF3F}.Release|x64.Build.0 = Release|Any CPU
		{91AAFBE6-E59B-44CE-8BF6-7DE51010FF3F}.Release|x86.ActiveCfg = Release|Any CPU
		{91AAFBE6-E59B-44CE-8BF6-7DE51010FF3F}.Release|x86.Build.0 = Release|Any CPU
	EndGlobalSection
	GlobalSection(SolutionProperties) = preSolution
		HideSolutionNode = FALSE
	EndGlobalSection
	GlobalSection(NestedProjects) = preSolution
		{63E4B9AF-E8E7-4130-A6C1-E0FE46636A16} = {2E23AE05-7906-4836-8902-B95250E0B238}
		{E141E8D9-450D-40B5-B92A-36FA165E5005} = {2E23AE05-7906-4836-8902-B95250E0B238}
		{333702E3-70FF-42B7-9A1C-4E47192EC13E} = {2E23AE05-7906-4836-8902-B95250E0B238}
		{025DCDF6-0267-4873-8DDA-CB10E9A0B677} = {2E23AE05-7906-4836-8902-B95250E0B238}
		{5CFA4E87-5E7C-49EB-BDA6-52F31B40E1AA} = {2E23AE05-7906-4836-8902-B95250E0B238}
		{C2B6847A-DEEF-47BD-8FCE-2D58F207D457} = {2E23AE05-7906-4836-8902-B95250E0B238}
		{1448CCE7-B3E5-45AC-B4DA-7C08CDA78620} = {2E23AE05-7906-4836-8902-B95250E0B238}
		{9C03810D-90A4-4758-9F9E-24570C197418} = {2E23AE05-7906-4836-8902-B95250E0B238}
		{472E94A2-8046-4AFC-80F1-BD196E6B7172} = {2E23AE05-7906-4836-8902-B95250E0B238}
		{86FFA003-17D6-4475-8B2B-1CB5B228C881} = {2E23AE05-7906-4836-8902-B95250E0B238}
		{289D747A-B454-4B8A-9A4E-C857CC8F900A} = {2E23AE05-7906-4836-8902-B95250E0B238}
		{8D7F0687-53BE-4DCA-BD12-5DF9199D2A82} = {2E23AE05-7906-4836-8902-B95250E0B238}
		{181FCC20-947E-43E7-8B6F-A5E398BA908D} = {2E23AE05-7906-4836-8902-B95250E0B238}
		{21304977-4E0D-41B1-BBA9-C716C9BDE052} = {2E23AE05-7906-4836-8902-B95250E0B238}
		{9CB2D5C0-F782-44CB-9F00-278B643E40A3} = {2E23AE05-7906-4836-8902-B95250E0B238}
		{A030F979-93FE-4398-A91B-961A6A462573} = {2E23AE05-7906-4836-8902-B95250E0B238}
		{4FC73E3B-43F0-4830-8DFD-7D32A97D5029} = {23A762F6-CDBD-480A-A91B-5551C3E7F434}
		{779DB671-5E45-416F-8780-FA09CDAEE18F} = {23A762F6-CDBD-480A-A91B-5551C3E7F434}
		{3F31CF6F-C2DF-489A-9C2A-0B9958D0C143} = {23A762F6-CDBD-480A-A91B-5551C3E7F434}
		{11582216-FB0E-4C91-BDA6-DD04BD1F3681} = {2E23AE05-7906-4836-8902-B95250E0B238}
		{1BD40E0B-9903-473B-8343-4EBDF6A1868A} = {23A762F6-CDBD-480A-A91B-5551C3E7F434}
		{12DE3993-821A-400F-A154-13CA8AA21BB5} = {23A762F6-CDBD-480A-A91B-5551C3E7F434}
		{A9ED76C1-034B-41C6-805C-9176C0128E41} = {2E23AE05-7906-4836-8902-B95250E0B238}
		{D5004EEC-FAA3-453F-846E-04400574D165} = {2E23AE05-7906-4836-8902-B95250E0B238}
		{C177DD85-D6CD-47DF-BE35-C9B832F030AB} = {2E23AE05-7906-4836-8902-B95250E0B238}
		{54C8EC8C-1C03-4FA8-9140-086A59B8109B} = {2E23AE05-7906-4836-8902-B95250E0B238}
		{90861BD1-16F1-4986-AA37-94B135E0FC46} = {2E23AE05-7906-4836-8902-B95250E0B238}
		{2317C404-6E11-4110-B79D-E87524BB7B12} = {2E23AE05-7906-4836-8902-B95250E0B238}
		{3CD5F011-0B1C-4F25-8527-0C8CB754F2FA} = {2E23AE05-7906-4836-8902-B95250E0B238}
		{FE413FFE-C2FA-47FE-B4EE-21C8FBA50ADD} = {2E23AE05-7906-4836-8902-B95250E0B238}
		{D44D2222-F2BD-431A-B7E2-23CA93EEDCF5} = {2E23AE05-7906-4836-8902-B95250E0B238}
		{9DEE7739-FCF6-447C-B0A6-8B00B60E7160} = {2E23AE05-7906-4836-8902-B95250E0B238}
		{62CC9FE5-9440-4AE2-B57F-8F8789CF2266} = {2E23AE05-7906-4836-8902-B95250E0B238}
		{C1E87C7F-476B-4542-A5D6-8E99790E2300} = {2E23AE05-7906-4836-8902-B95250E0B238}
		{DDFC2C2D-9FB8-43DD-BB29-F751D291F33E} = {2E23AE05-7906-4836-8902-B95250E0B238}
		{5C407CAB-14A1-469E-BCE2-7ED26E2FA5BC} = {2E23AE05-7906-4836-8902-B95250E0B238}
		{8CB06B21-915E-4C8E-9B2C-552BCEECE00F} = {2E23AE05-7906-4836-8902-B95250E0B238}
		{91AAFBE6-E59B-44CE-8BF6-7DE51010FF3F} = {23A762F6-CDBD-480A-A91B-5551C3E7F434}
	EndGlobalSection
	GlobalSection(ExtensibilityGlobals) = postSolution
		SolutionGuid = {1F70E1C5-5C4E-4792-9108-D1BF76C09C3F}
	EndGlobalSection
EndGlobal
