
Microsoft Visual Studio Solution File, Format Version 12.00
# Visual Studio 15
VisualStudioVersion = 15.0.27130.2010
MinimumVisualStudioVersion = 10.0.40219.1
Project("{8BC9CEB8-8B4A-11D0-8D11-00A0C91BC942}") = "GPGX", "GPGX\GPGX.vcxproj", "{63E4B9AF-E8E7-4130-A6C1-E0FE46636A16}"
EndProject
Project("{8BC9CEB8-8B4A-11D0-8D11-00A0C91BC942}") = "GPGXRT", "GPGXRT\GPGXRT.vcxproj", "{82569D80-5620-4012-8314-26BFECB7C9D8}"
EndProject
Project("{FAE04EC0-301F-11D3-BF4B-00C04F79EFBC}") = "LibretroRT.Test", "LibretroRT.Test\LibretroRT.Test.csproj", "{AE7BE95F-6D28-4E0A-9051-732F47A8E8A6}"
EndProject
Project("{8BC9CEB8-8B4A-11D0-8D11-00A0C91BC942}") = "LibretroRT", "LibretroRT\LibretroRT.vcxproj", "{458B4CB3-2AF3-4F93-9397-67598FD764EE}"
EndProject
Project("{8BC9CEB8-8B4A-11D0-8D11-00A0C91BC942}") = "Snes9X", "Snes9X\Snes9X.vcxproj", "{E141E8D9-450D-40B5-B92A-36FA165E5005}"
EndProject
Project("{8BC9CEB8-8B4A-11D0-8D11-00A0C91BC942}") = "Snes9XRT", "Snes9XRT\Snes9XRT.vcxproj", "{AA3CE6BF-9976-4268-9B36-4956897F5185}"
EndProject
Project("{8BC9CEB8-8B4A-11D0-8D11-00A0C91BC942}") = "VBAM", "VBAM\VBAM.vcxproj", "{333702E3-70FF-42B7-9A1C-4E47192EC13E}"
EndProject
Project("{8BC9CEB8-8B4A-11D0-8D11-00A0C91BC942}") = "VBAMRT", "VBAMRT\VBAMRT.vcxproj", "{51EBAEE3-774B-4060-ADFA-C7C0A740B789}"
EndProject
Project("{2150E333-8FDC-42A3-9474-1A3956D46DE8}") = "Cores", "Cores", "{2E23AE05-7906-4836-8902-B95250E0B238}"
EndProject
Project("{8BC9CEB8-8B4A-11D0-8D11-00A0C91BC942}") = "Nestopia", "Nestopia\Nestopia.vcxproj", "{025DCDF6-0267-4873-8DDA-CB10E9A0B677}"
EndProject
Project("{8BC9CEB8-8B4A-11D0-8D11-00A0C91BC942}") = "NestopiaRT", "NestopiaRT\NestopiaRT.vcxproj", "{A1897C60-C8CA-45AC-8917-A4DCFBCAE523}"
EndProject
Project("{8BC9CEB8-8B4A-11D0-8D11-00A0C91BC942}") = "FCEUMM", "FCEUMM\FCEUMM.vcxproj", "{5CFA4E87-5E7C-49EB-BDA6-52F31B40E1AA}"
EndProject
Project("{8BC9CEB8-8B4A-11D0-8D11-00A0C91BC942}") = "FCEUMMRT", "FCEUMMRT\FCEUMMRT.vcxproj", "{024E6CCA-6D5D-45DC-8A5E-A4F2F94666EE}"
EndProject
Project("{8BC9CEB8-8B4A-11D0-8D11-00A0C91BC942}") = "Gambatte", "Gambatte\Gambatte.vcxproj", "{C2B6847A-DEEF-47BD-8FCE-2D58F207D457}"
EndProject
Project("{8BC9CEB8-8B4A-11D0-8D11-00A0C91BC942}") = "GambatteRT", "GambatteRT\GambatteRT.vcxproj", "{D19BFCE3-0233-4B39-8EA5-FA0EE0D4A753}"
EndProject
Project("{2150E333-8FDC-42A3-9474-1A3956D46DE8}") = "FrontendComponents", "FrontendComponents", "{D7A445C0-F588-4D6C-A5BB-7DDBA94AC903}"
EndProject
Project("{FAE04EC0-301F-11D3-BF4B-00C04F79EFBC}") = "LibretroRT.FrontendComponents.Common", "LibretroRT.FrontendComponents.Common\LibretroRT.FrontendComponents.Common.csproj", "{0BBA2068-71D5-4FEC-8E44-761D0E9B44D4}"
EndProject
Project("{FAE04EC0-301F-11D3-BF4B-00C04F79EFBC}") = "LibretroRT.FrontendComponents.InputManager", "LibretroRT.FrontendComponents.InputManager\LibretroRT.FrontendComponents.InputManager.csproj", "{0555A467-B1B2-4301-901C-0489F63B8ECC}"
EndProject
Project("{FAE04EC0-301F-11D3-BF4B-00C04F79EFBC}") = "LibretroRT.FrontendComponents.AudioGraphPlayer", "LibretroRT.FrontendComponents.AudioGraphPlayer\LibretroRT.FrontendComponents.AudioGraphPlayer.csproj", "{80DDA0D6-5181-49D1-9CB6-4A441E743086}"
EndProject
Project("{FAE04EC0-301F-11D3-BF4B-00C04F79EFBC}") = "LibretroRT.FrontendComponents.Win2DRenderer", "LibretroRT.FrontendComponents.Win2DRenderer\LibretroRT.FrontendComponents.Win2DRenderer.csproj", "{CC7FB684-776F-4902-BE3B-D354933EF2DC}"
EndProject
Project("{FAE04EC0-301F-11D3-BF4B-00C04F79EFBC}") = "RetriX.UWP", "RetriX.UWP\RetriX.UWP.csproj", "{17975A5B-67F5-494F-937D-9132AC78BD35}"
EndProject
Project("{9A19103F-16F7-4668-BE54-9A1E7A4F7556}") = "RetriX.Shared", "RetriX.Shared\RetriX.Shared.csproj", "{58B82D57-A956-4492-96FB-3E82FA82798A}"
EndProject
Project("{8BC9CEB8-8B4A-11D0-8D11-00A0C91BC942}") = "BeetlePSX", "BeetlePSX\BeetlePSX.vcxproj", "{1448CCE7-B3E5-45AC-B4DA-7C08CDA78620}"
EndProject
Project("{8BC9CEB8-8B4A-11D0-8D11-00A0C91BC942}") = "BeetlePSXRT", "BeetlePSXRT\BeetlePSXRT.vcxproj", "{D9B6BC43-A49F-4893-9556-5E9D51F7D5C1}"
EndProject
Project("{8BC9CEB8-8B4A-11D0-8D11-00A0C91BC942}") = "LibretroRT.FrontendComponents.Renderer", "LibretroRT.FrontendComponents.Renderer\LibretroRT.FrontendComponents.Renderer.vcxproj", "{70A8CB20-70CF-4351-B62D-E0755DFC15F0}"
EndProject
Project("{FAE04EC0-301F-11D3-BF4B-00C04F79EFBC}") = "LibretroRT.FrontendComponents.Win2DCoreRunner", "LibretroRT.FrontendComponents.Win2DCoreRunner\LibretroRT.FrontendComponents.Win2DCoreRunner.csproj", "{AF8ACEB6-36A7-4A72-8002-4682413A9103}"
EndProject
Project("{8BC9CEB8-8B4A-11D0-8D11-00A0C91BC942}") = "Yabause", "Yabause\Yabause.vcxproj", "{9C03810D-90A4-4758-9F9E-24570C197418}"
EndProject
Project("{8BC9CEB8-8B4A-11D0-8D11-00A0C91BC942}") = "YabauseRT", "YabauseRT\YabauseRT.vcxproj", "{A8F6202B-B329-4888-BA1A-8C841993B195}"
EndProject
Project("{8BC9CEB8-8B4A-11D0-8D11-00A0C91BC942}") = "MelonDS", "MelonDS\MelonDS.vcxproj", "{472E94A2-8046-4AFC-80F1-BD196E6B7172}"
EndProject
Project("{8BC9CEB8-8B4A-11D0-8D11-00A0C91BC942}") = "MelonDSRT", "MelonDSRT\MelonDSRT.vcxproj", "{196B484A-2687-410B-A17E-3CF1F000A471}"
EndProject
Project("{8BC9CEB8-8B4A-11D0-8D11-00A0C91BC942}") = "ParallelN64", "ParallelN64\ParallelN64.vcxproj", "{86FFA003-17D6-4475-8B2B-1CB5B228C881}"
EndProject
Project("{8BC9CEB8-8B4A-11D0-8D11-00A0C91BC942}") = "ParallelN64RT", "ParallelN64RT\ParallelN64RT.vcxproj", "{95540631-8E61-475D-BD82-BAFB7874EACA}"
EndProject
Project("{8BC9CEB8-8B4A-11D0-8D11-00A0C91BC942}") = "BeetleWswan", "BeetleWswan\BeetleWswan.vcxproj", "{289D747A-B454-4B8A-9A4E-C857CC8F900A}"
EndProject
Project("{8BC9CEB8-8B4A-11D0-8D11-00A0C91BC942}") = "BeetleWswanRT", "BeetleWswanRT\BeetleWswanRT.vcxproj", "{514BEBC4-127B-4894-9905-D0F7A09B0287}"
EndProject
Project("{8BC9CEB8-8B4A-11D0-8D11-00A0C91BC942}") = "BeetleNGP", "BeetleNGP\BeetleNGP.vcxproj", "{8D7F0687-53BE-4DCA-BD12-5DF9199D2A82}"
EndProject
Project("{8BC9CEB8-8B4A-11D0-8D11-00A0C91BC942}") = "BeetleNGPRT", "BeetleNGPRT\BeetleNGPRT.vcxproj", "{07645043-DF95-4BD8-84FE-DC74EAEAE3BF}"
EndProject
Project("{8BC9CEB8-8B4A-11D0-8D11-00A0C91BC942}") = "BeetlePCEFast", "BeetlePCEFast\BeetlePCEFast.vcxproj", "{181FCC20-947E-43E7-8B6F-A5E398BA908D}"
EndProject
Project("{8BC9CEB8-8B4A-11D0-8D11-00A0C91BC942}") = "BeetlePCEFastRT", "BeetlePCEFastRT\BeetlePCEFastRT.vcxproj", "{7A0EB6B5-801E-469E-B9B4-1F3CB68CC900}"
EndProject
Project("{8BC9CEB8-8B4A-11D0-8D11-00A0C91BC942}") = "BeetleSaturn", "BeetleSaturn\BeetleSaturn.vcxproj", "{21304977-4E0D-41B1-BBA9-C716C9BDE052}"
EndProject
Project("{8BC9CEB8-8B4A-11D0-8D11-00A0C91BC942}") = "BeetleSaturnRT", "BeetleSaturnRT\BeetleSaturnRT.vcxproj", "{63D18A8E-2580-47D0-854C-5B693AB774BF}"
EndProject
Project("{8BC9CEB8-8B4A-11D0-8D11-00A0C91BC942}") = "BeetlePCFX", "BeetlePCFX\BeetlePCFX.vcxproj", "{9CB2D5C0-F782-44CB-9F00-278B643E40A3}"
EndProject
Project("{8BC9CEB8-8B4A-11D0-8D11-00A0C91BC942}") = "BeetlePCFXRT", "BeetlePCFXRT\BeetlePCFXRT.vcxproj", "{2901B352-BA31-4BEF-BD0C-BA6B4E671FEB}"
EndProject
Project("{8BC9CEB8-8B4A-11D0-8D11-00A0C91BC942}") = "FBAlpha", "FBAlpha\FBAlpha.vcxproj", "{A030F979-93FE-4398-A91B-961A6A462573}"
EndProject
Project("{8BC9CEB8-8B4A-11D0-8D11-00A0C91BC942}") = "FBAlphaRT", "FBAlphaRT\FBAlphaRT.vcxproj", "{7FAFC809-282A-4C3A-B1AC-5D4D7FFD613B}"
EndProject
Project("{8BC9CEB8-8B4A-11D0-8D11-00A0C91BC942}") = "LibretroRT_Shared", "LibretroRT_Shared\LibretroRT_Shared.vcxitems", "{CA149C62-5BA2-45F8-BF2F-BC616F434696}"
EndProject
Project("{9A19103F-16F7-4668-BE54-9A1E7A4F7556}") = "RetriX.Shared.Test", "RetriX.Shared.Test\RetriX.Shared.Test.csproj", "{61261F4E-4C66-402B-89BE-1D854C65A7FF}"
EndProject
Global
	GlobalSection(SharedMSBuildProjectFiles) = preSolution
		LibretroRT_Shared\LibretroRT_Shared.vcxitems*{024e6cca-6d5d-45dc-8a5e-a4f2f94666ee}*SharedItemsImports = 4
		LibretroRT_Shared\LibretroRT_Shared.vcxitems*{07645043-df95-4bd8-84fe-dc74eaeae3bf}*SharedItemsImports = 4
		LibretroRT_Shared\LibretroRT_Shared.vcxitems*{2901b352-ba31-4bef-bd0c-ba6b4e671feb}*SharedItemsImports = 4
		LibretroRT_Shared\LibretroRT_Shared.vcxitems*{514bebc4-127b-4894-9905-d0f7a09b0287}*SharedItemsImports = 4
		LibretroRT_Shared\LibretroRT_Shared.vcxitems*{51ebaee3-774b-4060-adfa-c7c0a740b789}*SharedItemsImports = 4
		LibretroRT_Shared\LibretroRT_Shared.vcxitems*{7a0eb6b5-801e-469e-b9b4-1f3cb68cc900}*SharedItemsImports = 4
		LibretroRT_Shared\LibretroRT_Shared.vcxitems*{82569d80-5620-4012-8314-26bfecb7c9d8}*SharedItemsImports = 4
		LibretroRT_Shared\LibretroRT_Shared.vcxitems*{aa3ce6bf-9976-4268-9b36-4956897f5185}*SharedItemsImports = 4
		LibretroRT_Shared\LibretroRT_Shared.vcxitems*{ca149c62-5ba2-45f8-bf2f-bc616f434696}*SharedItemsImports = 9
		LibretroRT_Shared\LibretroRT_Shared.vcxitems*{d19bfce3-0233-4b39-8ea5-fa0ee0d4a753}*SharedItemsImports = 4
		LibretroRT_Shared\LibretroRT_Shared.vcxitems*{d9b6bc43-a49f-4893-9556-5e9d51f7d5c1}*SharedItemsImports = 4
	EndGlobalSection
	GlobalSection(SolutionConfigurationPlatforms) = preSolution
		Debug|Any CPU = Debug|Any CPU
		Debug|ARM = Debug|ARM
		Debug|x64 = Debug|x64
		Debug|x86 = Debug|x86
		Release|Any CPU = Release|Any CPU
		Release|ARM = Release|ARM
		Release|x64 = Release|x64
		Release|x86 = Release|x86
	EndGlobalSection
	GlobalSection(ProjectConfigurationPlatforms) = postSolution
		{63E4B9AF-E8E7-4130-A6C1-E0FE46636A16}.Debug|Any CPU.ActiveCfg = Debug|Win32
		{63E4B9AF-E8E7-4130-A6C1-E0FE46636A16}.Debug|ARM.ActiveCfg = Debug|ARM
		{63E4B9AF-E8E7-4130-A6C1-E0FE46636A16}.Debug|ARM.Build.0 = Debug|ARM
		{63E4B9AF-E8E7-4130-A6C1-E0FE46636A16}.Debug|x64.ActiveCfg = Debug|x64
		{63E4B9AF-E8E7-4130-A6C1-E0FE46636A16}.Debug|x64.Build.0 = Debug|x64
		{63E4B9AF-E8E7-4130-A6C1-E0FE46636A16}.Debug|x86.ActiveCfg = Debug|Win32
		{63E4B9AF-E8E7-4130-A6C1-E0FE46636A16}.Debug|x86.Build.0 = Debug|Win32
		{63E4B9AF-E8E7-4130-A6C1-E0FE46636A16}.Release|Any CPU.ActiveCfg = Release|Win32
		{63E4B9AF-E8E7-4130-A6C1-E0FE46636A16}.Release|ARM.ActiveCfg = Release|ARM
		{63E4B9AF-E8E7-4130-A6C1-E0FE46636A16}.Release|ARM.Build.0 = Release|ARM
		{63E4B9AF-E8E7-4130-A6C1-E0FE46636A16}.Release|x64.ActiveCfg = Release|x64
		{63E4B9AF-E8E7-4130-A6C1-E0FE46636A16}.Release|x64.Build.0 = Release|x64
		{63E4B9AF-E8E7-4130-A6C1-E0FE46636A16}.Release|x86.ActiveCfg = Release|Win32
		{63E4B9AF-E8E7-4130-A6C1-E0FE46636A16}.Release|x86.Build.0 = Release|Win32
		{82569D80-5620-4012-8314-26BFECB7C9D8}.Debug|Any CPU.ActiveCfg = Debug|Win32
		{82569D80-5620-4012-8314-26BFECB7C9D8}.Debug|ARM.ActiveCfg = Debug|ARM
		{82569D80-5620-4012-8314-26BFECB7C9D8}.Debug|ARM.Build.0 = Debug|ARM
		{82569D80-5620-4012-8314-26BFECB7C9D8}.Debug|x64.ActiveCfg = Debug|x64
		{82569D80-5620-4012-8314-26BFECB7C9D8}.Debug|x64.Build.0 = Debug|x64
		{82569D80-5620-4012-8314-26BFECB7C9D8}.Debug|x86.ActiveCfg = Debug|Win32
		{82569D80-5620-4012-8314-26BFECB7C9D8}.Debug|x86.Build.0 = Debug|Win32
		{82569D80-5620-4012-8314-26BFECB7C9D8}.Release|Any CPU.ActiveCfg = Release|Win32
		{82569D80-5620-4012-8314-26BFECB7C9D8}.Release|ARM.ActiveCfg = Release|ARM
		{82569D80-5620-4012-8314-26BFECB7C9D8}.Release|ARM.Build.0 = Release|ARM
		{82569D80-5620-4012-8314-26BFECB7C9D8}.Release|x64.ActiveCfg = Release|x64
		{82569D80-5620-4012-8314-26BFECB7C9D8}.Release|x64.Build.0 = Release|x64
		{82569D80-5620-4012-8314-26BFECB7C9D8}.Release|x86.ActiveCfg = Release|Win32
		{82569D80-5620-4012-8314-26BFECB7C9D8}.Release|x86.Build.0 = Release|Win32
		{AE7BE95F-6D28-4E0A-9051-732F47A8E8A6}.Debug|Any CPU.ActiveCfg = Debug|x86
		{AE7BE95F-6D28-4E0A-9051-732F47A8E8A6}.Debug|ARM.ActiveCfg = Debug|ARM
		{AE7BE95F-6D28-4E0A-9051-732F47A8E8A6}.Debug|ARM.Build.0 = Debug|ARM
		{AE7BE95F-6D28-4E0A-9051-732F47A8E8A6}.Debug|ARM.Deploy.0 = Debug|ARM
		{AE7BE95F-6D28-4E0A-9051-732F47A8E8A6}.Debug|x64.ActiveCfg = Debug|x64
		{AE7BE95F-6D28-4E0A-9051-732F47A8E8A6}.Debug|x64.Build.0 = Debug|x64
		{AE7BE95F-6D28-4E0A-9051-732F47A8E8A6}.Debug|x64.Deploy.0 = Debug|x64
		{AE7BE95F-6D28-4E0A-9051-732F47A8E8A6}.Debug|x86.ActiveCfg = Debug|x86
		{AE7BE95F-6D28-4E0A-9051-732F47A8E8A6}.Debug|x86.Build.0 = Debug|x86
		{AE7BE95F-6D28-4E0A-9051-732F47A8E8A6}.Debug|x86.Deploy.0 = Debug|x86
		{AE7BE95F-6D28-4E0A-9051-732F47A8E8A6}.Release|Any CPU.ActiveCfg = Release|x86
		{AE7BE95F-6D28-4E0A-9051-732F47A8E8A6}.Release|ARM.ActiveCfg = Release|ARM
		{AE7BE95F-6D28-4E0A-9051-732F47A8E8A6}.Release|ARM.Build.0 = Release|ARM
		{AE7BE95F-6D28-4E0A-9051-732F47A8E8A6}.Release|ARM.Deploy.0 = Release|ARM
		{AE7BE95F-6D28-4E0A-9051-732F47A8E8A6}.Release|x64.ActiveCfg = Release|x64
		{AE7BE95F-6D28-4E0A-9051-732F47A8E8A6}.Release|x64.Build.0 = Release|x64
		{AE7BE95F-6D28-4E0A-9051-732F47A8E8A6}.Release|x64.Deploy.0 = Release|x64
		{AE7BE95F-6D28-4E0A-9051-732F47A8E8A6}.Release|x86.ActiveCfg = Release|x86
		{AE7BE95F-6D28-4E0A-9051-732F47A8E8A6}.Release|x86.Build.0 = Release|x86
		{AE7BE95F-6D28-4E0A-9051-732F47A8E8A6}.Release|x86.Deploy.0 = Release|x86
		{458B4CB3-2AF3-4F93-9397-67598FD764EE}.Debug|Any CPU.ActiveCfg = Debug|Win32
		{458B4CB3-2AF3-4F93-9397-67598FD764EE}.Debug|ARM.ActiveCfg = Debug|ARM
		{458B4CB3-2AF3-4F93-9397-67598FD764EE}.Debug|ARM.Build.0 = Debug|ARM
		{458B4CB3-2AF3-4F93-9397-67598FD764EE}.Debug|x64.ActiveCfg = Debug|x64
		{458B4CB3-2AF3-4F93-9397-67598FD764EE}.Debug|x64.Build.0 = Debug|x64
		{458B4CB3-2AF3-4F93-9397-67598FD764EE}.Debug|x86.ActiveCfg = Debug|Win32
		{458B4CB3-2AF3-4F93-9397-67598FD764EE}.Debug|x86.Build.0 = Debug|Win32
		{458B4CB3-2AF3-4F93-9397-67598FD764EE}.Release|Any CPU.ActiveCfg = Release|Win32
		{458B4CB3-2AF3-4F93-9397-67598FD764EE}.Release|ARM.ActiveCfg = Release|ARM
		{458B4CB3-2AF3-4F93-9397-67598FD764EE}.Release|ARM.Build.0 = Release|ARM
		{458B4CB3-2AF3-4F93-9397-67598FD764EE}.Release|x64.ActiveCfg = Release|x64
		{458B4CB3-2AF3-4F93-9397-67598FD764EE}.Release|x64.Build.0 = Release|x64
		{458B4CB3-2AF3-4F93-9397-67598FD764EE}.Release|x86.ActiveCfg = Release|Win32
		{458B4CB3-2AF3-4F93-9397-67598FD764EE}.Release|x86.Build.0 = Release|Win32
		{E141E8D9-450D-40B5-B92A-36FA165E5005}.Debug|Any CPU.ActiveCfg = Debug|Win32
		{E141E8D9-450D-40B5-B92A-36FA165E5005}.Debug|ARM.ActiveCfg = Debug|ARM
		{E141E8D9-450D-40B5-B92A-36FA165E5005}.Debug|ARM.Build.0 = Debug|ARM
		{E141E8D9-450D-40B5-B92A-36FA165E5005}.Debug|x64.ActiveCfg = Debug|x64
		{E141E8D9-450D-40B5-B92A-36FA165E5005}.Debug|x64.Build.0 = Debug|x64
		{E141E8D9-450D-40B5-B92A-36FA165E5005}.Debug|x86.ActiveCfg = Debug|Win32
		{E141E8D9-450D-40B5-B92A-36FA165E5005}.Debug|x86.Build.0 = Debug|Win32
		{E141E8D9-450D-40B5-B92A-36FA165E5005}.Release|Any CPU.ActiveCfg = Release|Win32
		{E141E8D9-450D-40B5-B92A-36FA165E5005}.Release|ARM.ActiveCfg = Release|ARM
		{E141E8D9-450D-40B5-B92A-36FA165E5005}.Release|ARM.Build.0 = Release|ARM
		{E141E8D9-450D-40B5-B92A-36FA165E5005}.Release|x64.ActiveCfg = Release|x64
		{E141E8D9-450D-40B5-B92A-36FA165E5005}.Release|x64.Build.0 = Release|x64
		{E141E8D9-450D-40B5-B92A-36FA165E5005}.Release|x86.ActiveCfg = Release|Win32
		{E141E8D9-450D-40B5-B92A-36FA165E5005}.Release|x86.Build.0 = Release|Win32
		{AA3CE6BF-9976-4268-9B36-4956897F5185}.Debug|Any CPU.ActiveCfg = Debug|Win32
		{AA3CE6BF-9976-4268-9B36-4956897F5185}.Debug|ARM.ActiveCfg = Debug|ARM
		{AA3CE6BF-9976-4268-9B36-4956897F5185}.Debug|ARM.Build.0 = Debug|ARM
		{AA3CE6BF-9976-4268-9B36-4956897F5185}.Debug|x64.ActiveCfg = Debug|x64
		{AA3CE6BF-9976-4268-9B36-4956897F5185}.Debug|x64.Build.0 = Debug|x64
		{AA3CE6BF-9976-4268-9B36-4956897F5185}.Debug|x86.ActiveCfg = Debug|Win32
		{AA3CE6BF-9976-4268-9B36-4956897F5185}.Debug|x86.Build.0 = Debug|Win32
		{AA3CE6BF-9976-4268-9B36-4956897F5185}.Release|Any CPU.ActiveCfg = Release|Win32
		{AA3CE6BF-9976-4268-9B36-4956897F5185}.Release|ARM.ActiveCfg = Release|ARM
		{AA3CE6BF-9976-4268-9B36-4956897F5185}.Release|ARM.Build.0 = Release|ARM
		{AA3CE6BF-9976-4268-9B36-4956897F5185}.Release|x64.ActiveCfg = Release|x64
		{AA3CE6BF-9976-4268-9B36-4956897F5185}.Release|x64.Build.0 = Release|x64
		{AA3CE6BF-9976-4268-9B36-4956897F5185}.Release|x86.ActiveCfg = Release|Win32
		{AA3CE6BF-9976-4268-9B36-4956897F5185}.Release|x86.Build.0 = Release|Win32
		{333702E3-70FF-42B7-9A1C-4E47192EC13E}.Debug|Any CPU.ActiveCfg = Debug|Win32
		{333702E3-70FF-42B7-9A1C-4E47192EC13E}.Debug|ARM.ActiveCfg = Debug|ARM
		{333702E3-70FF-42B7-9A1C-4E47192EC13E}.Debug|ARM.Build.0 = Debug|ARM
		{333702E3-70FF-42B7-9A1C-4E47192EC13E}.Debug|x64.ActiveCfg = Debug|x64
		{333702E3-70FF-42B7-9A1C-4E47192EC13E}.Debug|x64.Build.0 = Debug|x64
		{333702E3-70FF-42B7-9A1C-4E47192EC13E}.Debug|x86.ActiveCfg = Debug|Win32
		{333702E3-70FF-42B7-9A1C-4E47192EC13E}.Debug|x86.Build.0 = Debug|Win32
		{333702E3-70FF-42B7-9A1C-4E47192EC13E}.Release|Any CPU.ActiveCfg = Release|Win32
		{333702E3-70FF-42B7-9A1C-4E47192EC13E}.Release|ARM.ActiveCfg = Release|ARM
		{333702E3-70FF-42B7-9A1C-4E47192EC13E}.Release|ARM.Build.0 = Release|ARM
		{333702E3-70FF-42B7-9A1C-4E47192EC13E}.Release|x64.ActiveCfg = Release|x64
		{333702E3-70FF-42B7-9A1C-4E47192EC13E}.Release|x64.Build.0 = Release|x64
		{333702E3-70FF-42B7-9A1C-4E47192EC13E}.Release|x86.ActiveCfg = Release|Win32
		{333702E3-70FF-42B7-9A1C-4E47192EC13E}.Release|x86.Build.0 = Release|Win32
		{51EBAEE3-774B-4060-ADFA-C7C0A740B789}.Debug|Any CPU.ActiveCfg = Debug|Win32
		{51EBAEE3-774B-4060-ADFA-C7C0A740B789}.Debug|ARM.ActiveCfg = Debug|ARM
		{51EBAEE3-774B-4060-ADFA-C7C0A740B789}.Debug|ARM.Build.0 = Debug|ARM
		{51EBAEE3-774B-4060-ADFA-C7C0A740B789}.Debug|x64.ActiveCfg = Debug|x64
		{51EBAEE3-774B-4060-ADFA-C7C0A740B789}.Debug|x64.Build.0 = Debug|x64
		{51EBAEE3-774B-4060-ADFA-C7C0A740B789}.Debug|x86.ActiveCfg = Debug|Win32
		{51EBAEE3-774B-4060-ADFA-C7C0A740B789}.Debug|x86.Build.0 = Debug|Win32
		{51EBAEE3-774B-4060-ADFA-C7C0A740B789}.Release|Any CPU.ActiveCfg = Release|Win32
		{51EBAEE3-774B-4060-ADFA-C7C0A740B789}.Release|ARM.ActiveCfg = Release|ARM
		{51EBAEE3-774B-4060-ADFA-C7C0A740B789}.Release|ARM.Build.0 = Release|ARM
		{51EBAEE3-774B-4060-ADFA-C7C0A740B789}.Release|x64.ActiveCfg = Release|x64
		{51EBAEE3-774B-4060-ADFA-C7C0A740B789}.Release|x64.Build.0 = Release|x64
		{51EBAEE3-774B-4060-ADFA-C7C0A740B789}.Release|x86.ActiveCfg = Release|Win32
		{51EBAEE3-774B-4060-ADFA-C7C0A740B789}.Release|x86.Build.0 = Release|Win32
		{025DCDF6-0267-4873-8DDA-CB10E9A0B677}.Debug|Any CPU.ActiveCfg = Debug|Win32
		{025DCDF6-0267-4873-8DDA-CB10E9A0B677}.Debug|ARM.ActiveCfg = Debug|ARM
		{025DCDF6-0267-4873-8DDA-CB10E9A0B677}.Debug|ARM.Build.0 = Debug|ARM
		{025DCDF6-0267-4873-8DDA-CB10E9A0B677}.Debug|x64.ActiveCfg = Debug|x64
		{025DCDF6-0267-4873-8DDA-CB10E9A0B677}.Debug|x64.Build.0 = Debug|x64
		{025DCDF6-0267-4873-8DDA-CB10E9A0B677}.Debug|x86.ActiveCfg = Debug|Win32
		{025DCDF6-0267-4873-8DDA-CB10E9A0B677}.Debug|x86.Build.0 = Debug|Win32
		{025DCDF6-0267-4873-8DDA-CB10E9A0B677}.Release|Any CPU.ActiveCfg = Release|Win32
		{025DCDF6-0267-4873-8DDA-CB10E9A0B677}.Release|ARM.ActiveCfg = Release|ARM
		{025DCDF6-0267-4873-8DDA-CB10E9A0B677}.Release|ARM.Build.0 = Release|ARM
		{025DCDF6-0267-4873-8DDA-CB10E9A0B677}.Release|x64.ActiveCfg = Release|x64
		{025DCDF6-0267-4873-8DDA-CB10E9A0B677}.Release|x64.Build.0 = Release|x64
		{025DCDF6-0267-4873-8DDA-CB10E9A0B677}.Release|x86.ActiveCfg = Release|Win32
		{025DCDF6-0267-4873-8DDA-CB10E9A0B677}.Release|x86.Build.0 = Release|Win32
		{A1897C60-C8CA-45AC-8917-A4DCFBCAE523}.Debug|Any CPU.ActiveCfg = Debug|Win32
		{A1897C60-C8CA-45AC-8917-A4DCFBCAE523}.Debug|ARM.ActiveCfg = Debug|ARM
		{A1897C60-C8CA-45AC-8917-A4DCFBCAE523}.Debug|ARM.Build.0 = Debug|ARM
		{A1897C60-C8CA-45AC-8917-A4DCFBCAE523}.Debug|x64.ActiveCfg = Debug|x64
		{A1897C60-C8CA-45AC-8917-A4DCFBCAE523}.Debug|x64.Build.0 = Debug|x64
		{A1897C60-C8CA-45AC-8917-A4DCFBCAE523}.Debug|x86.ActiveCfg = Debug|Win32
		{A1897C60-C8CA-45AC-8917-A4DCFBCAE523}.Debug|x86.Build.0 = Debug|Win32
		{A1897C60-C8CA-45AC-8917-A4DCFBCAE523}.Release|Any CPU.ActiveCfg = Release|Win32
		{A1897C60-C8CA-45AC-8917-A4DCFBCAE523}.Release|ARM.ActiveCfg = Release|ARM
		{A1897C60-C8CA-45AC-8917-A4DCFBCAE523}.Release|ARM.Build.0 = Release|ARM
		{A1897C60-C8CA-45AC-8917-A4DCFBCAE523}.Release|x64.ActiveCfg = Release|x64
		{A1897C60-C8CA-45AC-8917-A4DCFBCAE523}.Release|x64.Build.0 = Release|x64
		{A1897C60-C8CA-45AC-8917-A4DCFBCAE523}.Release|x86.ActiveCfg = Release|Win32
		{A1897C60-C8CA-45AC-8917-A4DCFBCAE523}.Release|x86.Build.0 = Release|Win32
		{5CFA4E87-5E7C-49EB-BDA6-52F31B40E1AA}.Debug|Any CPU.ActiveCfg = Debug|Win32
		{5CFA4E87-5E7C-49EB-BDA6-52F31B40E1AA}.Debug|ARM.ActiveCfg = Debug|ARM
		{5CFA4E87-5E7C-49EB-BDA6-52F31B40E1AA}.Debug|ARM.Build.0 = Debug|ARM
		{5CFA4E87-5E7C-49EB-BDA6-52F31B40E1AA}.Debug|x64.ActiveCfg = Debug|x64
		{5CFA4E87-5E7C-49EB-BDA6-52F31B40E1AA}.Debug|x64.Build.0 = Debug|x64
		{5CFA4E87-5E7C-49EB-BDA6-52F31B40E1AA}.Debug|x86.ActiveCfg = Debug|Win32
		{5CFA4E87-5E7C-49EB-BDA6-52F31B40E1AA}.Debug|x86.Build.0 = Debug|Win32
		{5CFA4E87-5E7C-49EB-BDA6-52F31B40E1AA}.Release|Any CPU.ActiveCfg = Release|Win32
		{5CFA4E87-5E7C-49EB-BDA6-52F31B40E1AA}.Release|ARM.ActiveCfg = Release|ARM
		{5CFA4E87-5E7C-49EB-BDA6-52F31B40E1AA}.Release|ARM.Build.0 = Release|ARM
		{5CFA4E87-5E7C-49EB-BDA6-52F31B40E1AA}.Release|x64.ActiveCfg = Release|x64
		{5CFA4E87-5E7C-49EB-BDA6-52F31B40E1AA}.Release|x64.Build.0 = Release|x64
		{5CFA4E87-5E7C-49EB-BDA6-52F31B40E1AA}.Release|x86.ActiveCfg = Release|Win32
		{5CFA4E87-5E7C-49EB-BDA6-52F31B40E1AA}.Release|x86.Build.0 = Release|Win32
		{024E6CCA-6D5D-45DC-8A5E-A4F2F94666EE}.Debug|Any CPU.ActiveCfg = Debug|Win32
		{024E6CCA-6D5D-45DC-8A5E-A4F2F94666EE}.Debug|ARM.ActiveCfg = Debug|ARM
		{024E6CCA-6D5D-45DC-8A5E-A4F2F94666EE}.Debug|ARM.Build.0 = Debug|ARM
		{024E6CCA-6D5D-45DC-8A5E-A4F2F94666EE}.Debug|x64.ActiveCfg = Debug|x64
		{024E6CCA-6D5D-45DC-8A5E-A4F2F94666EE}.Debug|x64.Build.0 = Debug|x64
		{024E6CCA-6D5D-45DC-8A5E-A4F2F94666EE}.Debug|x86.ActiveCfg = Debug|Win32
		{024E6CCA-6D5D-45DC-8A5E-A4F2F94666EE}.Debug|x86.Build.0 = Debug|Win32
		{024E6CCA-6D5D-45DC-8A5E-A4F2F94666EE}.Release|Any CPU.ActiveCfg = Release|Win32
		{024E6CCA-6D5D-45DC-8A5E-A4F2F94666EE}.Release|ARM.ActiveCfg = Release|ARM
		{024E6CCA-6D5D-45DC-8A5E-A4F2F94666EE}.Release|ARM.Build.0 = Release|ARM
		{024E6CCA-6D5D-45DC-8A5E-A4F2F94666EE}.Release|x64.ActiveCfg = Release|x64
		{024E6CCA-6D5D-45DC-8A5E-A4F2F94666EE}.Release|x64.Build.0 = Release|x64
		{024E6CCA-6D5D-45DC-8A5E-A4F2F94666EE}.Release|x86.ActiveCfg = Release|Win32
		{024E6CCA-6D5D-45DC-8A5E-A4F2F94666EE}.Release|x86.Build.0 = Release|Win32
		{C2B6847A-DEEF-47BD-8FCE-2D58F207D457}.Debug|Any CPU.ActiveCfg = Debug|Win32
		{C2B6847A-DEEF-47BD-8FCE-2D58F207D457}.Debug|ARM.ActiveCfg = Debug|ARM
		{C2B6847A-DEEF-47BD-8FCE-2D58F207D457}.Debug|ARM.Build.0 = Debug|ARM
		{C2B6847A-DEEF-47BD-8FCE-2D58F207D457}.Debug|x64.ActiveCfg = Debug|x64
		{C2B6847A-DEEF-47BD-8FCE-2D58F207D457}.Debug|x64.Build.0 = Debug|x64
		{C2B6847A-DEEF-47BD-8FCE-2D58F207D457}.Debug|x86.ActiveCfg = Debug|Win32
		{C2B6847A-DEEF-47BD-8FCE-2D58F207D457}.Debug|x86.Build.0 = Debug|Win32
		{C2B6847A-DEEF-47BD-8FCE-2D58F207D457}.Release|Any CPU.ActiveCfg = Release|Win32
		{C2B6847A-DEEF-47BD-8FCE-2D58F207D457}.Release|ARM.ActiveCfg = Release|ARM
		{C2B6847A-DEEF-47BD-8FCE-2D58F207D457}.Release|ARM.Build.0 = Release|ARM
		{C2B6847A-DEEF-47BD-8FCE-2D58F207D457}.Release|x64.ActiveCfg = Release|x64
		{C2B6847A-DEEF-47BD-8FCE-2D58F207D457}.Release|x64.Build.0 = Release|x64
		{C2B6847A-DEEF-47BD-8FCE-2D58F207D457}.Release|x86.ActiveCfg = Release|Win32
		{C2B6847A-DEEF-47BD-8FCE-2D58F207D457}.Release|x86.Build.0 = Release|Win32
		{D19BFCE3-0233-4B39-8EA5-FA0EE0D4A753}.Debug|Any CPU.ActiveCfg = Debug|Win32
		{D19BFCE3-0233-4B39-8EA5-FA0EE0D4A753}.Debug|ARM.ActiveCfg = Debug|ARM
		{D19BFCE3-0233-4B39-8EA5-FA0EE0D4A753}.Debug|ARM.Build.0 = Debug|ARM
		{D19BFCE3-0233-4B39-8EA5-FA0EE0D4A753}.Debug|x64.ActiveCfg = Debug|x64
		{D19BFCE3-0233-4B39-8EA5-FA0EE0D4A753}.Debug|x64.Build.0 = Debug|x64
		{D19BFCE3-0233-4B39-8EA5-FA0EE0D4A753}.Debug|x86.ActiveCfg = Debug|Win32
		{D19BFCE3-0233-4B39-8EA5-FA0EE0D4A753}.Debug|x86.Build.0 = Debug|Win32
		{D19BFCE3-0233-4B39-8EA5-FA0EE0D4A753}.Release|Any CPU.ActiveCfg = Release|Win32
		{D19BFCE3-0233-4B39-8EA5-FA0EE0D4A753}.Release|ARM.ActiveCfg = Release|ARM
		{D19BFCE3-0233-4B39-8EA5-FA0EE0D4A753}.Release|ARM.Build.0 = Release|ARM
		{D19BFCE3-0233-4B39-8EA5-FA0EE0D4A753}.Release|x64.ActiveCfg = Release|x64
		{D19BFCE3-0233-4B39-8EA5-FA0EE0D4A753}.Release|x64.Build.0 = Release|x64
		{D19BFCE3-0233-4B39-8EA5-FA0EE0D4A753}.Release|x86.ActiveCfg = Release|Win32
		{D19BFCE3-0233-4B39-8EA5-FA0EE0D4A753}.Release|x86.Build.0 = Release|Win32
		{0BBA2068-71D5-4FEC-8E44-761D0E9B44D4}.Debug|Any CPU.ActiveCfg = Debug|Any CPU
		{0BBA2068-71D5-4FEC-8E44-761D0E9B44D4}.Debug|Any CPU.Build.0 = Debug|Any CPU
		{0BBA2068-71D5-4FEC-8E44-761D0E9B44D4}.Debug|ARM.ActiveCfg = Debug|ARM
		{0BBA2068-71D5-4FEC-8E44-761D0E9B44D4}.Debug|ARM.Build.0 = Debug|ARM
		{0BBA2068-71D5-4FEC-8E44-761D0E9B44D4}.Debug|x64.ActiveCfg = Debug|x64
		{0BBA2068-71D5-4FEC-8E44-761D0E9B44D4}.Debug|x64.Build.0 = Debug|x64
		{0BBA2068-71D5-4FEC-8E44-761D0E9B44D4}.Debug|x86.ActiveCfg = Debug|x86
		{0BBA2068-71D5-4FEC-8E44-761D0E9B44D4}.Debug|x86.Build.0 = Debug|x86
		{0BBA2068-71D5-4FEC-8E44-761D0E9B44D4}.Release|Any CPU.ActiveCfg = Release|Any CPU
		{0BBA2068-71D5-4FEC-8E44-761D0E9B44D4}.Release|Any CPU.Build.0 = Release|Any CPU
		{0BBA2068-71D5-4FEC-8E44-761D0E9B44D4}.Release|ARM.ActiveCfg = Release|ARM
		{0BBA2068-71D5-4FEC-8E44-761D0E9B44D4}.Release|ARM.Build.0 = Release|ARM
		{0BBA2068-71D5-4FEC-8E44-761D0E9B44D4}.Release|x64.ActiveCfg = Release|x64
		{0BBA2068-71D5-4FEC-8E44-761D0E9B44D4}.Release|x64.Build.0 = Release|x64
		{0BBA2068-71D5-4FEC-8E44-761D0E9B44D4}.Release|x86.ActiveCfg = Release|x86
		{0BBA2068-71D5-4FEC-8E44-761D0E9B44D4}.Release|x86.Build.0 = Release|x86
		{0555A467-B1B2-4301-901C-0489F63B8ECC}.Debug|Any CPU.ActiveCfg = Debug|Any CPU
		{0555A467-B1B2-4301-901C-0489F63B8ECC}.Debug|Any CPU.Build.0 = Debug|Any CPU
		{0555A467-B1B2-4301-901C-0489F63B8ECC}.Debug|ARM.ActiveCfg = Debug|ARM
		{0555A467-B1B2-4301-901C-0489F63B8ECC}.Debug|ARM.Build.0 = Debug|ARM
		{0555A467-B1B2-4301-901C-0489F63B8ECC}.Debug|x64.ActiveCfg = Debug|x64
		{0555A467-B1B2-4301-901C-0489F63B8ECC}.Debug|x64.Build.0 = Debug|x64
		{0555A467-B1B2-4301-901C-0489F63B8ECC}.Debug|x86.ActiveCfg = Debug|x86
		{0555A467-B1B2-4301-901C-0489F63B8ECC}.Debug|x86.Build.0 = Debug|x86
		{0555A467-B1B2-4301-901C-0489F63B8ECC}.Release|Any CPU.ActiveCfg = Release|Any CPU
		{0555A467-B1B2-4301-901C-0489F63B8ECC}.Release|Any CPU.Build.0 = Release|Any CPU
		{0555A467-B1B2-4301-901C-0489F63B8ECC}.Release|ARM.ActiveCfg = Release|ARM
		{0555A467-B1B2-4301-901C-0489F63B8ECC}.Release|ARM.Build.0 = Release|ARM
		{0555A467-B1B2-4301-901C-0489F63B8ECC}.Release|x64.ActiveCfg = Release|x64
		{0555A467-B1B2-4301-901C-0489F63B8ECC}.Release|x64.Build.0 = Release|x64
		{0555A467-B1B2-4301-901C-0489F63B8ECC}.Release|x86.ActiveCfg = Release|x86
		{0555A467-B1B2-4301-901C-0489F63B8ECC}.Release|x86.Build.0 = Release|x86
		{80DDA0D6-5181-49D1-9CB6-4A441E743086}.Debug|Any CPU.ActiveCfg = Debug|Any CPU
		{80DDA0D6-5181-49D1-9CB6-4A441E743086}.Debug|Any CPU.Build.0 = Debug|Any CPU
		{80DDA0D6-5181-49D1-9CB6-4A441E743086}.Debug|ARM.ActiveCfg = Debug|ARM
		{80DDA0D6-5181-49D1-9CB6-4A441E743086}.Debug|ARM.Build.0 = Debug|ARM
		{80DDA0D6-5181-49D1-9CB6-4A441E743086}.Debug|x64.ActiveCfg = Debug|x64
		{80DDA0D6-5181-49D1-9CB6-4A441E743086}.Debug|x64.Build.0 = Debug|x64
		{80DDA0D6-5181-49D1-9CB6-4A441E743086}.Debug|x86.ActiveCfg = Debug|x86
		{80DDA0D6-5181-49D1-9CB6-4A441E743086}.Debug|x86.Build.0 = Debug|x86
		{80DDA0D6-5181-49D1-9CB6-4A441E743086}.Release|Any CPU.ActiveCfg = Release|Any CPU
		{80DDA0D6-5181-49D1-9CB6-4A441E743086}.Release|Any CPU.Build.0 = Release|Any CPU
		{80DDA0D6-5181-49D1-9CB6-4A441E743086}.Release|ARM.ActiveCfg = Release|ARM
		{80DDA0D6-5181-49D1-9CB6-4A441E743086}.Release|ARM.Build.0 = Release|ARM
		{80DDA0D6-5181-49D1-9CB6-4A441E743086}.Release|x64.ActiveCfg = Release|x64
		{80DDA0D6-5181-49D1-9CB6-4A441E743086}.Release|x64.Build.0 = Release|x64
		{80DDA0D6-5181-49D1-9CB6-4A441E743086}.Release|x86.ActiveCfg = Release|x86
		{80DDA0D6-5181-49D1-9CB6-4A441E743086}.Release|x86.Build.0 = Release|x86
		{CC7FB684-776F-4902-BE3B-D354933EF2DC}.Debug|Any CPU.ActiveCfg = Debug|Any CPU
		{CC7FB684-776F-4902-BE3B-D354933EF2DC}.Debug|Any CPU.Build.0 = Debug|Any CPU
		{CC7FB684-776F-4902-BE3B-D354933EF2DC}.Debug|ARM.ActiveCfg = Debug|ARM
		{CC7FB684-776F-4902-BE3B-D354933EF2DC}.Debug|ARM.Build.0 = Debug|ARM
		{CC7FB684-776F-4902-BE3B-D354933EF2DC}.Debug|x64.ActiveCfg = Debug|x64
		{CC7FB684-776F-4902-BE3B-D354933EF2DC}.Debug|x64.Build.0 = Debug|x64
		{CC7FB684-776F-4902-BE3B-D354933EF2DC}.Debug|x86.ActiveCfg = Debug|x86
		{CC7FB684-776F-4902-BE3B-D354933EF2DC}.Debug|x86.Build.0 = Debug|x86
		{CC7FB684-776F-4902-BE3B-D354933EF2DC}.Release|Any CPU.ActiveCfg = Release|Any CPU
		{CC7FB684-776F-4902-BE3B-D354933EF2DC}.Release|Any CPU.Build.0 = Release|Any CPU
		{CC7FB684-776F-4902-BE3B-D354933EF2DC}.Release|ARM.ActiveCfg = Release|ARM
		{CC7FB684-776F-4902-BE3B-D354933EF2DC}.Release|ARM.Build.0 = Release|ARM
		{CC7FB684-776F-4902-BE3B-D354933EF2DC}.Release|x64.ActiveCfg = Release|x64
		{CC7FB684-776F-4902-BE3B-D354933EF2DC}.Release|x64.Build.0 = Release|x64
		{CC7FB684-776F-4902-BE3B-D354933EF2DC}.Release|x86.ActiveCfg = Release|x86
		{CC7FB684-776F-4902-BE3B-D354933EF2DC}.Release|x86.Build.0 = Release|x86
		{17975A5B-67F5-494F-937D-9132AC78BD35}.Debug|Any CPU.ActiveCfg = Debug|x86
		{17975A5B-67F5-494F-937D-9132AC78BD35}.Debug|ARM.ActiveCfg = Debug|ARM
		{17975A5B-67F5-494F-937D-9132AC78BD35}.Debug|ARM.Build.0 = Debug|ARM
		{17975A5B-67F5-494F-937D-9132AC78BD35}.Debug|ARM.Deploy.0 = Debug|ARM
		{17975A5B-67F5-494F-937D-9132AC78BD35}.Debug|x64.ActiveCfg = Debug|x64
		{17975A5B-67F5-494F-937D-9132AC78BD35}.Debug|x64.Build.0 = Debug|x64
		{17975A5B-67F5-494F-937D-9132AC78BD35}.Debug|x64.Deploy.0 = Debug|x64
		{17975A5B-67F5-494F-937D-9132AC78BD35}.Debug|x86.ActiveCfg = Debug|x86
		{17975A5B-67F5-494F-937D-9132AC78BD35}.Debug|x86.Build.0 = Debug|x86
		{17975A5B-67F5-494F-937D-9132AC78BD35}.Debug|x86.Deploy.0 = Debug|x86
		{17975A5B-67F5-494F-937D-9132AC78BD35}.Release|Any CPU.ActiveCfg = Release|x86
		{17975A5B-67F5-494F-937D-9132AC78BD35}.Release|ARM.ActiveCfg = Release|ARM
		{17975A5B-67F5-494F-937D-9132AC78BD35}.Release|ARM.Build.0 = Release|ARM
		{17975A5B-67F5-494F-937D-9132AC78BD35}.Release|ARM.Deploy.0 = Release|ARM
		{17975A5B-67F5-494F-937D-9132AC78BD35}.Release|x64.ActiveCfg = Release|x64
		{17975A5B-67F5-494F-937D-9132AC78BD35}.Release|x64.Build.0 = Release|x64
		{17975A5B-67F5-494F-937D-9132AC78BD35}.Release|x64.Deploy.0 = Release|x64
		{17975A5B-67F5-494F-937D-9132AC78BD35}.Release|x86.ActiveCfg = Release|x86
		{17975A5B-67F5-494F-937D-9132AC78BD35}.Release|x86.Build.0 = Release|x86
		{17975A5B-67F5-494F-937D-9132AC78BD35}.Release|x86.Deploy.0 = Release|x86
		{58B82D57-A956-4492-96FB-3E82FA82798A}.Debug|Any CPU.ActiveCfg = Debug|Any CPU
		{58B82D57-A956-4492-96FB-3E82FA82798A}.Debug|Any CPU.Build.0 = Debug|Any CPU
		{58B82D57-A956-4492-96FB-3E82FA82798A}.Debug|ARM.ActiveCfg = Debug|Any CPU
		{58B82D57-A956-4492-96FB-3E82FA82798A}.Debug|ARM.Build.0 = Debug|Any CPU
		{58B82D57-A956-4492-96FB-3E82FA82798A}.Debug|x64.ActiveCfg = Debug|Any CPU
		{58B82D57-A956-4492-96FB-3E82FA82798A}.Debug|x64.Build.0 = Debug|Any CPU
		{58B82D57-A956-4492-96FB-3E82FA82798A}.Debug|x86.ActiveCfg = Debug|Any CPU
		{58B82D57-A956-4492-96FB-3E82FA82798A}.Debug|x86.Build.0 = Debug|Any CPU
		{58B82D57-A956-4492-96FB-3E82FA82798A}.Release|Any CPU.ActiveCfg = Release|Any CPU
		{58B82D57-A956-4492-96FB-3E82FA82798A}.Release|Any CPU.Build.0 = Release|Any CPU
		{58B82D57-A956-4492-96FB-3E82FA82798A}.Release|ARM.ActiveCfg = Release|Any CPU
		{58B82D57-A956-4492-96FB-3E82FA82798A}.Release|ARM.Build.0 = Release|Any CPU
		{58B82D57-A956-4492-96FB-3E82FA82798A}.Release|x64.ActiveCfg = Release|Any CPU
		{58B82D57-A956-4492-96FB-3E82FA82798A}.Release|x64.Build.0 = Release|Any CPU
		{58B82D57-A956-4492-96FB-3E82FA82798A}.Release|x86.ActiveCfg = Release|Any CPU
		{58B82D57-A956-4492-96FB-3E82FA82798A}.Release|x86.Build.0 = Release|Any CPU
		{1448CCE7-B3E5-45AC-B4DA-7C08CDA78620}.Debug|Any CPU.ActiveCfg = Debug|Win32
		{1448CCE7-B3E5-45AC-B4DA-7C08CDA78620}.Debug|ARM.ActiveCfg = Debug|ARM
		{1448CCE7-B3E5-45AC-B4DA-7C08CDA78620}.Debug|ARM.Build.0 = Debug|ARM
		{1448CCE7-B3E5-45AC-B4DA-7C08CDA78620}.Debug|x64.ActiveCfg = Debug|x64
		{1448CCE7-B3E5-45AC-B4DA-7C08CDA78620}.Debug|x64.Build.0 = Debug|x64
		{1448CCE7-B3E5-45AC-B4DA-7C08CDA78620}.Debug|x86.ActiveCfg = Debug|Win32
		{1448CCE7-B3E5-45AC-B4DA-7C08CDA78620}.Debug|x86.Build.0 = Debug|Win32
		{1448CCE7-B3E5-45AC-B4DA-7C08CDA78620}.Release|Any CPU.ActiveCfg = Release|Win32
		{1448CCE7-B3E5-45AC-B4DA-7C08CDA78620}.Release|ARM.ActiveCfg = Release|ARM
		{1448CCE7-B3E5-45AC-B4DA-7C08CDA78620}.Release|ARM.Build.0 = Release|ARM
		{1448CCE7-B3E5-45AC-B4DA-7C08CDA78620}.Release|x64.ActiveCfg = Release|x64
		{1448CCE7-B3E5-45AC-B4DA-7C08CDA78620}.Release|x64.Build.0 = Release|x64
		{1448CCE7-B3E5-45AC-B4DA-7C08CDA78620}.Release|x86.ActiveCfg = Release|Win32
		{1448CCE7-B3E5-45AC-B4DA-7C08CDA78620}.Release|x86.Build.0 = Release|Win32
		{D9B6BC43-A49F-4893-9556-5E9D51F7D5C1}.Debug|Any CPU.ActiveCfg = Debug|Win32
		{D9B6BC43-A49F-4893-9556-5E9D51F7D5C1}.Debug|ARM.ActiveCfg = Debug|ARM
		{D9B6BC43-A49F-4893-9556-5E9D51F7D5C1}.Debug|ARM.Build.0 = Debug|ARM
		{D9B6BC43-A49F-4893-9556-5E9D51F7D5C1}.Debug|x64.ActiveCfg = Debug|x64
		{D9B6BC43-A49F-4893-9556-5E9D51F7D5C1}.Debug|x64.Build.0 = Debug|x64
		{D9B6BC43-A49F-4893-9556-5E9D51F7D5C1}.Debug|x86.ActiveCfg = Debug|Win32
		{D9B6BC43-A49F-4893-9556-5E9D51F7D5C1}.Debug|x86.Build.0 = Debug|Win32
		{D9B6BC43-A49F-4893-9556-5E9D51F7D5C1}.Release|Any CPU.ActiveCfg = Release|Win32
		{D9B6BC43-A49F-4893-9556-5E9D51F7D5C1}.Release|ARM.ActiveCfg = Release|ARM
		{D9B6BC43-A49F-4893-9556-5E9D51F7D5C1}.Release|ARM.Build.0 = Release|ARM
		{D9B6BC43-A49F-4893-9556-5E9D51F7D5C1}.Release|x64.ActiveCfg = Release|x64
		{D9B6BC43-A49F-4893-9556-5E9D51F7D5C1}.Release|x64.Build.0 = Release|x64
		{D9B6BC43-A49F-4893-9556-5E9D51F7D5C1}.Release|x86.ActiveCfg = Release|Win32
		{D9B6BC43-A49F-4893-9556-5E9D51F7D5C1}.Release|x86.Build.0 = Release|Win32
		{70A8CB20-70CF-4351-B62D-E0755DFC15F0}.Debug|Any CPU.ActiveCfg = Debug|Win32
		{70A8CB20-70CF-4351-B62D-E0755DFC15F0}.Debug|ARM.ActiveCfg = Debug|ARM
		{70A8CB20-70CF-4351-B62D-E0755DFC15F0}.Debug|ARM.Build.0 = Debug|ARM
		{70A8CB20-70CF-4351-B62D-E0755DFC15F0}.Debug|x64.ActiveCfg = Debug|x64
		{70A8CB20-70CF-4351-B62D-E0755DFC15F0}.Debug|x64.Build.0 = Debug|x64
		{70A8CB20-70CF-4351-B62D-E0755DFC15F0}.Debug|x86.ActiveCfg = Debug|Win32
		{70A8CB20-70CF-4351-B62D-E0755DFC15F0}.Debug|x86.Build.0 = Debug|Win32
		{70A8CB20-70CF-4351-B62D-E0755DFC15F0}.Release|Any CPU.ActiveCfg = Release|Win32
		{70A8CB20-70CF-4351-B62D-E0755DFC15F0}.Release|ARM.ActiveCfg = Release|ARM
		{70A8CB20-70CF-4351-B62D-E0755DFC15F0}.Release|ARM.Build.0 = Release|ARM
		{70A8CB20-70CF-4351-B62D-E0755DFC15F0}.Release|x64.ActiveCfg = Release|x64
		{70A8CB20-70CF-4351-B62D-E0755DFC15F0}.Release|x64.Build.0 = Release|x64
		{70A8CB20-70CF-4351-B62D-E0755DFC15F0}.Release|x86.ActiveCfg = Release|Win32
		{70A8CB20-70CF-4351-B62D-E0755DFC15F0}.Release|x86.Build.0 = Release|Win32
		{AF8ACEB6-36A7-4A72-8002-4682413A9103}.Debug|Any CPU.ActiveCfg = Debug|Any CPU
		{AF8ACEB6-36A7-4A72-8002-4682413A9103}.Debug|Any CPU.Build.0 = Debug|Any CPU
		{AF8ACEB6-36A7-4A72-8002-4682413A9103}.Debug|ARM.ActiveCfg = Debug|ARM
		{AF8ACEB6-36A7-4A72-8002-4682413A9103}.Debug|ARM.Build.0 = Debug|ARM
		{AF8ACEB6-36A7-4A72-8002-4682413A9103}.Debug|x64.ActiveCfg = Debug|x64
		{AF8ACEB6-36A7-4A72-8002-4682413A9103}.Debug|x64.Build.0 = Debug|x64
		{AF8ACEB6-36A7-4A72-8002-4682413A9103}.Debug|x86.ActiveCfg = Debug|x86
		{AF8ACEB6-36A7-4A72-8002-4682413A9103}.Debug|x86.Build.0 = Debug|x86
		{AF8ACEB6-36A7-4A72-8002-4682413A9103}.Release|Any CPU.ActiveCfg = Release|Any CPU
		{AF8ACEB6-36A7-4A72-8002-4682413A9103}.Release|Any CPU.Build.0 = Release|Any CPU
		{AF8ACEB6-36A7-4A72-8002-4682413A9103}.Release|ARM.ActiveCfg = Release|ARM
		{AF8ACEB6-36A7-4A72-8002-4682413A9103}.Release|ARM.Build.0 = Release|ARM
		{AF8ACEB6-36A7-4A72-8002-4682413A9103}.Release|x64.ActiveCfg = Release|x64
		{AF8ACEB6-36A7-4A72-8002-4682413A9103}.Release|x64.Build.0 = Release|x64
		{AF8ACEB6-36A7-4A72-8002-4682413A9103}.Release|x86.ActiveCfg = Release|x86
		{AF8ACEB6-36A7-4A72-8002-4682413A9103}.Release|x86.Build.0 = Release|x86
		{9C03810D-90A4-4758-9F9E-24570C197418}.Debug|Any CPU.ActiveCfg = Debug|Win32
		{9C03810D-90A4-4758-9F9E-24570C197418}.Debug|ARM.ActiveCfg = Debug|ARM
		{9C03810D-90A4-4758-9F9E-24570C197418}.Debug|ARM.Build.0 = Debug|ARM
		{9C03810D-90A4-4758-9F9E-24570C197418}.Debug|x64.ActiveCfg = Debug|x64
		{9C03810D-90A4-4758-9F9E-24570C197418}.Debug|x64.Build.0 = Debug|x64
		{9C03810D-90A4-4758-9F9E-24570C197418}.Debug|x86.ActiveCfg = Debug|Win32
		{9C03810D-90A4-4758-9F9E-24570C197418}.Debug|x86.Build.0 = Debug|Win32
		{9C03810D-90A4-4758-9F9E-24570C197418}.Release|Any CPU.ActiveCfg = Release|Win32
		{9C03810D-90A4-4758-9F9E-24570C197418}.Release|ARM.ActiveCfg = Release|ARM
		{9C03810D-90A4-4758-9F9E-24570C197418}.Release|ARM.Build.0 = Release|ARM
		{9C03810D-90A4-4758-9F9E-24570C197418}.Release|x64.ActiveCfg = Release|x64
		{9C03810D-90A4-4758-9F9E-24570C197418}.Release|x64.Build.0 = Release|x64
		{9C03810D-90A4-4758-9F9E-24570C197418}.Release|x86.ActiveCfg = Release|Win32
		{9C03810D-90A4-4758-9F9E-24570C197418}.Release|x86.Build.0 = Release|Win32
		{A8F6202B-B329-4888-BA1A-8C841993B195}.Debug|Any CPU.ActiveCfg = Debug|Win32
		{A8F6202B-B329-4888-BA1A-8C841993B195}.Debug|ARM.ActiveCfg = Debug|ARM
		{A8F6202B-B329-4888-BA1A-8C841993B195}.Debug|ARM.Build.0 = Debug|ARM
		{A8F6202B-B329-4888-BA1A-8C841993B195}.Debug|x64.ActiveCfg = Debug|x64
		{A8F6202B-B329-4888-BA1A-8C841993B195}.Debug|x64.Build.0 = Debug|x64
		{A8F6202B-B329-4888-BA1A-8C841993B195}.Debug|x86.ActiveCfg = Debug|Win32
		{A8F6202B-B329-4888-BA1A-8C841993B195}.Debug|x86.Build.0 = Debug|Win32
		{A8F6202B-B329-4888-BA1A-8C841993B195}.Release|Any CPU.ActiveCfg = Release|Win32
		{A8F6202B-B329-4888-BA1A-8C841993B195}.Release|ARM.ActiveCfg = Release|ARM
		{A8F6202B-B329-4888-BA1A-8C841993B195}.Release|ARM.Build.0 = Release|ARM
		{A8F6202B-B329-4888-BA1A-8C841993B195}.Release|x64.ActiveCfg = Release|x64
		{A8F6202B-B329-4888-BA1A-8C841993B195}.Release|x64.Build.0 = Release|x64
		{A8F6202B-B329-4888-BA1A-8C841993B195}.Release|x86.ActiveCfg = Release|Win32
		{A8F6202B-B329-4888-BA1A-8C841993B195}.Release|x86.Build.0 = Release|Win32
		{472E94A2-8046-4AFC-80F1-BD196E6B7172}.Debug|Any CPU.ActiveCfg = Debug|Win32
		{472E94A2-8046-4AFC-80F1-BD196E6B7172}.Debug|ARM.ActiveCfg = Debug|ARM
		{472E94A2-8046-4AFC-80F1-BD196E6B7172}.Debug|ARM.Build.0 = Debug|ARM
		{472E94A2-8046-4AFC-80F1-BD196E6B7172}.Debug|x64.ActiveCfg = Debug|x64
		{472E94A2-8046-4AFC-80F1-BD196E6B7172}.Debug|x64.Build.0 = Debug|x64
		{472E94A2-8046-4AFC-80F1-BD196E6B7172}.Debug|x86.ActiveCfg = Debug|Win32
		{472E94A2-8046-4AFC-80F1-BD196E6B7172}.Debug|x86.Build.0 = Debug|Win32
		{472E94A2-8046-4AFC-80F1-BD196E6B7172}.Release|Any CPU.ActiveCfg = Release|Win32
		{472E94A2-8046-4AFC-80F1-BD196E6B7172}.Release|ARM.ActiveCfg = Release|ARM
		{472E94A2-8046-4AFC-80F1-BD196E6B7172}.Release|ARM.Build.0 = Release|ARM
		{472E94A2-8046-4AFC-80F1-BD196E6B7172}.Release|x64.ActiveCfg = Release|x64
		{472E94A2-8046-4AFC-80F1-BD196E6B7172}.Release|x64.Build.0 = Release|x64
		{472E94A2-8046-4AFC-80F1-BD196E6B7172}.Release|x86.ActiveCfg = Release|Win32
		{472E94A2-8046-4AFC-80F1-BD196E6B7172}.Release|x86.Build.0 = Release|Win32
		{196B484A-2687-410B-A17E-3CF1F000A471}.Debug|Any CPU.ActiveCfg = Debug|Win32
		{196B484A-2687-410B-A17E-3CF1F000A471}.Debug|ARM.ActiveCfg = Debug|ARM
		{196B484A-2687-410B-A17E-3CF1F000A471}.Debug|ARM.Build.0 = Debug|ARM
		{196B484A-2687-410B-A17E-3CF1F000A471}.Debug|x64.ActiveCfg = Debug|x64
		{196B484A-2687-410B-A17E-3CF1F000A471}.Debug|x64.Build.0 = Debug|x64
		{196B484A-2687-410B-A17E-3CF1F000A471}.Debug|x86.ActiveCfg = Debug|Win32
		{196B484A-2687-410B-A17E-3CF1F000A471}.Debug|x86.Build.0 = Debug|Win32
		{196B484A-2687-410B-A17E-3CF1F000A471}.Release|Any CPU.ActiveCfg = Release|Win32
		{196B484A-2687-410B-A17E-3CF1F000A471}.Release|ARM.ActiveCfg = Release|ARM
		{196B484A-2687-410B-A17E-3CF1F000A471}.Release|ARM.Build.0 = Release|ARM
		{196B484A-2687-410B-A17E-3CF1F000A471}.Release|x64.ActiveCfg = Release|x64
		{196B484A-2687-410B-A17E-3CF1F000A471}.Release|x64.Build.0 = Release|x64
		{196B484A-2687-410B-A17E-3CF1F000A471}.Release|x86.ActiveCfg = Release|Win32
		{196B484A-2687-410B-A17E-3CF1F000A471}.Release|x86.Build.0 = Release|Win32
		{86FFA003-17D6-4475-8B2B-1CB5B228C881}.Debug|Any CPU.ActiveCfg = Debug|Win32
		{86FFA003-17D6-4475-8B2B-1CB5B228C881}.Debug|ARM.ActiveCfg = Debug|ARM
		{86FFA003-17D6-4475-8B2B-1CB5B228C881}.Debug|ARM.Build.0 = Debug|ARM
		{86FFA003-17D6-4475-8B2B-1CB5B228C881}.Debug|x64.ActiveCfg = Debug|x64
		{86FFA003-17D6-4475-8B2B-1CB5B228C881}.Debug|x64.Build.0 = Debug|x64
		{86FFA003-17D6-4475-8B2B-1CB5B228C881}.Debug|x86.ActiveCfg = Debug|Win32
		{86FFA003-17D6-4475-8B2B-1CB5B228C881}.Debug|x86.Build.0 = Debug|Win32
		{86FFA003-17D6-4475-8B2B-1CB5B228C881}.Release|Any CPU.ActiveCfg = Release|Win32
		{86FFA003-17D6-4475-8B2B-1CB5B228C881}.Release|ARM.ActiveCfg = Release|ARM
		{86FFA003-17D6-4475-8B2B-1CB5B228C881}.Release|ARM.Build.0 = Release|ARM
		{86FFA003-17D6-4475-8B2B-1CB5B228C881}.Release|x64.ActiveCfg = Release|x64
		{86FFA003-17D6-4475-8B2B-1CB5B228C881}.Release|x64.Build.0 = Release|x64
		{86FFA003-17D6-4475-8B2B-1CB5B228C881}.Release|x86.ActiveCfg = Release|Win32
		{86FFA003-17D6-4475-8B2B-1CB5B228C881}.Release|x86.Build.0 = Release|Win32
		{95540631-8E61-475D-BD82-BAFB7874EACA}.Debug|Any CPU.ActiveCfg = Debug|Win32
		{95540631-8E61-475D-BD82-BAFB7874EACA}.Debug|ARM.ActiveCfg = Debug|ARM
		{95540631-8E61-475D-BD82-BAFB7874EACA}.Debug|ARM.Build.0 = Debug|ARM
		{95540631-8E61-475D-BD82-BAFB7874EACA}.Debug|x64.ActiveCfg = Debug|x64
		{95540631-8E61-475D-BD82-BAFB7874EACA}.Debug|x64.Build.0 = Debug|x64
		{95540631-8E61-475D-BD82-BAFB7874EACA}.Debug|x86.ActiveCfg = Debug|Win32
		{95540631-8E61-475D-BD82-BAFB7874EACA}.Debug|x86.Build.0 = Debug|Win32
		{95540631-8E61-475D-BD82-BAFB7874EACA}.Release|Any CPU.ActiveCfg = Release|Win32
		{95540631-8E61-475D-BD82-BAFB7874EACA}.Release|ARM.ActiveCfg = Release|ARM
		{95540631-8E61-475D-BD82-BAFB7874EACA}.Release|ARM.Build.0 = Release|ARM
		{95540631-8E61-475D-BD82-BAFB7874EACA}.Release|x64.ActiveCfg = Release|x64
		{95540631-8E61-475D-BD82-BAFB7874EACA}.Release|x64.Build.0 = Release|x64
		{95540631-8E61-475D-BD82-BAFB7874EACA}.Release|x86.ActiveCfg = Release|Win32
		{95540631-8E61-475D-BD82-BAFB7874EACA}.Release|x86.Build.0 = Release|Win32
		{289D747A-B454-4B8A-9A4E-C857CC8F900A}.Debug|Any CPU.ActiveCfg = Debug|Win32
		{289D747A-B454-4B8A-9A4E-C857CC8F900A}.Debug|ARM.ActiveCfg = Debug|ARM
		{289D747A-B454-4B8A-9A4E-C857CC8F900A}.Debug|ARM.Build.0 = Debug|ARM
		{289D747A-B454-4B8A-9A4E-C857CC8F900A}.Debug|x64.ActiveCfg = Debug|x64
		{289D747A-B454-4B8A-9A4E-C857CC8F900A}.Debug|x64.Build.0 = Debug|x64
		{289D747A-B454-4B8A-9A4E-C857CC8F900A}.Debug|x86.ActiveCfg = Debug|Win32
		{289D747A-B454-4B8A-9A4E-C857CC8F900A}.Debug|x86.Build.0 = Debug|Win32
		{289D747A-B454-4B8A-9A4E-C857CC8F900A}.Release|Any CPU.ActiveCfg = Release|Win32
		{289D747A-B454-4B8A-9A4E-C857CC8F900A}.Release|ARM.ActiveCfg = Release|ARM
		{289D747A-B454-4B8A-9A4E-C857CC8F900A}.Release|ARM.Build.0 = Release|ARM
		{289D747A-B454-4B8A-9A4E-C857CC8F900A}.Release|x64.ActiveCfg = Release|x64
		{289D747A-B454-4B8A-9A4E-C857CC8F900A}.Release|x64.Build.0 = Release|x64
		{289D747A-B454-4B8A-9A4E-C857CC8F900A}.Release|x86.ActiveCfg = Release|Win32
		{289D747A-B454-4B8A-9A4E-C857CC8F900A}.Release|x86.Build.0 = Release|Win32
		{514BEBC4-127B-4894-9905-D0F7A09B0287}.Debug|Any CPU.ActiveCfg = Debug|Win32
		{514BEBC4-127B-4894-9905-D0F7A09B0287}.Debug|ARM.ActiveCfg = Debug|ARM
		{514BEBC4-127B-4894-9905-D0F7A09B0287}.Debug|ARM.Build.0 = Debug|ARM
		{514BEBC4-127B-4894-9905-D0F7A09B0287}.Debug|x64.ActiveCfg = Debug|x64
		{514BEBC4-127B-4894-9905-D0F7A09B0287}.Debug|x64.Build.0 = Debug|x64
		{514BEBC4-127B-4894-9905-D0F7A09B0287}.Debug|x86.ActiveCfg = Debug|Win32
		{514BEBC4-127B-4894-9905-D0F7A09B0287}.Debug|x86.Build.0 = Debug|Win32
		{514BEBC4-127B-4894-9905-D0F7A09B0287}.Release|Any CPU.ActiveCfg = Release|Win32
		{514BEBC4-127B-4894-9905-D0F7A09B0287}.Release|ARM.ActiveCfg = Release|ARM
		{514BEBC4-127B-4894-9905-D0F7A09B0287}.Release|ARM.Build.0 = Release|ARM
		{514BEBC4-127B-4894-9905-D0F7A09B0287}.Release|x64.ActiveCfg = Release|x64
		{514BEBC4-127B-4894-9905-D0F7A09B0287}.Release|x64.Build.0 = Release|x64
		{514BEBC4-127B-4894-9905-D0F7A09B0287}.Release|x86.ActiveCfg = Release|Win32
		{514BEBC4-127B-4894-9905-D0F7A09B0287}.Release|x86.Build.0 = Release|Win32
		{8D7F0687-53BE-4DCA-BD12-5DF9199D2A82}.Debug|Any CPU.ActiveCfg = Debug|Win32
		{8D7F0687-53BE-4DCA-BD12-5DF9199D2A82}.Debug|ARM.ActiveCfg = Debug|ARM
		{8D7F0687-53BE-4DCA-BD12-5DF9199D2A82}.Debug|ARM.Build.0 = Debug|ARM
		{8D7F0687-53BE-4DCA-BD12-5DF9199D2A82}.Debug|x64.ActiveCfg = Debug|x64
		{8D7F0687-53BE-4DCA-BD12-5DF9199D2A82}.Debug|x64.Build.0 = Debug|x64
		{8D7F0687-53BE-4DCA-BD12-5DF9199D2A82}.Debug|x86.ActiveCfg = Debug|Win32
		{8D7F0687-53BE-4DCA-BD12-5DF9199D2A82}.Debug|x86.Build.0 = Debug|Win32
		{8D7F0687-53BE-4DCA-BD12-5DF9199D2A82}.Release|Any CPU.ActiveCfg = Release|Win32
		{8D7F0687-53BE-4DCA-BD12-5DF9199D2A82}.Release|ARM.ActiveCfg = Release|ARM
		{8D7F0687-53BE-4DCA-BD12-5DF9199D2A82}.Release|ARM.Build.0 = Release|ARM
		{8D7F0687-53BE-4DCA-BD12-5DF9199D2A82}.Release|x64.ActiveCfg = Release|x64
		{8D7F0687-53BE-4DCA-BD12-5DF9199D2A82}.Release|x64.Build.0 = Release|x64
		{8D7F0687-53BE-4DCA-BD12-5DF9199D2A82}.Release|x86.ActiveCfg = Release|Win32
		{8D7F0687-53BE-4DCA-BD12-5DF9199D2A82}.Release|x86.Build.0 = Release|Win32
		{07645043-DF95-4BD8-84FE-DC74EAEAE3BF}.Debug|Any CPU.ActiveCfg = Debug|Win32
		{07645043-DF95-4BD8-84FE-DC74EAEAE3BF}.Debug|ARM.ActiveCfg = Debug|ARM
		{07645043-DF95-4BD8-84FE-DC74EAEAE3BF}.Debug|ARM.Build.0 = Debug|ARM
		{07645043-DF95-4BD8-84FE-DC74EAEAE3BF}.Debug|x64.ActiveCfg = Debug|x64
		{07645043-DF95-4BD8-84FE-DC74EAEAE3BF}.Debug|x64.Build.0 = Debug|x64
		{07645043-DF95-4BD8-84FE-DC74EAEAE3BF}.Debug|x86.ActiveCfg = Debug|Win32
		{07645043-DF95-4BD8-84FE-DC74EAEAE3BF}.Debug|x86.Build.0 = Debug|Win32
		{07645043-DF95-4BD8-84FE-DC74EAEAE3BF}.Release|Any CPU.ActiveCfg = Release|Win32
		{07645043-DF95-4BD8-84FE-DC74EAEAE3BF}.Release|ARM.ActiveCfg = Release|ARM
		{07645043-DF95-4BD8-84FE-DC74EAEAE3BF}.Release|ARM.Build.0 = Release|ARM
		{07645043-DF95-4BD8-84FE-DC74EAEAE3BF}.Release|x64.ActiveCfg = Release|x64
		{07645043-DF95-4BD8-84FE-DC74EAEAE3BF}.Release|x64.Build.0 = Release|x64
		{07645043-DF95-4BD8-84FE-DC74EAEAE3BF}.Release|x86.ActiveCfg = Release|Win32
		{07645043-DF95-4BD8-84FE-DC74EAEAE3BF}.Release|x86.Build.0 = Release|Win32
		{181FCC20-947E-43E7-8B6F-A5E398BA908D}.Debug|Any CPU.ActiveCfg = Debug|Win32
		{181FCC20-947E-43E7-8B6F-A5E398BA908D}.Debug|ARM.ActiveCfg = Debug|ARM
		{181FCC20-947E-43E7-8B6F-A5E398BA908D}.Debug|ARM.Build.0 = Debug|ARM
		{181FCC20-947E-43E7-8B6F-A5E398BA908D}.Debug|x64.ActiveCfg = Debug|x64
		{181FCC20-947E-43E7-8B6F-A5E398BA908D}.Debug|x64.Build.0 = Debug|x64
		{181FCC20-947E-43E7-8B6F-A5E398BA908D}.Debug|x86.ActiveCfg = Debug|Win32
		{181FCC20-947E-43E7-8B6F-A5E398BA908D}.Debug|x86.Build.0 = Debug|Win32
		{181FCC20-947E-43E7-8B6F-A5E398BA908D}.Release|Any CPU.ActiveCfg = Release|Win32
		{181FCC20-947E-43E7-8B6F-A5E398BA908D}.Release|ARM.ActiveCfg = Release|ARM
		{181FCC20-947E-43E7-8B6F-A5E398BA908D}.Release|ARM.Build.0 = Release|ARM
		{181FCC20-947E-43E7-8B6F-A5E398BA908D}.Release|x64.ActiveCfg = Release|x64
		{181FCC20-947E-43E7-8B6F-A5E398BA908D}.Release|x64.Build.0 = Release|x64
		{181FCC20-947E-43E7-8B6F-A5E398BA908D}.Release|x86.ActiveCfg = Release|Win32
		{181FCC20-947E-43E7-8B6F-A5E398BA908D}.Release|x86.Build.0 = Release|Win32
		{7A0EB6B5-801E-469E-B9B4-1F3CB68CC900}.Debug|Any CPU.ActiveCfg = Debug|Win32
		{7A0EB6B5-801E-469E-B9B4-1F3CB68CC900}.Debug|ARM.ActiveCfg = Debug|ARM
		{7A0EB6B5-801E-469E-B9B4-1F3CB68CC900}.Debug|ARM.Build.0 = Debug|ARM
		{7A0EB6B5-801E-469E-B9B4-1F3CB68CC900}.Debug|x64.ActiveCfg = Debug|x64
		{7A0EB6B5-801E-469E-B9B4-1F3CB68CC900}.Debug|x64.Build.0 = Debug|x64
		{7A0EB6B5-801E-469E-B9B4-1F3CB68CC900}.Debug|x86.ActiveCfg = Debug|Win32
		{7A0EB6B5-801E-469E-B9B4-1F3CB68CC900}.Debug|x86.Build.0 = Debug|Win32
		{7A0EB6B5-801E-469E-B9B4-1F3CB68CC900}.Release|Any CPU.ActiveCfg = Release|Win32
		{7A0EB6B5-801E-469E-B9B4-1F3CB68CC900}.Release|ARM.ActiveCfg = Release|ARM
		{7A0EB6B5-801E-469E-B9B4-1F3CB68CC900}.Release|ARM.Build.0 = Release|ARM
		{7A0EB6B5-801E-469E-B9B4-1F3CB68CC900}.Release|x64.ActiveCfg = Release|x64
		{7A0EB6B5-801E-469E-B9B4-1F3CB68CC900}.Release|x64.Build.0 = Release|x64
		{7A0EB6B5-801E-469E-B9B4-1F3CB68CC900}.Release|x86.ActiveCfg = Release|Win32
		{7A0EB6B5-801E-469E-B9B4-1F3CB68CC900}.Release|x86.Build.0 = Release|Win32
		{21304977-4E0D-41B1-BBA9-C716C9BDE052}.Debug|Any CPU.ActiveCfg = Debug|Win32
		{21304977-4E0D-41B1-BBA9-C716C9BDE052}.Debug|ARM.ActiveCfg = Debug|ARM
		{21304977-4E0D-41B1-BBA9-C716C9BDE052}.Debug|ARM.Build.0 = Debug|ARM
		{21304977-4E0D-41B1-BBA9-C716C9BDE052}.Debug|x64.ActiveCfg = Debug|x64
		{21304977-4E0D-41B1-BBA9-C716C9BDE052}.Debug|x64.Build.0 = Debug|x64
		{21304977-4E0D-41B1-BBA9-C716C9BDE052}.Debug|x86.ActiveCfg = Debug|Win32
		{21304977-4E0D-41B1-BBA9-C716C9BDE052}.Debug|x86.Build.0 = Debug|Win32
		{21304977-4E0D-41B1-BBA9-C716C9BDE052}.Release|Any CPU.ActiveCfg = Release|Win32
		{21304977-4E0D-41B1-BBA9-C716C9BDE052}.Release|ARM.ActiveCfg = Release|ARM
		{21304977-4E0D-41B1-BBA9-C716C9BDE052}.Release|ARM.Build.0 = Release|ARM
		{21304977-4E0D-41B1-BBA9-C716C9BDE052}.Release|x64.ActiveCfg = Release|x64
		{21304977-4E0D-41B1-BBA9-C716C9BDE052}.Release|x64.Build.0 = Release|x64
		{21304977-4E0D-41B1-BBA9-C716C9BDE052}.Release|x86.ActiveCfg = Release|Win32
		{21304977-4E0D-41B1-BBA9-C716C9BDE052}.Release|x86.Build.0 = Release|Win32
		{63D18A8E-2580-47D0-854C-5B693AB774BF}.Debug|Any CPU.ActiveCfg = Debug|Win32
		{63D18A8E-2580-47D0-854C-5B693AB774BF}.Debug|ARM.ActiveCfg = Debug|ARM
		{63D18A8E-2580-47D0-854C-5B693AB774BF}.Debug|ARM.Build.0 = Debug|ARM
		{63D18A8E-2580-47D0-854C-5B693AB774BF}.Debug|x64.ActiveCfg = Debug|x64
		{63D18A8E-2580-47D0-854C-5B693AB774BF}.Debug|x64.Build.0 = Debug|x64
		{63D18A8E-2580-47D0-854C-5B693AB774BF}.Debug|x86.ActiveCfg = Debug|Win32
		{63D18A8E-2580-47D0-854C-5B693AB774BF}.Debug|x86.Build.0 = Debug|Win32
		{63D18A8E-2580-47D0-854C-5B693AB774BF}.Release|Any CPU.ActiveCfg = Release|Win32
		{63D18A8E-2580-47D0-854C-5B693AB774BF}.Release|ARM.ActiveCfg = Release|ARM
		{63D18A8E-2580-47D0-854C-5B693AB774BF}.Release|ARM.Build.0 = Release|ARM
		{63D18A8E-2580-47D0-854C-5B693AB774BF}.Release|x64.ActiveCfg = Release|x64
		{63D18A8E-2580-47D0-854C-5B693AB774BF}.Release|x64.Build.0 = Release|x64
		{63D18A8E-2580-47D0-854C-5B693AB774BF}.Release|x86.ActiveCfg = Release|Win32
		{63D18A8E-2580-47D0-854C-5B693AB774BF}.Release|x86.Build.0 = Release|Win32
		{9CB2D5C0-F782-44CB-9F00-278B643E40A3}.Debug|Any CPU.ActiveCfg = Debug|Win32
		{9CB2D5C0-F782-44CB-9F00-278B643E40A3}.Debug|ARM.ActiveCfg = Debug|ARM
		{9CB2D5C0-F782-44CB-9F00-278B643E40A3}.Debug|ARM.Build.0 = Debug|ARM
		{9CB2D5C0-F782-44CB-9F00-278B643E40A3}.Debug|x64.ActiveCfg = Debug|x64
		{9CB2D5C0-F782-44CB-9F00-278B643E40A3}.Debug|x64.Build.0 = Debug|x64
		{9CB2D5C0-F782-44CB-9F00-278B643E40A3}.Debug|x86.ActiveCfg = Debug|Win32
		{9CB2D5C0-F782-44CB-9F00-278B643E40A3}.Debug|x86.Build.0 = Debug|Win32
		{9CB2D5C0-F782-44CB-9F00-278B643E40A3}.Release|Any CPU.ActiveCfg = Release|Win32
		{9CB2D5C0-F782-44CB-9F00-278B643E40A3}.Release|ARM.ActiveCfg = Release|ARM
		{9CB2D5C0-F782-44CB-9F00-278B643E40A3}.Release|ARM.Build.0 = Release|ARM
		{9CB2D5C0-F782-44CB-9F00-278B643E40A3}.Release|x64.ActiveCfg = Release|x64
		{9CB2D5C0-F782-44CB-9F00-278B643E40A3}.Release|x64.Build.0 = Release|x64
		{9CB2D5C0-F782-44CB-9F00-278B643E40A3}.Release|x86.ActiveCfg = Release|Win32
		{9CB2D5C0-F782-44CB-9F00-278B643E40A3}.Release|x86.Build.0 = Release|Win32
		{2901B352-BA31-4BEF-BD0C-BA6B4E671FEB}.Debug|Any CPU.ActiveCfg = Debug|Win32
		{2901B352-BA31-4BEF-BD0C-BA6B4E671FEB}.Debug|ARM.ActiveCfg = Debug|ARM
		{2901B352-BA31-4BEF-BD0C-BA6B4E671FEB}.Debug|ARM.Build.0 = Debug|ARM
		{2901B352-BA31-4BEF-BD0C-BA6B4E671FEB}.Debug|x64.ActiveCfg = Debug|x64
		{2901B352-BA31-4BEF-BD0C-BA6B4E671FEB}.Debug|x64.Build.0 = Debug|x64
		{2901B352-BA31-4BEF-BD0C-BA6B4E671FEB}.Debug|x86.ActiveCfg = Debug|Win32
		{2901B352-BA31-4BEF-BD0C-BA6B4E671FEB}.Debug|x86.Build.0 = Debug|Win32
		{2901B352-BA31-4BEF-BD0C-BA6B4E671FEB}.Release|Any CPU.ActiveCfg = Release|Win32
		{2901B352-BA31-4BEF-BD0C-BA6B4E671FEB}.Release|ARM.ActiveCfg = Release|ARM
		{2901B352-BA31-4BEF-BD0C-BA6B4E671FEB}.Release|ARM.Build.0 = Release|ARM
		{2901B352-BA31-4BEF-BD0C-BA6B4E671FEB}.Release|x64.ActiveCfg = Release|x64
		{2901B352-BA31-4BEF-BD0C-BA6B4E671FEB}.Release|x64.Build.0 = Release|x64
		{2901B352-BA31-4BEF-BD0C-BA6B4E671FEB}.Release|x86.ActiveCfg = Release|Win32
		{2901B352-BA31-4BEF-BD0C-BA6B4E671FEB}.Release|x86.Build.0 = Release|Win32
		{A030F979-93FE-4398-A91B-961A6A462573}.Debug|Any CPU.ActiveCfg = Debug|Win32
		{A030F979-93FE-4398-A91B-961A6A462573}.Debug|ARM.ActiveCfg = Debug|ARM
		{A030F979-93FE-4398-A91B-961A6A462573}.Debug|ARM.Build.0 = Debug|ARM
		{A030F979-93FE-4398-A91B-961A6A462573}.Debug|x64.ActiveCfg = Debug|x64
		{A030F979-93FE-4398-A91B-961A6A462573}.Debug|x64.Build.0 = Debug|x64
		{A030F979-93FE-4398-A91B-961A6A462573}.Debug|x86.ActiveCfg = Debug|Win32
		{A030F979-93FE-4398-A91B-961A6A462573}.Debug|x86.Build.0 = Debug|Win32
		{A030F979-93FE-4398-A91B-961A6A462573}.Release|Any CPU.ActiveCfg = Release|Win32
		{A030F979-93FE-4398-A91B-961A6A462573}.Release|ARM.ActiveCfg = Release|ARM
		{A030F979-93FE-4398-A91B-961A6A462573}.Release|ARM.Build.0 = Release|ARM
		{A030F979-93FE-4398-A91B-961A6A462573}.Release|x64.ActiveCfg = Release|x64
		{A030F979-93FE-4398-A91B-961A6A462573}.Release|x64.Build.0 = Release|x64
		{A030F979-93FE-4398-A91B-961A6A462573}.Release|x86.ActiveCfg = Release|Win32
		{A030F979-93FE-4398-A91B-961A6A462573}.Release|x86.Build.0 = Release|Win32
		{7FAFC809-282A-4C3A-B1AC-5D4D7FFD613B}.Debug|Any CPU.ActiveCfg = Debug|Win32
		{7FAFC809-282A-4C3A-B1AC-5D4D7FFD613B}.Debug|ARM.ActiveCfg = Debug|ARM
		{7FAFC809-282A-4C3A-B1AC-5D4D7FFD613B}.Debug|ARM.Build.0 = Debug|ARM
		{7FAFC809-282A-4C3A-B1AC-5D4D7FFD613B}.Debug|x64.ActiveCfg = Debug|x64
		{7FAFC809-282A-4C3A-B1AC-5D4D7FFD613B}.Debug|x64.Build.0 = Debug|x64
		{7FAFC809-282A-4C3A-B1AC-5D4D7FFD613B}.Debug|x86.ActiveCfg = Debug|Win32
		{7FAFC809-282A-4C3A-B1AC-5D4D7FFD613B}.Debug|x86.Build.0 = Debug|Win32
		{7FAFC809-282A-4C3A-B1AC-5D4D7FFD613B}.Release|Any CPU.ActiveCfg = Release|Win32
		{7FAFC809-282A-4C3A-B1AC-5D4D7FFD613B}.Release|ARM.ActiveCfg = Release|ARM
		{7FAFC809-282A-4C3A-B1AC-5D4D7FFD613B}.Release|ARM.Build.0 = Release|ARM
		{7FAFC809-282A-4C3A-B1AC-5D4D7FFD613B}.Release|x64.ActiveCfg = Release|x64
		{7FAFC809-282A-4C3A-B1AC-5D4D7FFD613B}.Release|x64.Build.0 = Release|x64
		{7FAFC809-282A-4C3A-B1AC-5D4D7FFD613B}.Release|x86.ActiveCfg = Release|Win32
		{7FAFC809-282A-4C3A-B1AC-5D4D7FFD613B}.Release|x86.Build.0 = Release|Win32
		{61261F4E-4C66-402B-89BE-1D854C65A7FF}.Debug|Any CPU.ActiveCfg = Debug|Any CPU
		{61261F4E-4C66-402B-89BE-1D854C65A7FF}.Debug|Any CPU.Build.0 = Debug|Any CPU
		{61261F4E-4C66-402B-89BE-1D854C65A7FF}.Debug|ARM.ActiveCfg = Debug|Any CPU
		{61261F4E-4C66-402B-89BE-1D854C65A7FF}.Debug|ARM.Build.0 = Debug|Any CPU
		{61261F4E-4C66-402B-89BE-1D854C65A7FF}.Debug|x64.ActiveCfg = Debug|Any CPU
		{61261F4E-4C66-402B-89BE-1D854C65A7FF}.Debug|x64.Build.0 = Debug|Any CPU
		{61261F4E-4C66-402B-89BE-1D854C65A7FF}.Debug|x86.ActiveCfg = Debug|Any CPU
		{61261F4E-4C66-402B-89BE-1D854C65A7FF}.Debug|x86.Build.0 = Debug|Any CPU
		{61261F4E-4C66-402B-89BE-1D854C65A7FF}.Release|Any CPU.ActiveCfg = Release|Any CPU
		{61261F4E-4C66-402B-89BE-1D854C65A7FF}.Release|Any CPU.Build.0 = Release|Any CPU
		{61261F4E-4C66-402B-89BE-1D854C65A7FF}.Release|ARM.ActiveCfg = Release|Any CPU
		{61261F4E-4C66-402B-89BE-1D854C65A7FF}.Release|ARM.Build.0 = Release|Any CPU
		{61261F4E-4C66-402B-89BE-1D854C65A7FF}.Release|x64.ActiveCfg = Release|Any CPU
		{61261F4E-4C66-402B-89BE-1D854C65A7FF}.Release|x64.Build.0 = Release|Any CPU
		{61261F4E-4C66-402B-89BE-1D854C65A7FF}.Release|x86.ActiveCfg = Release|Any CPU
		{61261F4E-4C66-402B-89BE-1D854C65A7FF}.Release|x86.Build.0 = Release|Any CPU
	EndGlobalSection
	GlobalSection(SolutionProperties) = preSolution
		HideSolutionNode = FALSE
	EndGlobalSection
	GlobalSection(NestedProjects) = preSolution
		{63E4B9AF-E8E7-4130-A6C1-E0FE46636A16} = {2E23AE05-7906-4836-8902-B95250E0B238}
		{82569D80-5620-4012-8314-26BFECB7C9D8} = {2E23AE05-7906-4836-8902-B95250E0B238}
		{E141E8D9-450D-40B5-B92A-36FA165E5005} = {2E23AE05-7906-4836-8902-B95250E0B238}
		{AA3CE6BF-9976-4268-9B36-4956897F5185} = {2E23AE05-7906-4836-8902-B95250E0B238}
		{333702E3-70FF-42B7-9A1C-4E47192EC13E} = {2E23AE05-7906-4836-8902-B95250E0B238}
		{51EBAEE3-774B-4060-ADFA-C7C0A740B789} = {2E23AE05-7906-4836-8902-B95250E0B238}
		{025DCDF6-0267-4873-8DDA-CB10E9A0B677} = {2E23AE05-7906-4836-8902-B95250E0B238}
		{A1897C60-C8CA-45AC-8917-A4DCFBCAE523} = {2E23AE05-7906-4836-8902-B95250E0B238}
		{5CFA4E87-5E7C-49EB-BDA6-52F31B40E1AA} = {2E23AE05-7906-4836-8902-B95250E0B238}
		{024E6CCA-6D5D-45DC-8A5E-A4F2F94666EE} = {2E23AE05-7906-4836-8902-B95250E0B238}
		{C2B6847A-DEEF-47BD-8FCE-2D58F207D457} = {2E23AE05-7906-4836-8902-B95250E0B238}
		{D19BFCE3-0233-4B39-8EA5-FA0EE0D4A753} = {2E23AE05-7906-4836-8902-B95250E0B238}
		{0BBA2068-71D5-4FEC-8E44-761D0E9B44D4} = {D7A445C0-F588-4D6C-A5BB-7DDBA94AC903}
		{0555A467-B1B2-4301-901C-0489F63B8ECC} = {D7A445C0-F588-4D6C-A5BB-7DDBA94AC903}
		{80DDA0D6-5181-49D1-9CB6-4A441E743086} = {D7A445C0-F588-4D6C-A5BB-7DDBA94AC903}
		{CC7FB684-776F-4902-BE3B-D354933EF2DC} = {D7A445C0-F588-4D6C-A5BB-7DDBA94AC903}
		{1448CCE7-B3E5-45AC-B4DA-7C08CDA78620} = {2E23AE05-7906-4836-8902-B95250E0B238}
		{D9B6BC43-A49F-4893-9556-5E9D51F7D5C1} = {2E23AE05-7906-4836-8902-B95250E0B238}
		{70A8CB20-70CF-4351-B62D-E0755DFC15F0} = {D7A445C0-F588-4D6C-A5BB-7DDBA94AC903}
		{AF8ACEB6-36A7-4A72-8002-4682413A9103} = {D7A445C0-F588-4D6C-A5BB-7DDBA94AC903}
		{9C03810D-90A4-4758-9F9E-24570C197418} = {2E23AE05-7906-4836-8902-B95250E0B238}
		{A8F6202B-B329-4888-BA1A-8C841993B195} = {2E23AE05-7906-4836-8902-B95250E0B238}
		{472E94A2-8046-4AFC-80F1-BD196E6B7172} = {2E23AE05-7906-4836-8902-B95250E0B238}
		{196B484A-2687-410B-A17E-3CF1F000A471} = {2E23AE05-7906-4836-8902-B95250E0B238}
		{86FFA003-17D6-4475-8B2B-1CB5B228C881} = {2E23AE05-7906-4836-8902-B95250E0B238}
		{95540631-8E61-475D-BD82-BAFB7874EACA} = {2E23AE05-7906-4836-8902-B95250E0B238}
		{289D747A-B454-4B8A-9A4E-C857CC8F900A} = {2E23AE05-7906-4836-8902-B95250E0B238}
		{514BEBC4-127B-4894-9905-D0F7A09B0287} = {2E23AE05-7906-4836-8902-B95250E0B238}
		{8D7F0687-53BE-4DCA-BD12-5DF9199D2A82} = {2E23AE05-7906-4836-8902-B95250E0B238}
		{07645043-DF95-4BD8-84FE-DC74EAEAE3BF} = {2E23AE05-7906-4836-8902-B95250E0B238}
		{181FCC20-947E-43E7-8B6F-A5E398BA908D} = {2E23AE05-7906-4836-8902-B95250E0B238}
		{7A0EB6B5-801E-469E-B9B4-1F3CB68CC900} = {2E23AE05-7906-4836-8902-B95250E0B238}
		{21304977-4E0D-41B1-BBA9-C716C9BDE052} = {2E23AE05-7906-4836-8902-B95250E0B238}
		{63D18A8E-2580-47D0-854C-5B693AB774BF} = {2E23AE05-7906-4836-8902-B95250E0B238}
		{9CB2D5C0-F782-44CB-9F00-278B643E40A3} = {2E23AE05-7906-4836-8902-B95250E0B238}
		{2901B352-BA31-4BEF-BD0C-BA6B4E671FEB} = {2E23AE05-7906-4836-8902-B95250E0B238}
		{A030F979-93FE-4398-A91B-961A6A462573} = {2E23AE05-7906-4836-8902-B95250E0B238}
		{7FAFC809-282A-4C3A-B1AC-5D4D7FFD613B} = {2E23AE05-7906-4836-8902-B95250E0B238}
	EndGlobalSection
	GlobalSection(ExtensibilityGlobals) = postSolution
		SolutionGuid = {1F70E1C5-5C4E-4792-9108-D1BF76C09C3F}
	EndGlobalSection
EndGlobal
