<?xml version="1.0" encoding="utf-8"?>
<Project ToolsVersion="15.0" xmlns="http://schemas.microsoft.com/developer/msbuild/2003">
  <ItemGroup>
    <Filter Include="Resource Files">
      <UniqueIdentifier>{67DA6AB6-F800-4c08-8B7A-83BB121AAD01}</UniqueIdentifier>
      <Extensions>rc;ico;cur;bmp;dlg;rc2;rct;bin;rgs;gif;jpg;jpeg;jpe;resx;tga;tiff;tif;png;wav;mfcribbon-ms</Extensions>
    </Filter>
  </ItemGroup>
  <ItemGroup>
    <ClInclude Include="targetver.h" />
    <ClInclude Include="src\deps\zlib\crc32.h" />
    <ClInclude Include="src\deps\zlib\deflate.h" />
    <ClInclude Include="src\deps\zlib\gzguts.h" />
    <ClInclude Include="src\deps\zlib\inffast.h" />
    <ClInclude Include="src\deps\zlib\inffixed.h" />
    <ClInclude Include="src\deps\zlib\inflate.h" />
    <ClInclude Include="src\deps\zlib\inftrees.h" />
    <ClInclude Include="src\deps\zlib\trees.h" />
    <ClInclude Include="src\deps\zlib\zconf.h" />
    <ClInclude Include="src\deps\zlib\zlib.h" />
    <ClInclude Include="src\deps\zlib\zutil.h" />
    <ClInclude Include="src\libretro_cbs.h" />
    <ClInclude Include="src\deps\libkirk\aes.h" />
    <ClInclude Include="src\deps\libkirk\amctrl.h" />
    <ClInclude Include="src\deps\libkirk\des.h" />
    <ClInclude Include="src\deps\libkirk\key_vault.h" />
    <ClInclude Include="src\deps\libkirk\kirk_engine.h" />
    <ClInclude Include="src\deps\libkirk\psp_headers.h" />
    <ClInclude Include="src\deps\libkirk\sha1.h" />
    <ClInclude Include="src\scrc32.h" />
    <ClInclude Include="src\mednafen\psx\irq.h" />
    <ClInclude Include="src\mednafen\psx\timer.h" />
    <ClInclude Include="src\mednafen\psx\dma.h" />
    <ClInclude Include="src\mednafen\psx\frontio.h" />
    <ClInclude Include="src\mednafen\psx\sio.h" />
    <ClInclude Include="src\mednafen\psx\cpu.h" />
    <ClInclude Include="src\mednafen\psx\cdc.h" />
    <ClInclude Include="src\mednafen\psx\gte.h" />
    <ClInclude Include="src\mednafen\psx\gpu.h" />
    <ClInclude Include="src\mednafen\psx\spu.h" />
    <ClInclude Include="src\mednafen\psx\mdec.h" />
    <ClInclude Include="src\mednafen\psx\input\dualanalog.h" />
    <ClInclude Include="src\mednafen\psx\input\dualshock.h" />
    <ClInclude Include="src\mednafen\psx\input\gamepad.h" />
    <ClInclude Include="src\mednafen\psx\input\guncon.h" />
    <ClInclude Include="src\mednafen\psx\input\justifier.h" />
    <ClInclude Include="src\mednafen\psx\input\memcard.h" />
    <ClInclude Include="src\mednafen\psx\input\mouse.h" />
    <ClInclude Include="src\mednafen\psx\input\multitap.h" />
    <ClInclude Include="src\mednafen\psx\input\negcon.h" />
  </ItemGroup>
  <ItemGroup>
    <ClCompile Include="src\deps\zlib\adler32.c" />
    <ClCompile Include="src\deps\zlib\compress.c" />
    <ClCompile Include="src\deps\zlib\crc32.c" />
    <ClCompile Include="src\deps\zlib\deflate.c" />
    <ClCompile Include="src\deps\zlib\gzclose.c" />
    <ClCompile Include="src\deps\zlib\gzlib.c" />
    <ClCompile Include="src\deps\zlib\gzread.c" />
    <ClCompile Include="src\deps\zlib\gzwrite.c" />
    <ClCompile Include="src\deps\zlib\infback.c" />
    <ClCompile Include="src\deps\zlib\inffast.c" />
    <ClCompile Include="src\deps\zlib\inflate.c" />
    <ClCompile Include="src\deps\zlib\inftrees.c" />
    <ClCompile Include="src\deps\zlib\trees.c" />
    <ClCompile Include="src\deps\zlib\uncompr.c" />
    <ClCompile Include="src\deps\zlib\zutil.c" />
    <ClCompile Include="src\libretro_cbs.c" />
    <ClCompile Include="src\deps\libkirk\aes.c" />
    <ClCompile Include="src\deps\libkirk\amctrl.c" />
    <ClCompile Include="src\deps\libkirk\bn.c" />
    <ClCompile Include="src\deps\libkirk\des.c" />
    <ClCompile Include="src\deps\libkirk\ec.c" />
    <ClCompile Include="src\deps\libkirk\kirk_engine.c" />
    <ClCompile Include="src\deps\libkirk\sha1.c" />
    <ClCompile Include="src\scrc32.c" />
    <ClCompile Include="src\mednafen\psx\irq.cpp" />
    <ClCompile Include="src\mednafen\psx\timer.cpp" />
    <ClCompile Include="src\mednafen\psx\dma.cpp" />
    <ClCompile Include="src\mednafen\psx\frontio.cpp" />
    <ClCompile Include="src\mednafen\psx\sio.cpp" />
    <ClCompile Include="src\mednafen\psx\cpu.cpp" />
    <ClCompile Include="src\mednafen\psx\cdc.cpp" />
    <ClCompile Include="src\mednafen\psx\gte.cpp" />
    <ClCompile Include="src\mednafen\psx\gpu.cpp" />
    <ClCompile Include="src\mednafen\psx\spu.cpp" />
    <ClCompile Include="src\mednafen\psx\mdec.cpp" />
    <ClCompile Include="src\mednafen\psx\input\dualanalog.cpp" />
    <ClCompile Include="src\mednafen\psx\input\dualshock.cpp" />
    <ClCompile Include="src\mednafen\psx\input\gamepad.cpp" />
    <ClCompile Include="src\mednafen\psx\input\guncon.cpp" />
    <ClCompile Include="src\mednafen\psx\input\justifier.cpp" />
    <ClCompile Include="src\mednafen\psx\input\memcard.cpp" />
    <ClCompile Include="src\mednafen\psx\input\mouse.cpp" />
    <ClCompile Include="src\mednafen\psx\input\multitap.cpp" />
    <ClCompile Include="src\mednafen\psx\input\negcon.cpp" />
  </ItemGroup>
</Project>