<?xml version="1.0" encoding="utf-8"?>
<Project ToolsVersion="15.0" xmlns="http://schemas.microsoft.com/developer/msbuild/2003">
  <ItemGroup>
    <ClCompile Include="pch.cpp" />
    <ClCompile Include="Converter.cpp" />
    <ClCompile Include="CoreHelper.cpp" />
  </ItemGroup>
  <ItemGroup>
    <ClInclude Include="pch.h" />
    <ClInclude Include="targetver.h" />
    <ClInclude Include="Export.h" />
    <ClInclude Include="Converter.h" />
    <ClInclude Include="resource.h" />
    <ClInclude Include="CoreHelper.h" />
  </ItemGroup>
</Project>