<?xml version="1.0" encoding="utf-8"?>
<Project ToolsVersion="15.0" xmlns="http://schemas.microsoft.com/developer/msbuild/2003">
  <ItemGroup>
    <Filter Include="Resources">
      <UniqueIdentifier>0bcd754b-3057-42cd-83a1-43a3e4f6bf2c</UniqueIdentifier>
      <Extensions>rc;ico;cur;bmp;dlg;rc2;rct;bin;rgs;gif;jpg;jpeg;jpe;resx;tga;tiff;tif;png;wav;mfcribbon-ms</Extensions>
    </Filter>
  </ItemGroup>
  <ItemGroup>
    <ClCompile Include="pch.cpp" />
    <ClCompile Include="NestopiaCoreInternal.cpp" />
    <ClCompile Include="NestopiaCore.cpp" />
  </ItemGroup>
  <ItemGroup>
    <ClInclude Include="NestopiaCoreInternal.h" />
    <ClInclude Include="NestopiaCore.h" />
  </ItemGroup>
</Project>