<?xml version="1.0" encoding="utf-8"?>
<Project ToolsVersion="15.0" xmlns="http://schemas.microsoft.com/developer/msbuild/2003">
  <ItemGroup>
    <Filter Include="Resources">
      <UniqueIdentifier>aedc1539-fd27-405b-9360-f11d286ec4b9</UniqueIdentifier>
      <Extensions>rc;ico;cur;bmp;dlg;rc2;rct;bin;rgs;gif;jpg;jpeg;jpe;resx;tga;tiff;tif;png;wav;mfcribbon-ms</Extensions>
    </Filter>
  </ItemGroup>
  <ItemGroup>
    <None Include="packages.config" />
  </ItemGroup>
  <ItemGroup>
    <ClCompile Include="OpenGLES.cpp" />
    <ClCompile Include="pch.cpp" />
    <ClCompile Include="SimpleRenderer.cpp" />
    <ClCompile Include="OpenGLESSwapChain.cpp" />
  </ItemGroup>
  <ItemGroup>
    <ClInclude Include="OpenGLES.h" />
    <ClInclude Include="pch.h" />
    <ClInclude Include="SimpleRenderer.h" />
    <ClInclude Include="MathHelper.h" />
    <ClInclude Include="OpenGLESSwapChain.h" />
  </ItemGroup>
</Project>