<?xml version="1.0" encoding="utf-8"?>
<Project ToolsVersion="15.0" xmlns="http://schemas.microsoft.com/developer/msbuild/2003">
  <ItemGroup>
    <Filter Include="Resources">
      <UniqueIdentifier>d555a80d-8af8-483a-9c78-82f3a0534238</UniqueIdentifier>
      <Extensions>rc;ico;cur;bmp;dlg;rc2;rct;bin;rgs;gif;jpg;jpeg;jpe;resx;tga;tiff;tif;png;wav;mfcribbon-ms</Extensions>
    </Filter>
  </ItemGroup>
  <ItemGroup>
    <ClCompile Include="pch.cpp" />
    <ClCompile Include="BeetlePSXCoreInternal.cpp" />
    <ClCompile Include="..\LibretroRT_Tools\CoreBase.cpp" />
    <ClCompile Include="Debug\BeetlePSXCoreInternal.cpp" />
    <ClCompile Include="BeetlePSXCore.cpp" />
  </ItemGroup>
  <ItemGroup>
    <ClInclude Include="pch.h" />
    <ClInclude Include="BeetlePSXCoreInternal.h" />
    <ClInclude Include="..\LibretroRT_Tools\CoreBase.h" />
    <ClInclude Include="BeetlePSXCore.h" />
  </ItemGroup>
</Project>