<?xml version="1.0" encoding="utf-8"?>
<Project ToolsVersion="15.0" xmlns="http://schemas.microsoft.com/developer/msbuild/2003">
  <ItemGroup>
    <Filter Include="Resource Files">
      <UniqueIdentifier>{67DA6AB6-F800-4c08-8B7A-83BB121AAD01}</UniqueIdentifier>
      <Extensions>rc;ico;cur;bmp;dlg;rc2;rct;bin;rgs;gif;jpg;jpeg;jpe;resx;tga;tiff;tif;png;wav;mfcribbon-ms</Extensions>
    </Filter>
  </ItemGroup>
  <ItemGroup>
    <ClInclude Include="targetver.h" />
    <ClInclude Include="src\mednafen\ngp\bios.h" />
    <ClInclude Include="src\mednafen\ngp\dma.h" />
    <ClInclude Include="src\mednafen\ngp\flash.h" />
    <ClInclude Include="src\mednafen\ngp\gfx.h" />
    <ClInclude Include="src\mednafen\ngp\interrupt.h" />
    <ClInclude Include="src\mednafen\ngp\system.h" />
    <ClInclude Include="src\mednafen\ngp\mem.h" />
    <ClInclude Include="src\mednafen\ngp\sound.h" />
    <ClInclude Include="src\mednafen\ngp\rom.h" />
    <ClInclude Include="src\mednafen\ngp\neopop.h" />
    <ClInclude Include="src\mednafen\ngp\T6W28_Apu.h" />
    <ClInclude Include="src\mednafen\ngp\T6W28_Oscs.h" />
    <ClInclude Include="src\mednafen\ngp\Z80_interface.h" />
    <ClInclude Include="src\mednafen\ngp\rtc.h" />
    <ClInclude Include="src\mednafen\ngp\TLCS-900h\TLCS900h_disassemble.h" />
    <ClInclude Include="src\mednafen\ngp\TLCS-900h\TLCS900h_interpret.h" />
    <ClInclude Include="src\mednafen\ngp\TLCS-900h\TLCS900h_interpret_dst.h" />
    <ClInclude Include="src\mednafen\ngp\TLCS-900h\TLCS900h_interpret_reg.h" />
    <ClInclude Include="src\mednafen\ngp\TLCS-900h\TLCS900h_interpret_single.h" />
    <ClInclude Include="src\mednafen\ngp\TLCS-900h\TLCS900h_interpret_src.h" />
    <ClInclude Include="src\mednafen\ngp\TLCS-900h\TLCS900h_registers.h" />
    <ClInclude Include="src\mednafen\hw_cpu\z80-fuse\z80.h" />
    <ClInclude Include="src\mednafen\hw_cpu\z80-fuse\z80_macros.h" />
    <ClInclude Include="src\mednafen\hw_cpu\z80-fuse\z80_fns.h" />
    <ClInclude Include="src\mednafen\hw_cpu\z80-fuse\z80_types.h" />
    <ClInclude Include="src\scrc32.h" />
    <ClInclude Include="src\libretro-common\include\compat\msvc\stdint.h" />
    <ClInclude Include="src\libretro-common\include\compat\apple_compat.h" />
    <ClInclude Include="src\libretro-common\include\compat\fnmatch.h" />
    <ClInclude Include="src\libretro-common\include\compat\getopt.h" />
    <ClInclude Include="src\libretro-common\include\compat\ifaddrs.h" />
    <ClInclude Include="src\libretro-common\include\compat\intrinsics.h" />
    <ClInclude Include="src\libretro-common\include\compat\msvc.h" />
    <ClInclude Include="src\libretro-common\include\compat\posix_string.h" />
    <ClInclude Include="src\libretro-common\include\compat\strcasestr.h" />
    <ClInclude Include="src\libretro-common\include\compat\strl.h" />
    <ClInclude Include="src\libretro-common\include\boolean.h" />
    <ClInclude Include="src\libretro-common\include\memmap.h" />
    <ClInclude Include="src\libretro-common\include\retro_common.h" />
    <ClInclude Include="src\libretro-common\include\retro_common_api.h" />
    <ClInclude Include="src\libretro-common\include\retro_inline.h" />
    <ClInclude Include="src\libretro-common\include\retro_miscellaneous.h" />
    <ClInclude Include="src\libretro-common\include\retro_stat.h" />
    <ClInclude Include="src\mednafen\driver.h" />
    <ClInclude Include="src\mednafen\file.h" />
    <ClInclude Include="src\mednafen\general.h" />
    <ClInclude Include="src\mednafen\git.h" />
    <ClInclude Include="src\mednafen\masmem.h" />
    <ClInclude Include="src\mednafen\mednafen.h" />
    <ClInclude Include="src\mednafen\mednafen-driver.h" />
    <ClInclude Include="src\mednafen\mednafen-types.h" />
    <ClInclude Include="src\mednafen\mempatcher.h" />
    <ClInclude Include="src\mednafen\mempatcher-driver.h" />
    <ClInclude Include="src\mednafen\msvc_compat.h" />
    <ClInclude Include="src\mednafen\settings.h" />
    <ClInclude Include="src\mednafen\settings-common.h" />
    <ClInclude Include="src\mednafen\settings-driver.h" />
    <ClInclude Include="src\mednafen\state.h" />
    <ClInclude Include="src\mednafen\video.h" />
    <ClInclude Include="src\libretro.h" />
    <ClInclude Include="src\libretro-common\include\streams\file_stream.h" />
    <ClInclude Include="src\libretro-common\include\streams\file_stream_transforms.h" />
  </ItemGroup>
  <ItemGroup>
    <ClCompile Include="src\mednafen\ngp\biosHLE.cpp" />
    <ClCompile Include="src\mednafen\ngp\dma.cpp" />
    <ClCompile Include="src\mednafen\ngp\flash.cpp" />
    <ClCompile Include="src\mednafen\ngp\gfx.cpp" />
    <ClCompile Include="src\mednafen\ngp\interrupt.cpp" />
    <ClCompile Include="src\mednafen\ngp\system.cpp" />
    <ClCompile Include="src\mednafen\ngp\mem.cpp" />
    <ClCompile Include="src\mednafen\ngp\sound.cpp" />
    <ClCompile Include="src\mednafen\ngp\rom.cpp" />
    <ClCompile Include="src\mednafen\ngp\T6W28_Apu.cpp" />
    <ClCompile Include="src\mednafen\ngp\Z80_interface.cpp" />
    <ClCompile Include="src\mednafen\ngp\bios.c" />
    <ClCompile Include="src\mednafen\ngp\rtc.c" />
    <ClCompile Include="src\mednafen\ngp\TLCS-900h\TLCS900h_disassemble.c" />
    <ClCompile Include="src\mednafen\ngp\TLCS-900h\TLCS900h_disassemble_dst.c" />
    <ClCompile Include="src\mednafen\ngp\TLCS-900h\TLCS900h_disassemble_extra.c" />
    <ClCompile Include="src\mednafen\ngp\TLCS-900h\TLCS900h_disassemble_reg.c" />
    <ClCompile Include="src\mednafen\ngp\TLCS-900h\TLCS900h_disassemble_src.c" />
    <ClCompile Include="src\mednafen\ngp\TLCS-900h\TLCS900h_interpret.c" />
    <ClCompile Include="src\mednafen\ngp\TLCS-900h\TLCS900h_interpret_dst.c" />
    <ClCompile Include="src\mednafen\ngp\TLCS-900h\TLCS900h_interpret_reg.c" />
    <ClCompile Include="src\mednafen\ngp\TLCS-900h\TLCS900h_interpret_single.c" />
    <ClCompile Include="src\mednafen\ngp\TLCS-900h\TLCS900h_interpret_src.c" />
    <ClCompile Include="src\mednafen\ngp\TLCS-900h\TLCS900h_registers.c" />
    <ClCompile Include="src\mednafen\hw_cpu\z80-fuse\z80.c" />
    <ClCompile Include="src\mednafen\hw_cpu\z80-fuse\z80_ops.c" />
    <ClCompile Include="src\scrc32.c" />
    <ClCompile Include="src\mednafen\sound\Stereo_Buffer.cpp" />
    <ClCompile Include="src\mednafen\file.c" />
    <ClCompile Include="src\mednafen\mempatcher.cpp" />
    <ClCompile Include="src\mednafen\settings.c" />
    <ClCompile Include="src\mednafen\state.cpp" />
    <ClCompile Include="src\mednafen\sound\Blip_Buffer.cpp" />
    <ClCompile Include="src\libretro.cpp" />
    <ClCompile Include="src\libretro-common\streams\file_stream.c" />
    <ClCompile Include="src\libretro-common\streams\file_stream_transforms.c" />
  </ItemGroup>
</Project>