<?xml version="1.0" encoding="utf-8"?>
<Project ToolsVersion="15.0" xmlns="http://schemas.microsoft.com/developer/msbuild/2003">
  <ItemGroup>
    <Filter Include="Resource Files">
      <UniqueIdentifier>{67DA6AB6-F800-4c08-8B7A-83BB121AAD01}</UniqueIdentifier>
      <Extensions>rc;ico;cur;bmp;dlg;rc2;rct;bin;rgs;gif;jpg;jpeg;jpe;resx;tga;tiff;tif;png;wav;mfcribbon-ms</Extensions>
    </Filter>
  </ItemGroup>
  <ItemGroup>
    <ClInclude Include="targetver.h" />
    <ClInclude Include="src\mednafen\wswan\gfx.h" />
    <ClInclude Include="src\mednafen\wswan\wswan.h" />
    <ClInclude Include="src\mednafen\wswan\wswan-memory.h" />
    <ClInclude Include="src\mednafen\wswan\v30mz-private.h" />
    <ClInclude Include="src\mednafen\wswan\v30mz.h" />
    <ClInclude Include="src\mednafen\wswan\sound.h" />
    <ClInclude Include="src\mednafen\wswan\interrupt.h" />
    <ClInclude Include="src\mednafen\wswan\eeprom.h" />
    <ClInclude Include="src\mednafen\wswan\rtc.h" />
    <ClInclude Include="src\libretro-common\include\compat\msvc\stdint.h" />
    <ClInclude Include="src\libretro-common\include\compat\apple_compat.h" />
    <ClInclude Include="src\libretro-common\include\compat\fnmatch.h" />
    <ClInclude Include="src\libretro-common\include\compat\getopt.h" />
    <ClInclude Include="src\libretro-common\include\compat\ifaddrs.h" />
    <ClInclude Include="src\libretro-common\include\compat\intrinsics.h" />
    <ClInclude Include="src\libretro-common\include\compat\msvc.h" />
    <ClInclude Include="src\libretro-common\include\compat\posix_string.h" />
    <ClInclude Include="src\libretro-common\include\compat\strcasestr.h" />
    <ClInclude Include="src\libretro-common\include\compat\strl.h" />
    <ClInclude Include="src\libretro-common\include\boolean.h" />
    <ClInclude Include="src\libretro-common\include\retro_common.h" />
    <ClInclude Include="src\libretro-common\include\retro_common_api.h" />
    <ClInclude Include="src\libretro-common\include\retro_inline.h" />
    <ClInclude Include="src\libretro-common\include\retro_miscellaneous.h" />
    <ClInclude Include="src\libretro-common\include\retro_stat.h" />
    <ClInclude Include="src\mednafen\include\blip\Blip_Buffer.h" />
    <ClInclude Include="src\mednafen\include\blargg_common.h" />
    <ClInclude Include="src\mednafen\include\blargg_config.h" />
    <ClInclude Include="src\mednafen\include\blargg_endian.h" />
    <ClInclude Include="src\mednafen\include\blargg_source.h" />
    <ClInclude Include="src\mednafen\settings.h" />
    <ClInclude Include="src\mednafen\state.h" />
    <ClInclude Include="src\mednafen\settings-common.h" />
    <ClInclude Include="src\mednafen\settings-driver.h" />
    <ClInclude Include="src\mednafen\video.h" />
    <ClInclude Include="src\mednafen\mempatcher.h" />
    <ClInclude Include="src\mednafen\driver.h" />
    <ClInclude Include="src\mednafen\git.h" />
    <ClInclude Include="src\mednafen\masmem.h" />
    <ClInclude Include="src\mednafen\mednafen.h" />
    <ClInclude Include="src\mednafen\mednafen-driver.h" />
    <ClInclude Include="src\mednafen\mednafen-types.h" />
    <ClInclude Include="src\mednafen\mempatcher-driver.h" />
    <ClInclude Include="src\mednafen\msvc_compat.h" />
    <ClInclude Include="src\libretro.h" />
    <ClInclude Include="src\libretro-common\include\libretro.h" />
    <ClInclude Include="src\libretro-common\include\retro_environment.h" />
    <ClInclude Include="src\libretro-common\include\retro_math.h" />
  </ItemGroup>
  <ItemGroup>
    <ClCompile Include="src\mednafen\wswan\gfx.cpp" />
    <ClCompile Include="src\mednafen\wswan\wswan-memory.cpp" />
    <ClCompile Include="src\mednafen\wswan\v30mz.cpp" />
    <ClCompile Include="src\mednafen\wswan\sound.cpp" />
    <ClCompile Include="src\mednafen\wswan\tcache.cpp" />
    <ClCompile Include="src\mednafen\wswan\interrupt.cpp" />
    <ClCompile Include="src\mednafen\wswan\eeprom.cpp" />
    <ClCompile Include="src\mednafen\wswan\rtc.cpp" />
    <ClCompile Include="src\mednafen\sound\Blip_Buffer.cpp" />
    <ClCompile Include="src\mednafen\settings.cpp" />
    <ClCompile Include="src\mednafen\state.cpp" />
    <ClCompile Include="src\mednafen\mempatcher.cpp" />
    <ClCompile Include="src\libretro.cpp" />
    <ClCompile Include="src\libretro-common\compat\compat_snprintf.c" />
    <ClCompile Include="src\libretro-common\compat\compat_strl.c" />
  </ItemGroup>
</Project>