<?xml version="1.0" encoding="utf-8"?>
<Project ToolsVersion="15.0" xmlns="http://schemas.microsoft.com/developer/msbuild/2003">
  <ItemGroup>
    <Filter Include="Resources">
      <UniqueIdentifier>8aa4f6ce-2516-4c60-b517-94a55fd2e459</UniqueIdentifier>
      <Extensions>rc;ico;cur;bmp;dlg;rc2;rct;bin;rgs;gif;jpg;jpeg;jpe;resx;tga;tiff;tif;png;wav;mfcribbon-ms</Extensions>
    </Filter>
  </ItemGroup>
  <ItemGroup>
    <ClCompile Include="pch.cpp" />
    <ClCompile Include="BeetlePCEFastCore.cpp" />
    <ClCompile Include="BeetlePCEFastCoreInternal.cpp" />
  </ItemGroup>
  <ItemGroup>
    <ClInclude Include="BeetlePCEFastCore.h" />
    <ClInclude Include="BeetlePCEFastCoreInternal.h" />
  </ItemGroup>
</Project>