<?xml version="1.0" encoding="utf-8"?>
<Project ToolsVersion="15.0" xmlns="http://schemas.microsoft.com/developer/msbuild/2003">
  <ItemGroup>
    <Filter Include="Resource Files">
      <UniqueIdentifier>{67DA6AB6-F800-4c08-8B7A-83BB121AAD01}</UniqueIdentifier>
      <Extensions>rc;ico;cur;bmp;dlg;rc2;rct;bin;rgs;gif;jpg;jpeg;jpe;resx;tga;tiff;tif;png;wav;mfcribbon-ms</Extensions>
    </Filter>
  </ItemGroup>
  <ItemGroup>
    <ClInclude Include="targetver.h" />
    <ClInclude Include="src\src\dep\libs\zlib\crc32.h" />
    <ClInclude Include="src\src\dep\libs\zlib\deflate.h" />
    <ClInclude Include="src\src\dep\libs\zlib\gzguts.h" />
    <ClInclude Include="src\src\dep\libs\zlib\inffast.h" />
    <ClInclude Include="src\src\dep\libs\zlib\inffixed.h" />
    <ClInclude Include="src\src\dep\libs\zlib\inflate.h" />
    <ClInclude Include="src\src\dep\libs\zlib\inftrees.h" />
    <ClInclude Include="src\src\dep\libs\zlib\trees.h" />
    <ClInclude Include="src\src\dep\libs\zlib\zconf.h" />
    <ClInclude Include="src\src\dep\libs\zlib\zlib.h" />
    <ClInclude Include="src\src\dep\libs\zlib\zutil.h" />
    <ClInclude Include="src\src\burner\libretro\bind_map.h" />
    <ClInclude Include="src\src\burner\libretro\burn_endian.h" />
    <ClInclude Include="src\src\burner\libretro\burn_libretro_opts.h" />
    <ClInclude Include="src\src\burner\libretro\burner_libretro.h" />
    <ClInclude Include="src\src\burner\libretro\libretro.h" />
    <ClInclude Include="src\src\burner\libretro\libretro_private.h" />
    <ClInclude Include="src\src\burner\libretro\net.h" />
    <ClInclude Include="src\src\burner\libretro\tchar.h" />
    <ClInclude Include="src\src\burner\burner.h" />
    <ClInclude Include="src\src\burner\gameinp.h" />
    <ClInclude Include="src\src\burner\ioapi.h" />
    <ClInclude Include="src\src\burner\neocdlist.h" />
    <ClInclude Include="src\src\burner\title.h" />
    <ClInclude Include="src\src\burner\unzip.h" />
    <ClInclude Include="src\src\cpu\adsp2100\adsp2100.h" />
    <ClInclude Include="src\src\cpu\adsp2100\adsp2100_defs.h" />
    <ClInclude Include="src\src\cpu\adsp2100\cpuintrf.h" />
    <ClInclude Include="src\src\cpu\arm7\arm7core.h" />
    <ClInclude Include="src\src\cpu\h6280\h6280.h" />
    <ClInclude Include="src\src\cpu\h6280\h6280ops.h" />
    <ClInclude Include="src\src\cpu\hd6309\hd6309.h" />
    <ClInclude Include="src\src\cpu\i8039\i8039.h" />
    <ClInclude Include="src\src\cpu\i8051\mcs51.h" />
    <ClInclude Include="src\src\cpu\konami\konami.h" />
    <ClInclude Include="src\src\cpu\m68k\m68k.h" />
    <ClInclude Include="src\src\cpu\m68k\m68kconf.h" />
    <ClInclude Include="src\src\cpu\m68k\m68kcpu.h" />
    <ClInclude Include="src\src\cpu\m68k\m68kops.h" />
    <ClInclude Include="src\src\cpu\m6502\ill02.h" />
    <ClInclude Include="src\src\cpu\m6502\m6502.h" />
    <ClInclude Include="src\src\cpu\m6502\ops02.h" />
    <ClInclude Include="src\src\cpu\m6502\opsc02.h" />
    <ClInclude Include="src\src\cpu\m6502\opsn2a03.h" />
    <ClInclude Include="src\src\cpu\m6800\m6800.h" />
    <ClInclude Include="src\src\cpu\m6805\m6805.h" />
    <ClInclude Include="src\src\cpu\m6809\m6809.h" />
    <ClInclude Include="src\src\cpu\mips3\x64\xbyak\xbyak.h" />
    <ClInclude Include="src\src\cpu\mips3\x64\xbyak\xbyak_bin2hex.h" />
    <ClInclude Include="src\src\cpu\mips3\x64\xbyak\xbyak_mnemonic.h" />
    <ClInclude Include="src\src\cpu\mips3\x64\xbyak\xbyak_util.h" />
    <ClInclude Include="src\src\cpu\mips3\x64\mips3_x64.h" />
    <ClInclude Include="src\src\cpu\mips3\x64\mips3_x64_arithm.h" />
    <ClInclude Include="src\src\cpu\mips3\x64\mips3_x64_bitops.h" />
    <ClInclude Include="src\src\cpu\mips3\x64\mips3_x64_branch.h" />
    <ClInclude Include="src\src\cpu\mips3\x64\mips3_x64_cop0.h" />
    <ClInclude Include="src\src\cpu\mips3\x64\mips3_x64_cop1.h" />
    <ClInclude Include="src\src\cpu\mips3\x64\mips3_x64_defs.h" />
    <ClInclude Include="src\src\cpu\mips3\x64\mips3_x64_misc.h" />
    <ClInclude Include="src\src\cpu\mips3\x64\mips3_x64_rw.h" />
    <ClInclude Include="src\src\cpu\mips3\x64\mips3_x64_shift.h" />
    <ClInclude Include="src\src\cpu\mips3\mips3.h" />
    <ClInclude Include="src\src\cpu\mips3\mips3_arithm.h" />
    <ClInclude Include="src\src\cpu\mips3\mips3_bitops.h" />
    <ClInclude Include="src\src\cpu\mips3\mips3_branch.h" />
    <ClInclude Include="src\src\cpu\mips3\mips3_common.h" />
    <ClInclude Include="src\src\cpu\mips3\mips3_memory.h" />
    <ClInclude Include="src\src\cpu\mips3\mips3_misc.h" />
    <ClInclude Include="src\src\cpu\mips3\mips3_rw.h" />
    <ClInclude Include="src\src\cpu\mips3\mips3_shift.h" />
    <ClInclude Include="src\src\cpu\mips3\mipsdef.h" />
    <ClInclude Include="src\src\cpu\nec\nec.h" />
    <ClInclude Include="src\src\cpu\nec\necea.h" />
    <ClInclude Include="src\src\cpu\nec\necinstr.h" />
    <ClInclude Include="src\src\cpu\nec\necmacro.h" />
    <ClInclude Include="src\src\cpu\nec\necmodrm.h" />
    <ClInclude Include="src\src\cpu\nec\necpriv.h" />
    <ClInclude Include="src\src\cpu\nec\v25instr.h" />
    <ClInclude Include="src\src\cpu\nec\v25priv.h" />
    <ClInclude Include="src\src\cpu\pic16c5x\pic16c5x.h" />
    <ClInclude Include="src\src\cpu\s2650\s2650.h" />
    <ClInclude Include="src\src\cpu\tms32010\tms32010.h" />
    <ClInclude Include="src\src\cpu\tms34010\tms34010.h" />
    <ClInclude Include="src\src\cpu\tms34010\tms34010_arithm.h" />
    <ClInclude Include="src\src\cpu\tms34010\tms34010_ctrl.h" />
    <ClInclude Include="src\src\cpu\tms34010\tms34010_defs.h" />
    <ClInclude Include="src\src\cpu\tms34010\tms34010_gfx.h" />
    <ClInclude Include="src\src\cpu\tms34010\tms34010_jump.h" />
    <ClInclude Include="src\src\cpu\tms34010\tms34010_memacc.h" />
    <ClInclude Include="src\src\cpu\tms34010\tms34010_mov.h" />
    <ClInclude Include="src\src\cpu\tms34010\tms34010_shift.h" />
    <ClInclude Include="src\src\cpu\upd7725\upd7725.h" />
    <ClInclude Include="src\src\cpu\upd7810\upd7810.h" />
    <ClInclude Include="src\src\cpu\v60\v60.h" />
    <ClInclude Include="src\src\cpu\z80\z80.h" />
    <ClInclude Include="src\src\cpu\z80\z80daisy.h" />
    <ClInclude Include="src\src\cpu\adsp2100_intf.h" />
    <ClInclude Include="src\src\cpu\arm_intf.h" />
    <ClInclude Include="src\src\cpu\arm7_intf.h" />
    <ClInclude Include="src\src\cpu\h6280_intf.h" />
    <ClInclude Include="src\src\cpu\hd6309_intf.h" />
    <ClInclude Include="src\src\cpu\konami_intf.h" />
    <ClInclude Include="src\src\cpu\m6502_intf.h" />
    <ClInclude Include="src\src\cpu\m6800_intf.h" />
    <ClInclude Include="src\src\cpu\m6805_intf.h" />
    <ClInclude Include="src\src\cpu\m6809_intf.h" />
    <ClInclude Include="src\src\cpu\m68000_debug.h" />
    <ClInclude Include="src\src\cpu\m68000_intf.h" />
    <ClInclude Include="src\src\cpu\mips3_intf.h" />
    <ClInclude Include="src\src\cpu\nec_intf.h" />
    <ClInclude Include="src\src\cpu\pic16c5x_intf.h" />
    <ClInclude Include="src\src\cpu\s2650_intf.h" />
    <ClInclude Include="src\src\cpu\sh2_intf.h" />
    <ClInclude Include="src\src\cpu\tlcs90_intf.h" />
    <ClInclude Include="src\src\cpu\tms34010_intf.h" />
    <ClInclude Include="src\src\cpu\upd7810_intf.h" />
    <ClInclude Include="src\src\cpu\v60_intf.h" />
    <ClInclude Include="src\src\cpu\z80_intf.h" />
  </ItemGroup>
  <ItemGroup>
    <ClCompile Include="src\src\dep\libs\zlib\adler32.c" />
    <ClCompile Include="src\src\dep\libs\zlib\compress.c" />
    <ClCompile Include="src\src\dep\libs\zlib\crc32.c" />
    <ClCompile Include="src\src\dep\libs\zlib\deflate.c" />
    <ClCompile Include="src\src\dep\libs\zlib\gzclose.c" />
    <ClCompile Include="src\src\dep\libs\zlib\gzlib.c" />
    <ClCompile Include="src\src\dep\libs\zlib\gzread.c" />
    <ClCompile Include="src\src\dep\libs\zlib\gzwrite.c" />
    <ClCompile Include="src\src\dep\libs\zlib\infback.c" />
    <ClCompile Include="src\src\dep\libs\zlib\inffast.c" />
    <ClCompile Include="src\src\dep\libs\zlib\inflate.c" />
    <ClCompile Include="src\src\dep\libs\zlib\inftrees.c" />
    <ClCompile Include="src\src\dep\libs\zlib\trees.c" />
    <ClCompile Include="src\src\dep\libs\zlib\uncompr.c" />
    <ClCompile Include="src\src\dep\libs\zlib\zutil.c" />
    <ClCompile Include="src\src\burner\libretro\bind_map.cpp" />
    <ClCompile Include="src\src\burner\libretro\gamc.cpp" />
    <ClCompile Include="src\src\burner\libretro\gami.cpp" />
    <ClCompile Include="src\src\burner\libretro\libretro.cpp" />
    <ClCompile Include="src\src\burner\libretro\neocdlist.cpp" />
    <ClCompile Include="src\src\burner\ioapi.c" />
    <ClCompile Include="src\src\burner\statec.cpp" />
    <ClCompile Include="src\src\burner\unzip.c" />
    <ClCompile Include="src\src\burner\zipfn.cpp" />
    <ClCompile Include="src\src\cpu\a68k\mips\fba_make68k.c" />
    <ClCompile Include="src\src\cpu\a68k\fba_make68k.c" />
    <ClCompile Include="src\src\cpu\adsp2100\2100dasm.cpp" />
    <ClCompile Include="src\src\cpu\adsp2100\adsp2100.cpp" />
    <ClCompile Include="src\src\cpu\arm\arm.cpp" />
    <ClCompile Include="src\src\cpu\arm7\arm7.cpp" />
    <ClCompile Include="src\src\cpu\h6280\h6280.cpp" />
    <ClCompile Include="src\src\cpu\hd6309\hd6309.cpp" />
    <ClCompile Include="src\src\cpu\i8039\i8039.cpp" />
    <ClCompile Include="src\src\cpu\i8051\mcs51.cpp" />
    <ClCompile Include="src\src\cpu\konami\konami.cpp" />
    <ClCompile Include="src\src\cpu\m68k\m68kcpu.c" />
    <ClCompile Include="src\src\cpu\m68k\m68kops.c" />
    <ClCompile Include="src\src\cpu\m6502\m6502.cpp" />
    <ClCompile Include="src\src\cpu\m6800\m6800.cpp" />
    <ClCompile Include="src\src\cpu\m6805\m6805.cpp" />
    <ClCompile Include="src\src\cpu\m6809\m6809.cpp" />
    <ClCompile Include="src\src\cpu\mips3\x64\mips3_x64.cpp" />
    <ClCompile Include="src\src\cpu\mips3\cop0.cpp" />
    <ClCompile Include="src\src\cpu\mips3\cop1.cpp" />
    <ClCompile Include="src\src\cpu\mips3\mips3.cpp" />
    <ClCompile Include="src\src\cpu\nec\nec.cpp" />
    <ClCompile Include="src\src\cpu\nec\v25.cpp" />
    <ClCompile Include="src\src\cpu\pic16c5x\pic16c5x.cpp" />
    <ClCompile Include="src\src\cpu\s2650\s2650.cpp" />
    <ClCompile Include="src\src\cpu\sh2\sh2.cpp" />
    <ClCompile Include="src\src\cpu\tlcs90\tlcs90.cpp" />
    <ClCompile Include="src\src\cpu\tms32010\tms32010.cpp" />
    <ClCompile Include="src\src\cpu\tms34010\tms34010.cpp" />
    <ClCompile Include="src\src\cpu\tms34010\tms34010_optable.cpp" />
    <ClCompile Include="src\src\cpu\upd7725\upd7725.cpp" />
    <ClCompile Include="src\src\cpu\upd7810\7810dasm.c" />
    <ClCompile Include="src\src\cpu\upd7810\upd7810.cpp" />
    <ClCompile Include="src\src\cpu\v60\v60.cpp" />
    <ClCompile Include="src\src\cpu\z80\z80.cpp" />
    <ClCompile Include="src\src\cpu\z80\z80daisy.cpp" />
    <ClCompile Include="src\src\cpu\adsp2100_intf.cpp" />
    <ClCompile Include="src\src\cpu\arm_intf.cpp" />
    <ClCompile Include="src\src\cpu\arm7_intf.cpp" />
    <ClCompile Include="src\src\cpu\h6280_intf.cpp" />
    <ClCompile Include="src\src\cpu\hd6309_intf.cpp" />
    <ClCompile Include="src\src\cpu\konami_intf.cpp" />
    <ClCompile Include="src\src\cpu\m6502_intf.cpp" />
    <ClCompile Include="src\src\cpu\m6800_intf.cpp" />
    <ClCompile Include="src\src\cpu\m6805_intf.cpp" />
    <ClCompile Include="src\src\cpu\m6809_intf.cpp" />
    <ClCompile Include="src\src\cpu\m68000_intf.cpp" />
    <ClCompile Include="src\src\cpu\mips3_intf.cpp" />
    <ClCompile Include="src\src\cpu\nec_intf.cpp" />
    <ClCompile Include="src\src\cpu\pic16c5x_intf.cpp" />
    <ClCompile Include="src\src\cpu\s2650_intf.cpp" />
    <ClCompile Include="src\src\cpu\tlcs90_intf.cpp" />
    <ClCompile Include="src\src\cpu\tms34010_intf.cpp" />
    <ClCompile Include="src\src\cpu\z80_intf.cpp" />
  </ItemGroup>
  <ItemGroup>
    <None Include="src\src\cpu\a68k\mips\a68ktbl.inc" />
  </ItemGroup>
</Project>