<?xml version="1.0" encoding="utf-8"?>
<Project ToolsVersion="15.0" xmlns="http://schemas.microsoft.com/developer/msbuild/2003">
  <ItemGroup>
    <Filter Include="Resource Files">
      <UniqueIdentifier>{67DA6AB6-F800-4c08-8B7A-83BB121AAD01}</UniqueIdentifier>
      <Extensions>rc;ico;cur;bmp;dlg;rc2;rct;bin;rgs;gif;jpg;jpeg;jpe;resx;tga;tiff;tif;png;wav;mfcribbon-ms</Extensions>
    </Filter>
  </ItemGroup>
  <ItemGroup>
    <ClCompile Include="src\libretro\libretro.c" />
    <ClCompile Include="src\libretro\scrc32.c" />
    <ClCompile Include="src\core\cart_hw\svp\ssp16.c" />
    <ClCompile Include="src\core\cart_hw\svp\svp.c" />
    <ClCompile Include="src\core\cart_hw\areplay.c" />
    <ClCompile Include="src\core\cart_hw\eeprom_93c.c" />
    <ClCompile Include="src\core\cart_hw\eeprom_i2c.c" />
    <ClCompile Include="src\core\cart_hw\eeprom_spi.c" />
    <ClCompile Include="src\core\cart_hw\ggenie.c" />
    <ClCompile Include="src\core\cart_hw\md_cart.c" />
    <ClCompile Include="src\core\cart_hw\sms_cart.c" />
    <ClCompile Include="src\core\cart_hw\sram.c" />
    <ClCompile Include="src\core\cd_hw\cd_cart.c" />
    <ClCompile Include="src\core\cd_hw\cdc.c" />
    <ClCompile Include="src\core\cd_hw\cdd.c" />
    <ClCompile Include="src\core\cd_hw\gfx.c" />
    <ClCompile Include="src\core\cd_hw\pcm.c" />
    <ClCompile Include="src\core\cd_hw\scd.c" />
    <ClCompile Include="src\core\input_hw\activator.c" />
    <ClCompile Include="src\core\input_hw\gamepad.c" />
    <ClCompile Include="src\core\input_hw\graphic_board.c" />
    <ClCompile Include="src\core\input_hw\input.c" />
    <ClCompile Include="src\core\input_hw\lightgun.c" />
    <ClCompile Include="src\core\input_hw\mouse.c" />
    <ClCompile Include="src\core\input_hw\paddle.c" />
    <ClCompile Include="src\core\input_hw\sportspad.c" />
    <ClCompile Include="src\core\input_hw\teamplayer.c" />
    <ClCompile Include="src\core\input_hw\terebi_oekaki.c" />
    <ClCompile Include="src\core\input_hw\xe_1ap.c" />
    <ClCompile Include="src\core\m68k\m68kcpu.c" />
    <ClCompile Include="src\core\m68k\s68kcpu.c" />
    <ClCompile Include="src\core\ntsc\md_ntsc.c" />
    <ClCompile Include="src\core\ntsc\sms_ntsc.c" />
    <ClCompile Include="src\core\sound\blip_buf.c" />
    <ClCompile Include="src\core\sound\eq.c" />
    <ClCompile Include="src\core\sound\psg.c" />
    <ClCompile Include="src\core\sound\sound.c" />
    <ClCompile Include="src\core\sound\ym2413.c" />
    <ClCompile Include="src\core\sound\ym2612.c" />
    <ClCompile Include="src\core\tremor\bitwise.c" />
    <ClCompile Include="src\core\tremor\block.c" />
    <ClCompile Include="src\core\tremor\codebook.c" />
    <ClCompile Include="src\core\tremor\floor0.c" />
    <ClCompile Include="src\core\tremor\floor1.c" />
    <ClCompile Include="src\core\tremor\framing.c" />
    <ClCompile Include="src\core\tremor\info.c" />
    <ClCompile Include="src\core\tremor\mapping0.c" />
    <ClCompile Include="src\core\tremor\mdct.c" />
    <ClCompile Include="src\core\tremor\registry.c" />
    <ClCompile Include="src\core\tremor\res012.c" />
    <ClCompile Include="src\core\tremor\sharedbook.c" />
    <ClCompile Include="src\core\tremor\synthesis.c" />
    <ClCompile Include="src\core\tremor\vorbisfile.c" />
    <ClCompile Include="src\core\tremor\window.c" />
    <ClCompile Include="src\core\z80\z80.c" />
    <ClCompile Include="src\core\genesis.c" />
    <ClCompile Include="src\core\io_ctrl.c" />
    <ClCompile Include="src\core\loadrom.c" />
    <ClCompile Include="src\core\mem68k.c" />
    <ClCompile Include="src\core\membnk.c" />
    <ClCompile Include="src\core\memz80.c" />
    <ClCompile Include="src\core\state.c" />
    <ClCompile Include="src\core\system.c" />
    <ClCompile Include="src\core\vdp_ctrl.c" />
    <ClCompile Include="src\core\vdp_render.c" />
    <ClCompile Include="src\libretro-common\memmap\memmap.c" />
    <ClCompile Include="..\LibretroRT_Tools\file_stream.cpp" />
  </ItemGroup>
  <ItemGroup>
    <ClInclude Include="targetver.h" />
    <ClInclude Include="src\libretro\osd.h" />
    <ClInclude Include="src\libretro\scrc32.h" />
    <ClInclude Include="src\core\cart_hw\svp\ssp16.h" />
    <ClInclude Include="src\core\cart_hw\svp\svp.h" />
    <ClInclude Include="src\core\cart_hw\areplay.h" />
    <ClInclude Include="src\core\cart_hw\eeprom_93c.h" />
    <ClInclude Include="src\core\cart_hw\eeprom_i2c.h" />
    <ClInclude Include="src\core\cart_hw\eeprom_spi.h" />
    <ClInclude Include="src\core\cart_hw\ggenie.h" />
    <ClInclude Include="src\core\cart_hw\md_cart.h" />
    <ClInclude Include="src\core\cart_hw\sms_cart.h" />
    <ClInclude Include="src\core\cart_hw\sram.h" />
    <ClInclude Include="src\core\cd_hw\cd_cart.h" />
    <ClInclude Include="src\core\cd_hw\cdc.h" />
    <ClInclude Include="src\core\cd_hw\cdd.h" />
    <ClInclude Include="src\core\cd_hw\gfx.h" />
    <ClInclude Include="src\core\cd_hw\pcm.h" />
    <ClInclude Include="src\core\cd_hw\scd.h" />
    <ClInclude Include="src\core\input_hw\activator.h" />
    <ClInclude Include="src\core\input_hw\gamepad.h" />
    <ClInclude Include="src\core\input_hw\graphic_board.h" />
    <ClInclude Include="src\core\input_hw\input.h" />
    <ClInclude Include="src\core\input_hw\lightgun.h" />
    <ClInclude Include="src\core\input_hw\mouse.h" />
    <ClInclude Include="src\core\input_hw\paddle.h" />
    <ClInclude Include="src\core\input_hw\sportspad.h" />
    <ClInclude Include="src\core\input_hw\teamplayer.h" />
    <ClInclude Include="src\core\input_hw\terebi_oekaki.h" />
    <ClInclude Include="src\core\input_hw\xe_1ap.h" />
    <ClInclude Include="src\core\m68k\m68k.h" />
    <ClInclude Include="src\core\m68k\m68kconf.h" />
    <ClInclude Include="src\core\m68k\m68kcpu.h" />
    <ClInclude Include="src\core\m68k\m68ki_cycles.h" />
    <ClInclude Include="src\core\m68k\m68ki_instruction_jump_table.h" />
    <ClInclude Include="src\core\m68k\m68kops.h" />
    <ClInclude Include="src\core\m68k\s68kconf.h" />
    <ClInclude Include="src\core\m68k\s68ki_cycles.h" />
    <ClInclude Include="src\core\ntsc\md_ntsc.h" />
    <ClInclude Include="src\core\ntsc\md_ntsc_config.h" />
    <ClInclude Include="src\core\ntsc\md_ntsc_impl.h" />
    <ClInclude Include="src\core\ntsc\sms_ntsc.h" />
    <ClInclude Include="src\core\ntsc\sms_ntsc_config.h" />
    <ClInclude Include="src\core\ntsc\sms_ntsc_impl.h" />
    <ClInclude Include="src\core\sound\blip_buf.h" />
    <ClInclude Include="src\core\sound\eq.h" />
    <ClInclude Include="src\core\sound\psg.h" />
    <ClInclude Include="src\core\sound\sound.h" />
    <ClInclude Include="src\core\sound\ym2413.h" />
    <ClInclude Include="src\core\sound\ym2612.h" />
    <ClInclude Include="src\core\tremor\asm_arm.h" />
    <ClInclude Include="src\core\tremor\backends.h" />
    <ClInclude Include="src\core\tremor\block.h" />
    <ClInclude Include="src\core\tremor\codebook.h" />
    <ClInclude Include="src\core\tremor\codec_internal.h" />
    <ClInclude Include="src\core\tremor\config_types.h" />
    <ClInclude Include="src\core\tremor\ivorbiscodec.h" />
    <ClInclude Include="src\core\tremor\ivorbisfile.h" />
    <ClInclude Include="src\core\tremor\lsp_lookup.h" />
    <ClInclude Include="src\core\tremor\mdct.h" />
    <ClInclude Include="src\core\tremor\mdct_lookup.h" />
    <ClInclude Include="src\core\tremor\misc.h" />
    <ClInclude Include="src\core\tremor\ogg.h" />
    <ClInclude Include="src\core\tremor\os.h" />
    <ClInclude Include="src\core\tremor\os_types.h" />
    <ClInclude Include="src\core\tremor\registry.h" />
    <ClInclude Include="src\core\tremor\window.h" />
    <ClInclude Include="src\core\tremor\window_lookup.h" />
    <ClInclude Include="src\core\z80\osd_cpu.h" />
    <ClInclude Include="src\core\z80\z80.h" />
    <ClInclude Include="src\core\genesis.h" />
    <ClInclude Include="src\core\hvc.h" />
    <ClInclude Include="src\core\io_ctrl.h" />
    <ClInclude Include="src\core\loadrom.h" />
    <ClInclude Include="src\core\macros.h" />
    <ClInclude Include="src\core\mem68k.h" />
    <ClInclude Include="src\core\membnk.h" />
    <ClInclude Include="src\core\memz80.h" />
    <ClInclude Include="src\core\shared.h" />
    <ClInclude Include="src\core\state.h" />
    <ClInclude Include="src\core\system.h" />
    <ClInclude Include="src\core\types.h" />
    <ClInclude Include="src\core\vdp_ctrl.h" />
    <ClInclude Include="src\core\vdp_render.h" />
    <ClInclude Include="src\libretro\libretro.h" />
    <ClInclude Include="src\libretro-common\include\streams\file_stream.h" />
    <ClInclude Include="src\libretro-common\include\boolean.h" />
    <ClInclude Include="src\libretro-common\include\memmap.h" />
    <ClInclude Include="src\libretro-common\include\retro_common.h" />
    <ClInclude Include="src\libretro-common\include\retro_common_api.h" />
    <ClInclude Include="src\libretro-common\include\retro_miscellaneous.h" />
    <ClInclude Include="src\libretro-common\include\retro_inline.h" />
    <ClInclude Include="src\libretro-common\include\streams\file_stream_transforms.h" />
  </ItemGroup>
</Project>